
Microsoft Visual Studio Solution File, Format Version 12.00
# Visual Studio Version 17
VisualStudioVersion = 17.7.34221.43
MinimumVisualStudioVersion = 10.0.40219.1
Project("{9A19103F-16F7-4668-BE54-9A1E7A4F7556}") = "XUnitTestSample", "XUnitTestSample\XUnitTestSample.csproj", "{3BAEAD1D-B5C3-4452-8B96-B643835DA998}"
EndProject
Project("{9A19103F-16F7-4668-BE54-9A1E7A4F7556}") = "DISample", "DISample\DISample.csproj", "{73FF27C2-DDC3-45A8-926A-EB89ABF53BCD}"
EndProject
Project("{2150E333-8FDC-42A3-9474-1A3956D46DE8}") = "HostedService", "HostedService", "{18A66334-599D-4740-9E8D-86AD0799DC7E}"
EndProject
Project("{9A19103F-16F7-4668-BE54-9A1E7A4F7556}") = "EmptyWorker", "HostedService\EmptyWorker\EmptyWorker.csproj", "{E30AAF61-3054-4557-8049-DB54EE15F4B9}"
EndProject
Project("{2150E333-8FDC-42A3-9474-1A3956D46DE8}") = "Timer", "Timer", "{88503AF2-B447-4DCB-9EEC-7BFD060D532C}"
EndProject
Project("{9A19103F-16F7-4668-BE54-9A1E7A4F7556}") = "SystemTimer", "Timer\SystemTimer\SystemTimer.csproj", "{E8161CE4-1535-4630-A1EC-A03B2E2A2EAE}"
EndProject
Project("{9A19103F-16F7-4668-BE54-9A1E7A4F7556}") = "ThreadTimer", "Timer\ThreadTimer\ThreadTimer.csproj", "{ED215A18-2B85-45FB-8879-3ADE61BE49D5}"
EndProject
Project("{2150E333-8FDC-42A3-9474-1A3956D46DE8}") = "Configuration", "Configuration", "{6140EE31-9271-4D28-A5A3-9521F01D5BD1}"
EndProject
Project("{9A19103F-16F7-4668-BE54-9A1E7A4F7556}") = "ConsoleConfiguration", "Configuration\ConsoleConfiguration\ConsoleConfiguration.csproj", "{ADB78CCE-F859-41EF-896D-3759783465E9}"
EndProject
Project("{2150E333-8FDC-42A3-9474-1A3956D46DE8}") = "Task", "Task", "{97E8AA03-D5F5-44A6-8BF0-D6EF68653C20}"
EndProject
Project("{9A19103F-16F7-4668-BE54-9A1E7A4F7556}") = "TaskAndEvent", "Task\TaskAndEvent\TaskAndEvent.csproj", "{F4C6E471-3D63-4852-AD2B-8679533942AC}"
EndProject
Project("{9A19103F-16F7-4668-BE54-9A1E7A4F7556}") = "TaskAndEventInWPF", "Task\TaskAndEventInWPF\TaskAndEventInWPF.csproj", "{0ADEB9A3-0964-4AAB-9399-A72C10B46C49}"
EndProject
Project("{2150E333-8FDC-42A3-9474-1A3956D46DE8}") = "Process", "Process", "{8B798FFD-C7A3-4488-B9DC-68032F34026F}"
EndProject
Project("{9A19103F-16F7-4668-BE54-9A1E7A4F7556}") = "StartProcess", "Process\StartProcess\StartProcess.csproj", "{00A04A96-C8CB-423E-BB8F-8B7FD4B43B9E}"
EndProject
Project("{9A19103F-16F7-4668-BE54-9A1E7A4F7556}") = "StartProcessUsingShell", "Process\StartProcessUsingShell\StartProcessUsingShell.csproj", "{D104EF2E-5033-47DF-A46C-73652497C5FF}"
EndProject
Project("{2150E333-8FDC-42A3-9474-1A3956D46DE8}") = "GC", "GC", "{6B3227FC-C7F4-4E4B-B1E2-52E495FA6F24}"
EndProject
Project("{9A19103F-16F7-4668-BE54-9A1E7A4F7556}") = "KeepAlive", "GC\KeepAlive\KeepAlive.csproj", "{11AEA1F2-211C-4A31-A75E-7EBE096EB88E}"
EndProject
Project("{9A19103F-16F7-4668-BE54-9A1E7A4F7556}") = "Finalizer", "GC\Finalizer\Finalizer.csproj", "{B7AE256E-BE19-44EC-979A-BFC97B058E67}"
EndProject
Project("{9A19103F-16F7-4668-BE54-9A1E7A4F7556}") = "Disposable", "GC\Disposable\Disposable.csproj", "{E057FAAB-3936-45F5-87EE-5A557FB9502B}"
EndProject
Project("{9A19103F-16F7-4668-BE54-9A1E7A4F7556}") = "WebHostNet5", "HostedService\WebHostNet5\WebHostNet5.csproj", "{2E15B56B-9FAC-4988-904B-71EF7135CFC1}"
EndProject
Project("{2150E333-8FDC-42A3-9474-1A3956D46DE8}") = "GRpc", "GRpc", "{DAB02522-56A0-462D-89B7-854985E57B07}"
EndProject
Project("{9A19103F-16F7-4668-BE54-9A1E7A4F7556}") = "AsyncDisposable", "GC\AsyncDisposable\AsyncDisposable.csproj", "{21CDD863-5E35-4F2A-B14D-B16D15B40CA9}"
EndProject
Project("{2150E333-8FDC-42A3-9474-1A3956D46DE8}") = "Enumeration", "Enumeration", "{4FB99D76-5293-4428-9450-9213351ED9BC}"
EndProject
Project("{9A19103F-16F7-4668-BE54-9A1E7A4F7556}") = "Enumerable", "Enumeration\Enumerable\Enumerable.csproj", "{4CA9BC1E-6368-401A-9128-E8FD490232D2}"
EndProject
Project("{9A19103F-16F7-4668-BE54-9A1E7A4F7556}") = "AsyncEnumeration", "Enumeration\AsyncEnumeration\AsyncEnumeration.csproj", "{87D7A290-4D7E-4CAA-B669-F89A6AF0AC0C}"
EndProject
Project("{2150E333-8FDC-42A3-9474-1A3956D46DE8}") = "Logging", "Logging", "{599EC204-AA11-47D0-BC6D-E37F71486D91}"
EndProject
Project("{9A19103F-16F7-4668-BE54-9A1E7A4F7556}") = "LogProvider", "Logging\LogProvider\LogProvider.csproj", "{41DB2289-20A6-4F69-9D50-9F71186DE790}"
EndProject
Project("{2150E333-8FDC-42A3-9474-1A3956D46DE8}") = "Tracing", "Tracing", "{0B1FC8EE-951B-4732-9D14-9BAEC12F781B}"
EndProject
Project("{9A19103F-16F7-4668-BE54-9A1E7A4F7556}") = "MyLib", "Tracing\MyLib\MyLib.csproj", "{72AF8B02-C9A3-48DD-A996-D19F72D29E33}"
EndProject
Project("{9A19103F-16F7-4668-BE54-9A1E7A4F7556}") = "OpenTelemetryConsole", "Tracing\OpenTelemetryConsole\OpenTelemetryConsole.csproj", "{A48340B9-2D91-43F6-826B-3CDC0040059B}"
EndProject
Project("{9A19103F-16F7-4668-BE54-9A1E7A4F7556}") = "CustomCollectionConsole", "Tracing\CustomCollectionConsole\CustomCollectionConsole.csproj", "{08F974C2-CD9F-4718-A56A-B305B4CFB41D}"
EndProject
Project("{9A19103F-16F7-4668-BE54-9A1E7A4F7556}") = "AppInsightsConsole", "Tracing\AppInsightsConsole\AppInsightsConsole.csproj", "{AF7374E1-9E77-4522-9324-DDB8E34164FF}"
EndProject
Project("{9A19103F-16F7-4668-BE54-9A1E7A4F7556}") = "WriteSharedFile", "Process\WriteSharedFile\WriteSharedFile.csproj", "{3CBDE9B7-CED3-4EEA-BB25-023557C5F5C1}"
EndProject
Project("{9A19103F-16F7-4668-BE54-9A1E7A4F7556}") = "MutexSample", "Process\MutexSample\MutexSample.csproj", "{AC0C5740-7C53-460B-BA9E-1F8257199498}"
EndProject
Project("{9A19103F-16F7-4668-BE54-9A1E7A4F7556}") = "ServiceConfiguration", "Configuration\ServiceConfiguration\ServiceConfiguration.csproj", "{8678A6EB-3F5F-4792-9170-EBDE57403A7F}"
EndProject
Project("{9A19103F-16F7-4668-BE54-9A1E7A4F7556}") = "GRpcHello", "GRpc\GRpcHello\GRpcHello.csproj", "{84D7F80C-66A4-488B-B628-5714E078E386}"
EndProject
Project("{9A19103F-16F7-4668-BE54-9A1E7A4F7556}") = "GRpcHelloClient", "GRpc\GRpcHelloClient\GRpcHelloClient.csproj", "{D87058C0-A3FF-4641-9283-A208B8B7210F}"
EndProject
Project("{9A19103F-16F7-4668-BE54-9A1E7A4F7556}") = "GRpcMethods", "GRpc\GRpcMethods\GRpcMethods.csproj", "{4C176189-42A6-4250-A370-452810879DF4}"
EndProject
Project("{9A19103F-16F7-4668-BE54-9A1E7A4F7556}") = "GRpcMethodsClient", "GRpc\GRpcMethodsClient\GRpcMethodsClient.csproj", "{349EEAB1-2029-4D07-8703-7180E9621C9C}"
EndProject
Project("{FAE04EC0-301F-11D3-BF4B-00C04F79EFBC}") = "GRpcHelloClientLB", "GRpc\GRpcHelloClientLB\GRpcHelloClientLB.csproj", "{D6CB3E0D-D556-41C2-A764-4564AA23A8DE}"
EndProject
Project("{FAE04EC0-301F-11D3-BF4B-00C04F79EFBC}") = "StopProcess", "Process\StopProcess\StopProcess.csproj", "{24980C78-6A69-44E3-9CE4-339297770167}"
EndProject
Project("{2150E333-8FDC-42A3-9474-1A3956D46DE8}") = "Http", "Http", "{F684EC45-347F-40EC-8541-343B3FD6EAD5}"
EndProject
Project("{FAE04EC0-301F-11D3-BF4B-00C04F79EFBC}") = "HttpClient", "Http\HttpClient\HttpClient.csproj", "{28420975-A77A-470B-82B1-4E488884CEFC}"
EndProject
Project("{2150E333-8FDC-42A3-9474-1A3956D46DE8}") = "Json", "Json", "{416246D2-967F-4176-B3BB-726D31661DEB}"
EndProject
Project("{FAE04EC0-301F-11D3-BF4B-00C04F79EFBC}") = "BasicOperations", "Json\BasicOperations\BasicOperations.csproj", "{7EE39E13-5528-4872-88EB-2253FB0DFB4E}"
EndProject
Project("{FAE04EC0-301F-11D3-BF4B-00C04F79EFBC}") = "CustomConverter", "Json\CustomConverter\CustomConverter.csproj", "{9A21F099-DC42-4A0B-849E-C542D8039F86}"
EndProject
Project("{2150E333-8FDC-42A3-9474-1A3956D46DE8}") = "Class", "Class", "{BC592FCA-70D5-43B5-8084-A14FFE64ABD5}"
EndProject
Project("{FAE04EC0-301F-11D3-BF4B-00C04F79EFBC}") = "InterfaceMethod", "Class\InterfaceMethod\InterfaceMethod.csproj", "{E7FCD370-8C0D-43E3-922E-F711E7EA1C6D}"
EndProject
Project("{FAE04EC0-301F-11D3-BF4B-00C04F79EFBC}") = "TaskCancellation", "Task\TaskCancellation\TaskCancellation.csproj", "{B6361380-27A8-4CBE-BF1F-B9AB4114E1EE}"
EndProject
Project("{FAE04EC0-301F-11D3-BF4B-00C04F79EFBC}") = "TaskContinuation", "Task\TaskContinuation\TaskContinuation.csproj", "{DCF795A3-BB5A-4BD1-B3D6-9DF9FF673AAE}"
EndProject
Project("{FAE04EC0-301F-11D3-BF4B-00C04F79EFBC}") = "TaskSchedulerSample", "Task\TaskScheduler\TaskSchedulerSample.csproj", "{566AC871-E211-4FA0-954D-16A28FFF6859}"
EndProject
Project("{FAE04EC0-301F-11D3-BF4B-00C04F79EFBC}") = "AsyncCallback", "Task\AsyncCallback\AsyncCallback.csproj", "{E94663BD-4B5D-4C6D-991E-FBEB755D7611}"
EndProject
Project("{FAE04EC0-301F-11D3-BF4B-00C04F79EFBC}") = "CaptureVariablesInLoop", "Task\CaptureVariablesInLoop\CaptureVariablesInLoop.csproj", "{3D89BC25-A672-4446-BD65-F1FA579C9FA4}"
EndProject
Project("{FAE04EC0-301F-11D3-BF4B-00C04F79EFBC}") = "ThreadPoolAndTask", "Task\ThreadPoolAndTask\ThreadPoolAndTask.csproj", "{94402D19-1AC5-460C-A94F-5DB4CDC1D020}"
EndProject
Project("{FAE04EC0-301F-11D3-BF4B-00C04F79EFBC}") = "SynchronizationContextAndTask", "Task\SynchronizationContextAndTask\SynchronizationContextAndTask.csproj", "{160C016C-EDC0-44D9-BEEC-A5336822C513}"
EndProject
Project("{FAE04EC0-301F-11D3-BF4B-00C04F79EFBC}") = "EmptyWeb", "HostedService\EmptyWeb\EmptyWeb.csproj", "{B6B909D2-30E0-4426-B44B-7E1174FA19E1}"
EndProject
Project("{2150E333-8FDC-42A3-9474-1A3956D46DE8}") = "Plugin", "Plugin", "{0DE51CFF-7326-4BAA-AB53-3E37B5D44792}"
EndProject
Project("{FAE04EC0-301F-11D3-BF4B-00C04F79EFBC}") = "HelloPlugin", "Plugin\HelloPlugin\HelloPlugin.csproj", "{56CE075C-50A4-4303-8AB6-469124B4D78B}"
EndProject
Project("{FAE04EC0-301F-11D3-BF4B-00C04F79EFBC}") = "PluginApp", "Plugin\PluginApp\PluginApp.csproj", "{A4F6FA33-54CD-491D-A8BA-BB16240A12BB}"
EndProject
Project("{FAE04EC0-301F-11D3-BF4B-00C04F79EFBC}") = "PluginInterface", "Plugin\PluginInterface\PluginInterface.csproj", "{22B5FE82-2FFB-4143-BD74-7118146B2B5B}"
EndProject
Project("{FAE04EC0-301F-11D3-BF4B-00C04F79EFBC}") = "LogFormat", "Logging\LogFormat\LogFormat.csproj", "{C2E4C9F2-514A-4E2A-876C-286BBC190869}"
EndProject
Project("{FAE04EC0-301F-11D3-BF4B-00C04F79EFBC}") = "LogFormatByConfigFile", "Logging\LogFormatByConfigFile\LogFormatByConfigFile.csproj", "{5447F9BA-1C88-4143-8D8B-4478B3116BBE}"
EndProject
Global
	GlobalSection(SolutionConfigurationPlatforms) = preSolution
		Debug|Any CPU = Debug|Any CPU
		Debug|x64 = Debug|x64
		Debug|x86 = Debug|x86
		Release|Any CPU = Release|Any CPU
		Release|x64 = Release|x64
		Release|x86 = Release|x86
	EndGlobalSection
	GlobalSection(ProjectConfigurationPlatforms) = postSolution
		{3BAEAD1D-B5C3-4452-8B96-B643835DA998}.Debug|Any CPU.ActiveCfg = Debug|Any CPU
		{3BAEAD1D-B5C3-4452-8B96-B643835DA998}.Debug|Any CPU.Build.0 = Debug|Any CPU
		{3BAEAD1D-B5C3-4452-8B96-B643835DA998}.Debug|x64.ActiveCfg = Debug|Any CPU
		{3BAEAD1D-B5C3-4452-8B96-B643835DA998}.Debug|x64.Build.0 = Debug|Any CPU
		{3BAEAD1D-B5C3-4452-8B96-B643835DA998}.Debug|x86.ActiveCfg = Debug|Any CPU
		{3BAEAD1D-B5C3-4452-8B96-B643835DA998}.Debug|x86.Build.0 = Debug|Any CPU
		{3BAEAD1D-B5C3-4452-8B96-B643835DA998}.Release|Any CPU.ActiveCfg = Release|Any CPU
		{3BAEAD1D-B5C3-4452-8B96-B643835DA998}.Release|Any CPU.Build.0 = Release|Any CPU
		{3BAEAD1D-B5C3-4452-8B96-B643835DA998}.Release|x64.ActiveCfg = Release|Any CPU
		{3BAEAD1D-B5C3-4452-8B96-B643835DA998}.Release|x64.Build.0 = Release|Any CPU
		{3BAEAD1D-B5C3-4452-8B96-B643835DA998}.Release|x86.ActiveCfg = Release|Any CPU
		{3BAEAD1D-B5C3-4452-8B96-B643835DA998}.Release|x86.Build.0 = Release|Any CPU
		{73FF27C2-DDC3-45A8-926A-EB89ABF53BCD}.Debug|Any CPU.ActiveCfg = Debug|Any CPU
		{73FF27C2-DDC3-45A8-926A-EB89ABF53BCD}.Debug|Any CPU.Build.0 = Debug|Any CPU
		{73FF27C2-DDC3-45A8-926A-EB89ABF53BCD}.Debug|x64.ActiveCfg = Debug|Any CPU
		{73FF27C2-DDC3-45A8-926A-EB89ABF53BCD}.Debug|x64.Build.0 = Debug|Any CPU
		{73FF27C2-DDC3-45A8-926A-EB89ABF53BCD}.Debug|x86.ActiveCfg = Debug|Any CPU
		{73FF27C2-DDC3-45A8-926A-EB89ABF53BCD}.Debug|x86.Build.0 = Debug|Any CPU
		{73FF27C2-DDC3-45A8-926A-EB89ABF53BCD}.Release|Any CPU.ActiveCfg = Release|Any CPU
		{73FF27C2-DDC3-45A8-926A-EB89ABF53BCD}.Release|Any CPU.Build.0 = Release|Any CPU
		{73FF27C2-DDC3-45A8-926A-EB89ABF53BCD}.Release|x64.ActiveCfg = Release|Any CPU
		{73FF27C2-DDC3-45A8-926A-EB89ABF53BCD}.Release|x64.Build.0 = Release|Any CPU
		{73FF27C2-DDC3-45A8-926A-EB89ABF53BCD}.Release|x86.ActiveCfg = Release|Any CPU
		{73FF27C2-DDC3-45A8-926A-EB89ABF53BCD}.Release|x86.Build.0 = Release|Any CPU
		{E30AAF61-3054-4557-8049-DB54EE15F4B9}.Debug|Any CPU.ActiveCfg = Debug|Any CPU
		{E30AAF61-3054-4557-8049-DB54EE15F4B9}.Debug|Any CPU.Build.0 = Debug|Any CPU
		{E30AAF61-3054-4557-8049-DB54EE15F4B9}.Debug|x64.ActiveCfg = Debug|Any CPU
		{E30AAF61-3054-4557-8049-DB54EE15F4B9}.Debug|x64.Build.0 = Debug|Any CPU
		{E30AAF61-3054-4557-8049-DB54EE15F4B9}.Debug|x86.ActiveCfg = Debug|Any CPU
		{E30AAF61-3054-4557-8049-DB54EE15F4B9}.Debug|x86.Build.0 = Debug|Any CPU
		{E30AAF61-3054-4557-8049-DB54EE15F4B9}.Release|Any CPU.ActiveCfg = Release|Any CPU
		{E30AAF61-3054-4557-8049-DB54EE15F4B9}.Release|Any CPU.Build.0 = Release|Any CPU
		{E30AAF61-3054-4557-8049-DB54EE15F4B9}.Release|x64.ActiveCfg = Release|Any CPU
		{E30AAF61-3054-4557-8049-DB54EE15F4B9}.Release|x64.Build.0 = Release|Any CPU
		{E30AAF61-3054-4557-8049-DB54EE15F4B9}.Release|x86.ActiveCfg = Release|Any CPU
		{E30AAF61-3054-4557-8049-DB54EE15F4B9}.Release|x86.Build.0 = Release|Any CPU
		{E8161CE4-1535-4630-A1EC-A03B2E2A2EAE}.Debug|Any CPU.ActiveCfg = Debug|Any CPU
		{E8161CE4-1535-4630-A1EC-A03B2E2A2EAE}.Debug|Any CPU.Build.0 = Debug|Any CPU
		{E8161CE4-1535-4630-A1EC-A03B2E2A2EAE}.Debug|x64.ActiveCfg = Debug|Any CPU
		{E8161CE4-1535-4630-A1EC-A03B2E2A2EAE}.Debug|x64.Build.0 = Debug|Any CPU
		{E8161CE4-1535-4630-A1EC-A03B2E2A2EAE}.Debug|x86.ActiveCfg = Debug|Any CPU
		{E8161CE4-1535-4630-A1EC-A03B2E2A2EAE}.Debug|x86.Build.0 = Debug|Any CPU
		{E8161CE4-1535-4630-A1EC-A03B2E2A2EAE}.Release|Any CPU.ActiveCfg = Release|Any CPU
		{E8161CE4-1535-4630-A1EC-A03B2E2A2EAE}.Release|Any CPU.Build.0 = Release|Any CPU
		{E8161CE4-1535-4630-A1EC-A03B2E2A2EAE}.Release|x64.ActiveCfg = Release|Any CPU
		{E8161CE4-1535-4630-A1EC-A03B2E2A2EAE}.Release|x64.Build.0 = Release|Any CPU
		{E8161CE4-1535-4630-A1EC-A03B2E2A2EAE}.Release|x86.ActiveCfg = Release|Any CPU
		{E8161CE4-1535-4630-A1EC-A03B2E2A2EAE}.Release|x86.Build.0 = Release|Any CPU
		{ED215A18-2B85-45FB-8879-3ADE61BE49D5}.Debug|Any CPU.ActiveCfg = Debug|Any CPU
		{ED215A18-2B85-45FB-8879-3ADE61BE49D5}.Debug|Any CPU.Build.0 = Debug|Any CPU
		{ED215A18-2B85-45FB-8879-3ADE61BE49D5}.Debug|x64.ActiveCfg = Debug|Any CPU
		{ED215A18-2B85-45FB-8879-3ADE61BE49D5}.Debug|x64.Build.0 = Debug|Any CPU
		{ED215A18-2B85-45FB-8879-3ADE61BE49D5}.Debug|x86.ActiveCfg = Debug|Any CPU
		{ED215A18-2B85-45FB-8879-3ADE61BE49D5}.Debug|x86.Build.0 = Debug|Any CPU
		{ED215A18-2B85-45FB-8879-3ADE61BE49D5}.Release|Any CPU.ActiveCfg = Release|Any CPU
		{ED215A18-2B85-45FB-8879-3ADE61BE49D5}.Release|Any CPU.Build.0 = Release|Any CPU
		{ED215A18-2B85-45FB-8879-3ADE61BE49D5}.Release|x64.ActiveCfg = Release|Any CPU
		{ED215A18-2B85-45FB-8879-3ADE61BE49D5}.Release|x64.Build.0 = Release|Any CPU
		{ED215A18-2B85-45FB-8879-3ADE61BE49D5}.Release|x86.ActiveCfg = Release|Any CPU
		{ED215A18-2B85-45FB-8879-3ADE61BE49D5}.Release|x86.Build.0 = Release|Any CPU
		{ADB78CCE-F859-41EF-896D-3759783465E9}.Debug|Any CPU.ActiveCfg = Debug|Any CPU
		{ADB78CCE-F859-41EF-896D-3759783465E9}.Debug|Any CPU.Build.0 = Debug|Any CPU
		{ADB78CCE-F859-41EF-896D-3759783465E9}.Debug|x64.ActiveCfg = Debug|Any CPU
		{ADB78CCE-F859-41EF-896D-3759783465E9}.Debug|x64.Build.0 = Debug|Any CPU
		{ADB78CCE-F859-41EF-896D-3759783465E9}.Debug|x86.ActiveCfg = Debug|Any CPU
		{ADB78CCE-F859-41EF-896D-3759783465E9}.Debug|x86.Build.0 = Debug|Any CPU
		{ADB78CCE-F859-41EF-896D-3759783465E9}.Release|Any CPU.ActiveCfg = Release|Any CPU
		{ADB78CCE-F859-41EF-896D-3759783465E9}.Release|Any CPU.Build.0 = Release|Any CPU
		{ADB78CCE-F859-41EF-896D-3759783465E9}.Release|x64.ActiveCfg = Release|Any CPU
		{ADB78CCE-F859-41EF-896D-3759783465E9}.Release|x64.Build.0 = Release|Any CPU
		{ADB78CCE-F859-41EF-896D-3759783465E9}.Release|x86.ActiveCfg = Release|Any CPU
		{ADB78CCE-F859-41EF-896D-3759783465E9}.Release|x86.Build.0 = Release|Any CPU
		{F4C6E471-3D63-4852-AD2B-8679533942AC}.Debug|Any CPU.ActiveCfg = Debug|Any CPU
		{F4C6E471-3D63-4852-AD2B-8679533942AC}.Debug|Any CPU.Build.0 = Debug|Any CPU
		{F4C6E471-3D63-4852-AD2B-8679533942AC}.Debug|x64.ActiveCfg = Debug|Any CPU
		{F4C6E471-3D63-4852-AD2B-8679533942AC}.Debug|x64.Build.0 = Debug|Any CPU
		{F4C6E471-3D63-4852-AD2B-8679533942AC}.Debug|x86.ActiveCfg = Debug|Any CPU
		{F4C6E471-3D63-4852-AD2B-8679533942AC}.Debug|x86.Build.0 = Debug|Any CPU
		{F4C6E471-3D63-4852-AD2B-8679533942AC}.Release|Any CPU.ActiveCfg = Release|Any CPU
		{F4C6E471-3D63-4852-AD2B-8679533942AC}.Release|Any CPU.Build.0 = Release|Any CPU
		{F4C6E471-3D63-4852-AD2B-8679533942AC}.Release|x64.ActiveCfg = Release|Any CPU
		{F4C6E471-3D63-4852-AD2B-8679533942AC}.Release|x64.Build.0 = Release|Any CPU
		{F4C6E471-3D63-4852-AD2B-8679533942AC}.Release|x86.ActiveCfg = Release|Any CPU
		{F4C6E471-3D63-4852-AD2B-8679533942AC}.Release|x86.Build.0 = Release|Any CPU
		{0ADEB9A3-0964-4AAB-9399-A72C10B46C49}.Debug|Any CPU.ActiveCfg = Debug|Any CPU
		{0ADEB9A3-0964-4AAB-9399-A72C10B46C49}.Debug|Any CPU.Build.0 = Debug|Any CPU
		{0ADEB9A3-0964-4AAB-9399-A72C10B46C49}.Debug|x64.ActiveCfg = Debug|Any CPU
		{0ADEB9A3-0964-4AAB-9399-A72C10B46C49}.Debug|x64.Build.0 = Debug|Any CPU
		{0ADEB9A3-0964-4AAB-9399-A72C10B46C49}.Debug|x86.ActiveCfg = Debug|Any CPU
		{0ADEB9A3-0964-4AAB-9399-A72C10B46C49}.Debug|x86.Build.0 = Debug|Any CPU
		{0ADEB9A3-0964-4AAB-9399-A72C10B46C49}.Release|Any CPU.ActiveCfg = Release|Any CPU
		{0ADEB9A3-0964-4AAB-9399-A72C10B46C49}.Release|Any CPU.Build.0 = Release|Any CPU
		{0ADEB9A3-0964-4AAB-9399-A72C10B46C49}.Release|x64.ActiveCfg = Release|Any CPU
		{0ADEB9A3-0964-4AAB-9399-A72C10B46C49}.Release|x64.Build.0 = Release|Any CPU
		{0ADEB9A3-0964-4AAB-9399-A72C10B46C49}.Release|x86.ActiveCfg = Release|Any CPU
		{0ADEB9A3-0964-4AAB-9399-A72C10B46C49}.Release|x86.Build.0 = Release|Any CPU
		{00A04A96-C8CB-423E-BB8F-8B7FD4B43B9E}.Debug|Any CPU.ActiveCfg = Debug|Any CPU
		{00A04A96-C8CB-423E-BB8F-8B7FD4B43B9E}.Debug|Any CPU.Build.0 = Debug|Any CPU
		{00A04A96-C8CB-423E-BB8F-8B7FD4B43B9E}.Debug|x64.ActiveCfg = Debug|Any CPU
		{00A04A96-C8CB-423E-BB8F-8B7FD4B43B9E}.Debug|x64.Build.0 = Debug|Any CPU
		{00A04A96-C8CB-423E-BB8F-8B7FD4B43B9E}.Debug|x86.ActiveCfg = Debug|Any CPU
		{00A04A96-C8CB-423E-BB8F-8B7FD4B43B9E}.Debug|x86.Build.0 = Debug|Any CPU
		{00A04A96-C8CB-423E-BB8F-8B7FD4B43B9E}.Release|Any CPU.ActiveCfg = Release|Any CPU
		{00A04A96-C8CB-423E-BB8F-8B7FD4B43B9E}.Release|Any CPU.Build.0 = Release|Any CPU
		{00A04A96-C8CB-423E-BB8F-8B7FD4B43B9E}.Release|x64.ActiveCfg = Release|Any CPU
		{00A04A96-C8CB-423E-BB8F-8B7FD4B43B9E}.Release|x64.Build.0 = Release|Any CPU
		{00A04A96-C8CB-423E-BB8F-8B7FD4B43B9E}.Release|x86.ActiveCfg = Release|Any CPU
		{00A04A96-C8CB-423E-BB8F-8B7FD4B43B9E}.Release|x86.Build.0 = Release|Any CPU
		{D104EF2E-5033-47DF-A46C-73652497C5FF}.Debug|Any CPU.ActiveCfg = Debug|Any CPU
		{D104EF2E-5033-47DF-A46C-73652497C5FF}.Debug|Any CPU.Build.0 = Debug|Any CPU
		{D104EF2E-5033-47DF-A46C-73652497C5FF}.Debug|x64.ActiveCfg = Debug|Any CPU
		{D104EF2E-5033-47DF-A46C-73652497C5FF}.Debug|x64.Build.0 = Debug|Any CPU
		{D104EF2E-5033-47DF-A46C-73652497C5FF}.Debug|x86.ActiveCfg = Debug|Any CPU
		{D104EF2E-5033-47DF-A46C-73652497C5FF}.Debug|x86.Build.0 = Debug|Any CPU
		{D104EF2E-5033-47DF-A46C-73652497C5FF}.Release|Any CPU.ActiveCfg = Release|Any CPU
		{D104EF2E-5033-47DF-A46C-73652497C5FF}.Release|Any CPU.Build.0 = Release|Any CPU
		{D104EF2E-5033-47DF-A46C-73652497C5FF}.Release|x64.ActiveCfg = Release|Any CPU
		{D104EF2E-5033-47DF-A46C-73652497C5FF}.Release|x64.Build.0 = Release|Any CPU
		{D104EF2E-5033-47DF-A46C-73652497C5FF}.Release|x86.ActiveCfg = Release|Any CPU
		{D104EF2E-5033-47DF-A46C-73652497C5FF}.Release|x86.Build.0 = Release|Any CPU
		{11AEA1F2-211C-4A31-A75E-7EBE096EB88E}.Debug|Any CPU.ActiveCfg = Debug|Any CPU
		{11AEA1F2-211C-4A31-A75E-7EBE096EB88E}.Debug|Any CPU.Build.0 = Debug|Any CPU
		{11AEA1F2-211C-4A31-A75E-7EBE096EB88E}.Debug|x64.ActiveCfg = Debug|Any CPU
		{11AEA1F2-211C-4A31-A75E-7EBE096EB88E}.Debug|x64.Build.0 = Debug|Any CPU
		{11AEA1F2-211C-4A31-A75E-7EBE096EB88E}.Debug|x86.ActiveCfg = Debug|Any CPU
		{11AEA1F2-211C-4A31-A75E-7EBE096EB88E}.Debug|x86.Build.0 = Debug|Any CPU
		{11AEA1F2-211C-4A31-A75E-7EBE096EB88E}.Release|Any CPU.ActiveCfg = Release|Any CPU
		{11AEA1F2-211C-4A31-A75E-7EBE096EB88E}.Release|Any CPU.Build.0 = Release|Any CPU
		{11AEA1F2-211C-4A31-A75E-7EBE096EB88E}.Release|x64.ActiveCfg = Release|Any CPU
		{11AEA1F2-211C-4A31-A75E-7EBE096EB88E}.Release|x64.Build.0 = Release|Any CPU
		{11AEA1F2-211C-4A31-A75E-7EBE096EB88E}.Release|x86.ActiveCfg = Release|Any CPU
		{11AEA1F2-211C-4A31-A75E-7EBE096EB88E}.Release|x86.Build.0 = Release|Any CPU
		{B7AE256E-BE19-44EC-979A-BFC97B058E67}.Debug|Any CPU.ActiveCfg = Debug|Any CPU
		{B7AE256E-BE19-44EC-979A-BFC97B058E67}.Debug|Any CPU.Build.0 = Debug|Any CPU
		{B7AE256E-BE19-44EC-979A-BFC97B058E67}.Debug|x64.ActiveCfg = Debug|Any CPU
		{B7AE256E-BE19-44EC-979A-BFC97B058E67}.Debug|x64.Build.0 = Debug|Any CPU
		{B7AE256E-BE19-44EC-979A-BFC97B058E67}.Debug|x86.ActiveCfg = Debug|Any CPU
		{B7AE256E-BE19-44EC-979A-BFC97B058E67}.Debug|x86.Build.0 = Debug|Any CPU
		{B7AE256E-BE19-44EC-979A-BFC97B058E67}.Release|Any CPU.ActiveCfg = Release|Any CPU
		{B7AE256E-BE19-44EC-979A-BFC97B058E67}.Release|Any CPU.Build.0 = Release|Any CPU
		{B7AE256E-BE19-44EC-979A-BFC97B058E67}.Release|x64.ActiveCfg = Release|Any CPU
		{B7AE256E-BE19-44EC-979A-BFC97B058E67}.Release|x64.Build.0 = Release|Any CPU
		{B7AE256E-BE19-44EC-979A-BFC97B058E67}.Release|x86.ActiveCfg = Release|Any CPU
		{B7AE256E-BE19-44EC-979A-BFC97B058E67}.Release|x86.Build.0 = Release|Any CPU
		{E057FAAB-3936-45F5-87EE-5A557FB9502B}.Debug|Any CPU.ActiveCfg = Debug|Any CPU
		{E057FAAB-3936-45F5-87EE-5A557FB9502B}.Debug|Any CPU.Build.0 = Debug|Any CPU
		{E057FAAB-3936-45F5-87EE-5A557FB9502B}.Debug|x64.ActiveCfg = Debug|Any CPU
		{E057FAAB-3936-45F5-87EE-5A557FB9502B}.Debug|x64.Build.0 = Debug|Any CPU
		{E057FAAB-3936-45F5-87EE-5A557FB9502B}.Debug|x86.ActiveCfg = Debug|Any CPU
		{E057FAAB-3936-45F5-87EE-5A557FB9502B}.Debug|x86.Build.0 = Debug|Any CPU
		{E057FAAB-3936-45F5-87EE-5A557FB9502B}.Release|Any CPU.ActiveCfg = Release|Any CPU
		{E057FAAB-3936-45F5-87EE-5A557FB9502B}.Release|Any CPU.Build.0 = Release|Any CPU
		{E057FAAB-3936-45F5-87EE-5A557FB9502B}.Release|x64.ActiveCfg = Release|Any CPU
		{E057FAAB-3936-45F5-87EE-5A557FB9502B}.Release|x64.Build.0 = Release|Any CPU
		{E057FAAB-3936-45F5-87EE-5A557FB9502B}.Release|x86.ActiveCfg = Release|Any CPU
		{E057FAAB-3936-45F5-87EE-5A557FB9502B}.Release|x86.Build.0 = Release|Any CPU
		{2E15B56B-9FAC-4988-904B-71EF7135CFC1}.Debug|Any CPU.ActiveCfg = Debug|Any CPU
		{2E15B56B-9FAC-4988-904B-71EF7135CFC1}.Debug|Any CPU.Build.0 = Debug|Any CPU
		{2E15B56B-9FAC-4988-904B-71EF7135CFC1}.Debug|x64.ActiveCfg = Debug|Any CPU
		{2E15B56B-9FAC-4988-904B-71EF7135CFC1}.Debug|x64.Build.0 = Debug|Any CPU
		{2E15B56B-9FAC-4988-904B-71EF7135CFC1}.Debug|x86.ActiveCfg = Debug|Any CPU
		{2E15B56B-9FAC-4988-904B-71EF7135CFC1}.Debug|x86.Build.0 = Debug|Any CPU
		{2E15B56B-9FAC-4988-904B-71EF7135CFC1}.Release|Any CPU.ActiveCfg = Release|Any CPU
		{2E15B56B-9FAC-4988-904B-71EF7135CFC1}.Release|Any CPU.Build.0 = Release|Any CPU
		{2E15B56B-9FAC-4988-904B-71EF7135CFC1}.Release|x64.ActiveCfg = Release|Any CPU
		{2E15B56B-9FAC-4988-904B-71EF7135CFC1}.Release|x64.Build.0 = Release|Any CPU
		{2E15B56B-9FAC-4988-904B-71EF7135CFC1}.Release|x86.ActiveCfg = Release|Any CPU
		{2E15B56B-9FAC-4988-904B-71EF7135CFC1}.Release|x86.Build.0 = Release|Any CPU
		{21CDD863-5E35-4F2A-B14D-B16D15B40CA9}.Debug|Any CPU.ActiveCfg = Debug|Any CPU
		{21CDD863-5E35-4F2A-B14D-B16D15B40CA9}.Debug|Any CPU.Build.0 = Debug|Any CPU
		{21CDD863-5E35-4F2A-B14D-B16D15B40CA9}.Debug|x64.ActiveCfg = Debug|Any CPU
		{21CDD863-5E35-4F2A-B14D-B16D15B40CA9}.Debug|x64.Build.0 = Debug|Any CPU
		{21CDD863-5E35-4F2A-B14D-B16D15B40CA9}.Debug|x86.ActiveCfg = Debug|Any CPU
		{21CDD863-5E35-4F2A-B14D-B16D15B40CA9}.Debug|x86.Build.0 = Debug|Any CPU
		{21CDD863-5E35-4F2A-B14D-B16D15B40CA9}.Release|Any CPU.ActiveCfg = Release|Any CPU
		{21CDD863-5E35-4F2A-B14D-B16D15B40CA9}.Release|Any CPU.Build.0 = Release|Any CPU
		{21CDD863-5E35-4F2A-B14D-B16D15B40CA9}.Release|x64.ActiveCfg = Release|Any CPU
		{21CDD863-5E35-4F2A-B14D-B16D15B40CA9}.Release|x64.Build.0 = Release|Any CPU
		{21CDD863-5E35-4F2A-B14D-B16D15B40CA9}.Release|x86.ActiveCfg = Release|Any CPU
		{21CDD863-5E35-4F2A-B14D-B16D15B40CA9}.Release|x86.Build.0 = Release|Any CPU
		{4CA9BC1E-6368-401A-9128-E8FD490232D2}.Debug|Any CPU.ActiveCfg = Debug|Any CPU
		{4CA9BC1E-6368-401A-9128-E8FD490232D2}.Debug|Any CPU.Build.0 = Debug|Any CPU
		{4CA9BC1E-6368-401A-9128-E8FD490232D2}.Debug|x64.ActiveCfg = Debug|Any CPU
		{4CA9BC1E-6368-401A-9128-E8FD490232D2}.Debug|x64.Build.0 = Debug|Any CPU
		{4CA9BC1E-6368-401A-9128-E8FD490232D2}.Debug|x86.ActiveCfg = Debug|Any CPU
		{4CA9BC1E-6368-401A-9128-E8FD490232D2}.Debug|x86.Build.0 = Debug|Any CPU
		{4CA9BC1E-6368-401A-9128-E8FD490232D2}.Release|Any CPU.ActiveCfg = Release|Any CPU
		{4CA9BC1E-6368-401A-9128-E8FD490232D2}.Release|Any CPU.Build.0 = Release|Any CPU
		{4CA9BC1E-6368-401A-9128-E8FD490232D2}.Release|x64.ActiveCfg = Release|Any CPU
		{4CA9BC1E-6368-401A-9128-E8FD490232D2}.Release|x64.Build.0 = Release|Any CPU
		{4CA9BC1E-6368-401A-9128-E8FD490232D2}.Release|x86.ActiveCfg = Release|Any CPU
		{4CA9BC1E-6368-401A-9128-E8FD490232D2}.Release|x86.Build.0 = Release|Any CPU
		{87D7A290-4D7E-4CAA-B669-F89A6AF0AC0C}.Debug|Any CPU.ActiveCfg = Debug|Any CPU
		{87D7A290-4D7E-4CAA-B669-F89A6AF0AC0C}.Debug|Any CPU.Build.0 = Debug|Any CPU
		{87D7A290-4D7E-4CAA-B669-F89A6AF0AC0C}.Debug|x64.ActiveCfg = Debug|Any CPU
		{87D7A290-4D7E-4CAA-B669-F89A6AF0AC0C}.Debug|x64.Build.0 = Debug|Any CPU
		{87D7A290-4D7E-4CAA-B669-F89A6AF0AC0C}.Debug|x86.ActiveCfg = Debug|Any CPU
		{87D7A290-4D7E-4CAA-B669-F89A6AF0AC0C}.Debug|x86.Build.0 = Debug|Any CPU
		{87D7A290-4D7E-4CAA-B669-F89A6AF0AC0C}.Release|Any CPU.ActiveCfg = Release|Any CPU
		{87D7A290-4D7E-4CAA-B669-F89A6AF0AC0C}.Release|Any CPU.Build.0 = Release|Any CPU
		{87D7A290-4D7E-4CAA-B669-F89A6AF0AC0C}.Release|x64.ActiveCfg = Release|Any CPU
		{87D7A290-4D7E-4CAA-B669-F89A6AF0AC0C}.Release|x64.Build.0 = Release|Any CPU
		{87D7A290-4D7E-4CAA-B669-F89A6AF0AC0C}.Release|x86.ActiveCfg = Release|Any CPU
		{87D7A290-4D7E-4CAA-B669-F89A6AF0AC0C}.Release|x86.Build.0 = Release|Any CPU
		{41DB2289-20A6-4F69-9D50-9F71186DE790}.Debug|Any CPU.ActiveCfg = Debug|Any CPU
		{41DB2289-20A6-4F69-9D50-9F71186DE790}.Debug|Any CPU.Build.0 = Debug|Any CPU
		{41DB2289-20A6-4F69-9D50-9F71186DE790}.Debug|x64.ActiveCfg = Debug|Any CPU
		{41DB2289-20A6-4F69-9D50-9F71186DE790}.Debug|x64.Build.0 = Debug|Any CPU
		{41DB2289-20A6-4F69-9D50-9F71186DE790}.Debug|x86.ActiveCfg = Debug|Any CPU
		{41DB2289-20A6-4F69-9D50-9F71186DE790}.Debug|x86.Build.0 = Debug|Any CPU
		{41DB2289-20A6-4F69-9D50-9F71186DE790}.Release|Any CPU.ActiveCfg = Release|Any CPU
		{41DB2289-20A6-4F69-9D50-9F71186DE790}.Release|Any CPU.Build.0 = Release|Any CPU
		{41DB2289-20A6-4F69-9D50-9F71186DE790}.Release|x64.ActiveCfg = Release|Any CPU
		{41DB2289-20A6-4F69-9D50-9F71186DE790}.Release|x64.Build.0 = Release|Any CPU
		{41DB2289-20A6-4F69-9D50-9F71186DE790}.Release|x86.ActiveCfg = Release|Any CPU
		{41DB2289-20A6-4F69-9D50-9F71186DE790}.Release|x86.Build.0 = Release|Any CPU
		{72AF8B02-C9A3-48DD-A996-D19F72D29E33}.Debug|Any CPU.ActiveCfg = Debug|Any CPU
		{72AF8B02-C9A3-48DD-A996-D19F72D29E33}.Debug|Any CPU.Build.0 = Debug|Any CPU
		{72AF8B02-C9A3-48DD-A996-D19F72D29E33}.Debug|x64.ActiveCfg = Debug|Any CPU
		{72AF8B02-C9A3-48DD-A996-D19F72D29E33}.Debug|x64.Build.0 = Debug|Any CPU
		{72AF8B02-C9A3-48DD-A996-D19F72D29E33}.Debug|x86.ActiveCfg = Debug|Any CPU
		{72AF8B02-C9A3-48DD-A996-D19F72D29E33}.Debug|x86.Build.0 = Debug|Any CPU
		{72AF8B02-C9A3-48DD-A996-D19F72D29E33}.Release|Any CPU.ActiveCfg = Release|Any CPU
		{72AF8B02-C9A3-48DD-A996-D19F72D29E33}.Release|Any CPU.Build.0 = Release|Any CPU
		{72AF8B02-C9A3-48DD-A996-D19F72D29E33}.Release|x64.ActiveCfg = Release|Any CPU
		{72AF8B02-C9A3-48DD-A996-D19F72D29E33}.Release|x64.Build.0 = Release|Any CPU
		{72AF8B02-C9A3-48DD-A996-D19F72D29E33}.Release|x86.ActiveCfg = Release|Any CPU
		{72AF8B02-C9A3-48DD-A996-D19F72D29E33}.Release|x86.Build.0 = Release|Any CPU
		{A48340B9-2D91-43F6-826B-3CDC0040059B}.Debug|Any CPU.ActiveCfg = Debug|Any CPU
		{A48340B9-2D91-43F6-826B-3CDC0040059B}.Debug|Any CPU.Build.0 = Debug|Any CPU
		{A48340B9-2D91-43F6-826B-3CDC0040059B}.Debug|x64.ActiveCfg = Debug|Any CPU
		{A48340B9-2D91-43F6-826B-3CDC0040059B}.Debug|x64.Build.0 = Debug|Any CPU
		{A48340B9-2D91-43F6-826B-3CDC0040059B}.Debug|x86.ActiveCfg = Debug|Any CPU
		{A48340B9-2D91-43F6-826B-3CDC0040059B}.Debug|x86.Build.0 = Debug|Any CPU
		{A48340B9-2D91-43F6-826B-3CDC0040059B}.Release|Any CPU.ActiveCfg = Release|Any CPU
		{A48340B9-2D91-43F6-826B-3CDC0040059B}.Release|Any CPU.Build.0 = Release|Any CPU
		{A48340B9-2D91-43F6-826B-3CDC0040059B}.Release|x64.ActiveCfg = Release|Any CPU
		{A48340B9-2D91-43F6-826B-3CDC0040059B}.Release|x64.Build.0 = Release|Any CPU
		{A48340B9-2D91-43F6-826B-3CDC0040059B}.Release|x86.ActiveCfg = Release|Any CPU
		{A48340B9-2D91-43F6-826B-3CDC0040059B}.Release|x86.Build.0 = Release|Any CPU
		{08F974C2-CD9F-4718-A56A-B305B4CFB41D}.Debug|Any CPU.ActiveCfg = Debug|Any CPU
		{08F974C2-CD9F-4718-A56A-B305B4CFB41D}.Debug|Any CPU.Build.0 = Debug|Any CPU
		{08F974C2-CD9F-4718-A56A-B305B4CFB41D}.Debug|x64.ActiveCfg = Debug|Any CPU
		{08F974C2-CD9F-4718-A56A-B305B4CFB41D}.Debug|x64.Build.0 = Debug|Any CPU
		{08F974C2-CD9F-4718-A56A-B305B4CFB41D}.Debug|x86.ActiveCfg = Debug|Any CPU
		{08F974C2-CD9F-4718-A56A-B305B4CFB41D}.Debug|x86.Build.0 = Debug|Any CPU
		{08F974C2-CD9F-4718-A56A-B305B4CFB41D}.Release|Any CPU.ActiveCfg = Release|Any CPU
		{08F974C2-CD9F-4718-A56A-B305B4CFB41D}.Release|Any CPU.Build.0 = Release|Any CPU
		{08F974C2-CD9F-4718-A56A-B305B4CFB41D}.Release|x64.ActiveCfg = Release|Any CPU
		{08F974C2-CD9F-4718-A56A-B305B4CFB41D}.Release|x64.Build.0 = Release|Any CPU
		{08F974C2-CD9F-4718-A56A-B305B4CFB41D}.Release|x86.ActiveCfg = Release|Any CPU
		{08F974C2-CD9F-4718-A56A-B305B4CFB41D}.Release|x86.Build.0 = Release|Any CPU
		{AF7374E1-9E77-4522-9324-DDB8E34164FF}.Debug|Any CPU.ActiveCfg = Debug|Any CPU
		{AF7374E1-9E77-4522-9324-DDB8E34164FF}.Debug|Any CPU.Build.0 = Debug|Any CPU
		{AF7374E1-9E77-4522-9324-DDB8E34164FF}.Debug|x64.ActiveCfg = Debug|Any CPU
		{AF7374E1-9E77-4522-9324-DDB8E34164FF}.Debug|x64.Build.0 = Debug|Any CPU
		{AF7374E1-9E77-4522-9324-DDB8E34164FF}.Debug|x86.ActiveCfg = Debug|Any CPU
		{AF7374E1-9E77-4522-9324-DDB8E34164FF}.Debug|x86.Build.0 = Debug|Any CPU
		{AF7374E1-9E77-4522-9324-DDB8E34164FF}.Release|Any CPU.ActiveCfg = Release|Any CPU
		{AF7374E1-9E77-4522-9324-DDB8E34164FF}.Release|Any CPU.Build.0 = Release|Any CPU
		{AF7374E1-9E77-4522-9324-DDB8E34164FF}.Release|x64.ActiveCfg = Release|Any CPU
		{AF7374E1-9E77-4522-9324-DDB8E34164FF}.Release|x64.Build.0 = Release|Any CPU
		{AF7374E1-9E77-4522-9324-DDB8E34164FF}.Release|x86.ActiveCfg = Release|Any CPU
		{AF7374E1-9E77-4522-9324-DDB8E34164FF}.Release|x86.Build.0 = Release|Any CPU
		{3CBDE9B7-CED3-4EEA-BB25-023557C5F5C1}.Debug|Any CPU.ActiveCfg = Debug|Any CPU
		{3CBDE9B7-CED3-4EEA-BB25-023557C5F5C1}.Debug|Any CPU.Build.0 = Debug|Any CPU
		{3CBDE9B7-CED3-4EEA-BB25-023557C5F5C1}.Debug|x64.ActiveCfg = Debug|Any CPU
		{3CBDE9B7-CED3-4EEA-BB25-023557C5F5C1}.Debug|x64.Build.0 = Debug|Any CPU
		{3CBDE9B7-CED3-4EEA-BB25-023557C5F5C1}.Debug|x86.ActiveCfg = Debug|Any CPU
		{3CBDE9B7-CED3-4EEA-BB25-023557C5F5C1}.Debug|x86.Build.0 = Debug|Any CPU
		{3CBDE9B7-CED3-4EEA-BB25-023557C5F5C1}.Release|Any CPU.ActiveCfg = Release|Any CPU
		{3CBDE9B7-CED3-4EEA-BB25-023557C5F5C1}.Release|Any CPU.Build.0 = Release|Any CPU
		{3CBDE9B7-CED3-4EEA-BB25-023557C5F5C1}.Release|x64.ActiveCfg = Release|Any CPU
		{3CBDE9B7-CED3-4EEA-BB25-023557C5F5C1}.Release|x64.Build.0 = Release|Any CPU
		{3CBDE9B7-CED3-4EEA-BB25-023557C5F5C1}.Release|x86.ActiveCfg = Release|Any CPU
		{3CBDE9B7-CED3-4EEA-BB25-023557C5F5C1}.Release|x86.Build.0 = Release|Any CPU
		{AC0C5740-7C53-460B-BA9E-1F8257199498}.Debug|Any CPU.ActiveCfg = Debug|Any CPU
		{AC0C5740-7C53-460B-BA9E-1F8257199498}.Debug|Any CPU.Build.0 = Debug|Any CPU
		{AC0C5740-7C53-460B-BA9E-1F8257199498}.Debug|x64.ActiveCfg = Debug|Any CPU
		{AC0C5740-7C53-460B-BA9E-1F8257199498}.Debug|x64.Build.0 = Debug|Any CPU
		{AC0C5740-7C53-460B-BA9E-1F8257199498}.Debug|x86.ActiveCfg = Debug|Any CPU
		{AC0C5740-7C53-460B-BA9E-1F8257199498}.Debug|x86.Build.0 = Debug|Any CPU
		{AC0C5740-7C53-460B-BA9E-1F8257199498}.Release|Any CPU.ActiveCfg = Release|Any CPU
		{AC0C5740-7C53-460B-BA9E-1F8257199498}.Release|Any CPU.Build.0 = Release|Any CPU
		{AC0C5740-7C53-460B-BA9E-1F8257199498}.Release|x64.ActiveCfg = Release|Any CPU
		{AC0C5740-7C53-460B-BA9E-1F8257199498}.Release|x64.Build.0 = Release|Any CPU
		{AC0C5740-7C53-460B-BA9E-1F8257199498}.Release|x86.ActiveCfg = Release|Any CPU
		{AC0C5740-7C53-460B-BA9E-1F8257199498}.Release|x86.Build.0 = Release|Any CPU
		{8678A6EB-3F5F-4792-9170-EBDE57403A7F}.Debug|Any CPU.ActiveCfg = Debug|Any CPU
		{8678A6EB-3F5F-4792-9170-EBDE57403A7F}.Debug|Any CPU.Build.0 = Debug|Any CPU
		{8678A6EB-3F5F-4792-9170-EBDE57403A7F}.Debug|x64.ActiveCfg = Debug|Any CPU
		{8678A6EB-3F5F-4792-9170-EBDE57403A7F}.Debug|x64.Build.0 = Debug|Any CPU
		{8678A6EB-3F5F-4792-9170-EBDE57403A7F}.Debug|x86.ActiveCfg = Debug|Any CPU
		{8678A6EB-3F5F-4792-9170-EBDE57403A7F}.Debug|x86.Build.0 = Debug|Any CPU
		{8678A6EB-3F5F-4792-9170-EBDE57403A7F}.Release|Any CPU.ActiveCfg = Release|Any CPU
		{8678A6EB-3F5F-4792-9170-EBDE57403A7F}.Release|Any CPU.Build.0 = Release|Any CPU
		{8678A6EB-3F5F-4792-9170-EBDE57403A7F}.Release|x64.ActiveCfg = Release|Any CPU
		{8678A6EB-3F5F-4792-9170-EBDE57403A7F}.Release|x64.Build.0 = Release|Any CPU
		{8678A6EB-3F5F-4792-9170-EBDE57403A7F}.Release|x86.ActiveCfg = Release|Any CPU
		{8678A6EB-3F5F-4792-9170-EBDE57403A7F}.Release|x86.Build.0 = Release|Any CPU
		{84D7F80C-66A4-488B-B628-5714E078E386}.Debug|Any CPU.ActiveCfg = Debug|Any CPU
		{84D7F80C-66A4-488B-B628-5714E078E386}.Debug|Any CPU.Build.0 = Debug|Any CPU
		{84D7F80C-66A4-488B-B628-5714E078E386}.Debug|x64.ActiveCfg = Debug|Any CPU
		{84D7F80C-66A4-488B-B628-5714E078E386}.Debug|x64.Build.0 = Debug|Any CPU
		{84D7F80C-66A4-488B-B628-5714E078E386}.Debug|x86.ActiveCfg = Debug|Any CPU
		{84D7F80C-66A4-488B-B628-5714E078E386}.Debug|x86.Build.0 = Debug|Any CPU
		{84D7F80C-66A4-488B-B628-5714E078E386}.Release|Any CPU.ActiveCfg = Release|Any CPU
		{84D7F80C-66A4-488B-B628-5714E078E386}.Release|Any CPU.Build.0 = Release|Any CPU
		{84D7F80C-66A4-488B-B628-5714E078E386}.Release|x64.ActiveCfg = Release|Any CPU
		{84D7F80C-66A4-488B-B628-5714E078E386}.Release|x64.Build.0 = Release|Any CPU
		{84D7F80C-66A4-488B-B628-5714E078E386}.Release|x86.ActiveCfg = Release|Any CPU
		{84D7F80C-66A4-488B-B628-5714E078E386}.Release|x86.Build.0 = Release|Any CPU
		{D87058C0-A3FF-4641-9283-A208B8B7210F}.Debug|Any CPU.ActiveCfg = Debug|Any CPU
		{D87058C0-A3FF-4641-9283-A208B8B7210F}.Debug|Any CPU.Build.0 = Debug|Any CPU
		{D87058C0-A3FF-4641-9283-A208B8B7210F}.Debug|x64.ActiveCfg = Debug|Any CPU
		{D87058C0-A3FF-4641-9283-A208B8B7210F}.Debug|x64.Build.0 = Debug|Any CPU
		{D87058C0-A3FF-4641-9283-A208B8B7210F}.Debug|x86.ActiveCfg = Debug|Any CPU
		{D87058C0-A3FF-4641-9283-A208B8B7210F}.Debug|x86.Build.0 = Debug|Any CPU
		{D87058C0-A3FF-4641-9283-A208B8B7210F}.Release|Any CPU.ActiveCfg = Release|Any CPU
		{D87058C0-A3FF-4641-9283-A208B8B7210F}.Release|Any CPU.Build.0 = Release|Any CPU
		{D87058C0-A3FF-4641-9283-A208B8B7210F}.Release|x64.ActiveCfg = Release|Any CPU
		{D87058C0-A3FF-4641-9283-A208B8B7210F}.Release|x64.Build.0 = Release|Any CPU
		{D87058C0-A3FF-4641-9283-A208B8B7210F}.Release|x86.ActiveCfg = Release|Any CPU
		{D87058C0-A3FF-4641-9283-A208B8B7210F}.Release|x86.Build.0 = Release|Any CPU
		{4C176189-42A6-4250-A370-452810879DF4}.Debug|Any CPU.ActiveCfg = Debug|Any CPU
		{4C176189-42A6-4250-A370-452810879DF4}.Debug|Any CPU.Build.0 = Debug|Any CPU
		{4C176189-42A6-4250-A370-452810879DF4}.Debug|x64.ActiveCfg = Debug|Any CPU
		{4C176189-42A6-4250-A370-452810879DF4}.Debug|x64.Build.0 = Debug|Any CPU
		{4C176189-42A6-4250-A370-452810879DF4}.Debug|x86.ActiveCfg = Debug|Any CPU
		{4C176189-42A6-4250-A370-452810879DF4}.Debug|x86.Build.0 = Debug|Any CPU
		{4C176189-42A6-4250-A370-452810879DF4}.Release|Any CPU.ActiveCfg = Release|Any CPU
		{4C176189-42A6-4250-A370-452810879DF4}.Release|Any CPU.Build.0 = Release|Any CPU
		{4C176189-42A6-4250-A370-452810879DF4}.Release|x64.ActiveCfg = Release|Any CPU
		{4C176189-42A6-4250-A370-452810879DF4}.Release|x64.Build.0 = Release|Any CPU
		{4C176189-42A6-4250-A370-452810879DF4}.Release|x86.ActiveCfg = Release|Any CPU
		{4C176189-42A6-4250-A370-452810879DF4}.Release|x86.Build.0 = Release|Any CPU
		{349EEAB1-2029-4D07-8703-7180E9621C9C}.Debug|Any CPU.ActiveCfg = Debug|Any CPU
		{349EEAB1-2029-4D07-8703-7180E9621C9C}.Debug|Any CPU.Build.0 = Debug|Any CPU
		{349EEAB1-2029-4D07-8703-7180E9621C9C}.Debug|x64.ActiveCfg = Debug|Any CPU
		{349EEAB1-2029-4D07-8703-7180E9621C9C}.Debug|x64.Build.0 = Debug|Any CPU
		{349EEAB1-2029-4D07-8703-7180E9621C9C}.Debug|x86.ActiveCfg = Debug|Any CPU
		{349EEAB1-2029-4D07-8703-7180E9621C9C}.Debug|x86.Build.0 = Debug|Any CPU
		{349EEAB1-2029-4D07-8703-7180E9621C9C}.Release|Any CPU.ActiveCfg = Release|Any CPU
		{349EEAB1-2029-4D07-8703-7180E9621C9C}.Release|Any CPU.Build.0 = Release|Any CPU
		{349EEAB1-2029-4D07-8703-7180E9621C9C}.Release|x64.ActiveCfg = Release|Any CPU
		{349EEAB1-2029-4D07-8703-7180E9621C9C}.Release|x64.Build.0 = Release|Any CPU
		{349EEAB1-2029-4D07-8703-7180E9621C9C}.Release|x86.ActiveCfg = Release|Any CPU
		{349EEAB1-2029-4D07-8703-7180E9621C9C}.Release|x86.Build.0 = Release|Any CPU
		{D6CB3E0D-D556-41C2-A764-4564AA23A8DE}.Debug|Any CPU.ActiveCfg = Debug|Any CPU
		{D6CB3E0D-D556-41C2-A764-4564AA23A8DE}.Debug|Any CPU.Build.0 = Debug|Any CPU
		{D6CB3E0D-D556-41C2-A764-4564AA23A8DE}.Debug|x64.ActiveCfg = Debug|Any CPU
		{D6CB3E0D-D556-41C2-A764-4564AA23A8DE}.Debug|x64.Build.0 = Debug|Any CPU
		{D6CB3E0D-D556-41C2-A764-4564AA23A8DE}.Debug|x86.ActiveCfg = Debug|Any CPU
		{D6CB3E0D-D556-41C2-A764-4564AA23A8DE}.Debug|x86.Build.0 = Debug|Any CPU
		{D6CB3E0D-D556-41C2-A764-4564AA23A8DE}.Release|Any CPU.ActiveCfg = Release|Any CPU
		{D6CB3E0D-D556-41C2-A764-4564AA23A8DE}.Release|Any CPU.Build.0 = Release|Any CPU
		{D6CB3E0D-D556-41C2-A764-4564AA23A8DE}.Release|x64.ActiveCfg = Release|Any CPU
		{D6CB3E0D-D556-41C2-A764-4564AA23A8DE}.Release|x64.Build.0 = Release|Any CPU
		{D6CB3E0D-D556-41C2-A764-4564AA23A8DE}.Release|x86.ActiveCfg = Release|Any CPU
		{D6CB3E0D-D556-41C2-A764-4564AA23A8DE}.Release|x86.Build.0 = Release|Any CPU
		{24980C78-6A69-44E3-9CE4-339297770167}.Debug|Any CPU.ActiveCfg = Debug|Any CPU
		{24980C78-6A69-44E3-9CE4-339297770167}.Debug|Any CPU.Build.0 = Debug|Any CPU
		{24980C78-6A69-44E3-9CE4-339297770167}.Debug|x64.ActiveCfg = Debug|Any CPU
		{24980C78-6A69-44E3-9CE4-339297770167}.Debug|x64.Build.0 = Debug|Any CPU
		{24980C78-6A69-44E3-9CE4-339297770167}.Debug|x86.ActiveCfg = Debug|Any CPU
		{24980C78-6A69-44E3-9CE4-339297770167}.Debug|x86.Build.0 = Debug|Any CPU
		{24980C78-6A69-44E3-9CE4-339297770167}.Release|Any CPU.ActiveCfg = Release|Any CPU
		{24980C78-6A69-44E3-9CE4-339297770167}.Release|Any CPU.Build.0 = Release|Any CPU
		{24980C78-6A69-44E3-9CE4-339297770167}.Release|x64.ActiveCfg = Release|Any CPU
		{24980C78-6A69-44E3-9CE4-339297770167}.Release|x64.Build.0 = Release|Any CPU
		{24980C78-6A69-44E3-9CE4-339297770167}.Release|x86.ActiveCfg = Release|Any CPU
		{24980C78-6A69-44E3-9CE4-339297770167}.Release|x86.Build.0 = Release|Any CPU
		{28420975-A77A-470B-82B1-4E488884CEFC}.Debug|Any CPU.ActiveCfg = Debug|Any CPU
		{28420975-A77A-470B-82B1-4E488884CEFC}.Debug|Any CPU.Build.0 = Debug|Any CPU
		{28420975-A77A-470B-82B1-4E488884CEFC}.Debug|x64.ActiveCfg = Debug|Any CPU
		{28420975-A77A-470B-82B1-4E488884CEFC}.Debug|x64.Build.0 = Debug|Any CPU
		{28420975-A77A-470B-82B1-4E488884CEFC}.Debug|x86.ActiveCfg = Debug|Any CPU
		{28420975-A77A-470B-82B1-4E488884CEFC}.Debug|x86.Build.0 = Debug|Any CPU
		{28420975-A77A-470B-82B1-4E488884CEFC}.Release|Any CPU.ActiveCfg = Release|Any CPU
		{28420975-A77A-470B-82B1-4E488884CEFC}.Release|Any CPU.Build.0 = Release|Any CPU
		{28420975-A77A-470B-82B1-4E488884CEFC}.Release|x64.ActiveCfg = Release|Any CPU
		{28420975-A77A-470B-82B1-4E488884CEFC}.Release|x64.Build.0 = Release|Any CPU
		{28420975-A77A-470B-82B1-4E488884CEFC}.Release|x86.ActiveCfg = Release|Any CPU
		{28420975-A77A-470B-82B1-4E488884CEFC}.Release|x86.Build.0 = Release|Any CPU
		{7EE39E13-5528-4872-88EB-2253FB0DFB4E}.Debug|Any CPU.ActiveCfg = Debug|Any CPU
		{7EE39E13-5528-4872-88EB-2253FB0DFB4E}.Debug|Any CPU.Build.0 = Debug|Any CPU
		{7EE39E13-5528-4872-88EB-2253FB0DFB4E}.Debug|x64.ActiveCfg = Debug|Any CPU
		{7EE39E13-5528-4872-88EB-2253FB0DFB4E}.Debug|x64.Build.0 = Debug|Any CPU
		{7EE39E13-5528-4872-88EB-2253FB0DFB4E}.Debug|x86.ActiveCfg = Debug|Any CPU
		{7EE39E13-5528-4872-88EB-2253FB0DFB4E}.Debug|x86.Build.0 = Debug|Any CPU
		{7EE39E13-5528-4872-88EB-2253FB0DFB4E}.Release|Any CPU.ActiveCfg = Release|Any CPU
		{7EE39E13-5528-4872-88EB-2253FB0DFB4E}.Release|Any CPU.Build.0 = Release|Any CPU
		{7EE39E13-5528-4872-88EB-2253FB0DFB4E}.Release|x64.ActiveCfg = Release|Any CPU
		{7EE39E13-5528-4872-88EB-2253FB0DFB4E}.Release|x64.Build.0 = Release|Any CPU
		{7EE39E13-5528-4872-88EB-2253FB0DFB4E}.Release|x86.ActiveCfg = Release|Any CPU
		{7EE39E13-5528-4872-88EB-2253FB0DFB4E}.Release|x86.Build.0 = Release|Any CPU
		{9A21F099-DC42-4A0B-849E-C542D8039F86}.Debug|Any CPU.ActiveCfg = Debug|Any CPU
		{9A21F099-DC42-4A0B-849E-C542D8039F86}.Debug|Any CPU.Build.0 = Debug|Any CPU
		{9A21F099-DC42-4A0B-849E-C542D8039F86}.Debug|x64.ActiveCfg = Debug|Any CPU
		{9A21F099-DC42-4A0B-849E-C542D8039F86}.Debug|x64.Build.0 = Debug|Any CPU
		{9A21F099-DC42-4A0B-849E-C542D8039F86}.Debug|x86.ActiveCfg = Debug|Any CPU
		{9A21F099-DC42-4A0B-849E-C542D8039F86}.Debug|x86.Build.0 = Debug|Any CPU
		{9A21F099-DC42-4A0B-849E-C542D8039F86}.Release|Any CPU.ActiveCfg = Release|Any CPU
		{9A21F099-DC42-4A0B-849E-C542D8039F86}.Release|Any CPU.Build.0 = Release|Any CPU
		{9A21F099-DC42-4A0B-849E-C542D8039F86}.Release|x64.ActiveCfg = Release|Any CPU
		{9A21F099-DC42-4A0B-849E-C542D8039F86}.Release|x64.Build.0 = Release|Any CPU
		{9A21F099-DC42-4A0B-849E-C542D8039F86}.Release|x86.ActiveCfg = Release|Any CPU
		{9A21F099-DC42-4A0B-849E-C542D8039F86}.Release|x86.Build.0 = Release|Any CPU
		{E7FCD370-8C0D-43E3-922E-F711E7EA1C6D}.Debug|Any CPU.ActiveCfg = Debug|Any CPU
		{E7FCD370-8C0D-43E3-922E-F711E7EA1C6D}.Debug|Any CPU.Build.0 = Debug|Any CPU
		{E7FCD370-8C0D-43E3-922E-F711E7EA1C6D}.Debug|x64.ActiveCfg = Debug|Any CPU
		{E7FCD370-8C0D-43E3-922E-F711E7EA1C6D}.Debug|x64.Build.0 = Debug|Any CPU
		{E7FCD370-8C0D-43E3-922E-F711E7EA1C6D}.Debug|x86.ActiveCfg = Debug|Any CPU
		{E7FCD370-8C0D-43E3-922E-F711E7EA1C6D}.Debug|x86.Build.0 = Debug|Any CPU
		{E7FCD370-8C0D-43E3-922E-F711E7EA1C6D}.Release|Any CPU.ActiveCfg = Release|Any CPU
		{E7FCD370-8C0D-43E3-922E-F711E7EA1C6D}.Release|Any CPU.Build.0 = Release|Any CPU
		{E7FCD370-8C0D-43E3-922E-F711E7EA1C6D}.Release|x64.ActiveCfg = Release|Any CPU
		{E7FCD370-8C0D-43E3-922E-F711E7EA1C6D}.Release|x64.Build.0 = Release|Any CPU
		{E7FCD370-8C0D-43E3-922E-F711E7EA1C6D}.Release|x86.ActiveCfg = Release|Any CPU
		{E7FCD370-8C0D-43E3-922E-F711E7EA1C6D}.Release|x86.Build.0 = Release|Any CPU
		{B6361380-27A8-4CBE-BF1F-B9AB4114E1EE}.Debug|Any CPU.ActiveCfg = Debug|Any CPU
		{B6361380-27A8-4CBE-BF1F-B9AB4114E1EE}.Debug|Any CPU.Build.0 = Debug|Any CPU
		{B6361380-27A8-4CBE-BF1F-B9AB4114E1EE}.Debug|x64.ActiveCfg = Debug|Any CPU
		{B6361380-27A8-4CBE-BF1F-B9AB4114E1EE}.Debug|x64.Build.0 = Debug|Any CPU
		{B6361380-27A8-4CBE-BF1F-B9AB4114E1EE}.Debug|x86.ActiveCfg = Debug|Any CPU
		{B6361380-27A8-4CBE-BF1F-B9AB4114E1EE}.Debug|x86.Build.0 = Debug|Any CPU
		{B6361380-27A8-4CBE-BF1F-B9AB4114E1EE}.Release|Any CPU.ActiveCfg = Release|Any CPU
		{B6361380-27A8-4CBE-BF1F-B9AB4114E1EE}.Release|Any CPU.Build.0 = Release|Any CPU
		{B6361380-27A8-4CBE-BF1F-B9AB4114E1EE}.Release|x64.ActiveCfg = Release|Any CPU
		{B6361380-27A8-4CBE-BF1F-B9AB4114E1EE}.Release|x64.Build.0 = Release|Any CPU
		{B6361380-27A8-4CBE-BF1F-B9AB4114E1EE}.Release|x86.ActiveCfg = Release|Any CPU
		{B6361380-27A8-4CBE-BF1F-B9AB4114E1EE}.Release|x86.Build.0 = Release|Any CPU
		{DCF795A3-BB5A-4BD1-B3D6-9DF9FF673AAE}.Debug|Any CPU.ActiveCfg = Debug|Any CPU
		{DCF795A3-BB5A-4BD1-B3D6-9DF9FF673AAE}.Debug|Any CPU.Build.0 = Debug|Any CPU
		{DCF795A3-BB5A-4BD1-B3D6-9DF9FF673AAE}.Debug|x64.ActiveCfg = Debug|Any CPU
		{DCF795A3-BB5A-4BD1-B3D6-9DF9FF673AAE}.Debug|x64.Build.0 = Debug|Any CPU
		{DCF795A3-BB5A-4BD1-B3D6-9DF9FF673AAE}.Debug|x86.ActiveCfg = Debug|Any CPU
		{DCF795A3-BB5A-4BD1-B3D6-9DF9FF673AAE}.Debug|x86.Build.0 = Debug|Any CPU
		{DCF795A3-BB5A-4BD1-B3D6-9DF9FF673AAE}.Release|Any CPU.ActiveCfg = Release|Any CPU
		{DCF795A3-BB5A-4BD1-B3D6-9DF9FF673AAE}.Release|Any CPU.Build.0 = Release|Any CPU
		{DCF795A3-BB5A-4BD1-B3D6-9DF9FF673AAE}.Release|x64.ActiveCfg = Release|Any CPU
		{DCF795A3-BB5A-4BD1-B3D6-9DF9FF673AAE}.Release|x64.Build.0 = Release|Any CPU
		{DCF795A3-BB5A-4BD1-B3D6-9DF9FF673AAE}.Release|x86.ActiveCfg = Release|Any CPU
		{DCF795A3-BB5A-4BD1-B3D6-9DF9FF673AAE}.Release|x86.Build.0 = Release|Any CPU
		{566AC871-E211-4FA0-954D-16A28FFF6859}.Debug|Any CPU.ActiveCfg = Debug|Any CPU
		{566AC871-E211-4FA0-954D-16A28FFF6859}.Debug|Any CPU.Build.0 = Debug|Any CPU
		{566AC871-E211-4FA0-954D-16A28FFF6859}.Debug|x64.ActiveCfg = Debug|Any CPU
		{566AC871-E211-4FA0-954D-16A28FFF6859}.Debug|x64.Build.0 = Debug|Any CPU
		{566AC871-E211-4FA0-954D-16A28FFF6859}.Debug|x86.ActiveCfg = Debug|Any CPU
		{566AC871-E211-4FA0-954D-16A28FFF6859}.Debug|x86.Build.0 = Debug|Any CPU
		{566AC871-E211-4FA0-954D-16A28FFF6859}.Release|Any CPU.ActiveCfg = Release|Any CPU
		{566AC871-E211-4FA0-954D-16A28FFF6859}.Release|Any CPU.Build.0 = Release|Any CPU
		{566AC871-E211-4FA0-954D-16A28FFF6859}.Release|x64.ActiveCfg = Release|Any CPU
		{566AC871-E211-4FA0-954D-16A28FFF6859}.Release|x64.Build.0 = Release|Any CPU
		{566AC871-E211-4FA0-954D-16A28FFF6859}.Release|x86.ActiveCfg = Release|Any CPU
		{566AC871-E211-4FA0-954D-16A28FFF6859}.Release|x86.Build.0 = Release|Any CPU
		{E94663BD-4B5D-4C6D-991E-FBEB755D7611}.Debug|Any CPU.ActiveCfg = Debug|Any CPU
		{E94663BD-4B5D-4C6D-991E-FBEB755D7611}.Debug|Any CPU.Build.0 = Debug|Any CPU
		{E94663BD-4B5D-4C6D-991E-FBEB755D7611}.Debug|x64.ActiveCfg = Debug|Any CPU
		{E94663BD-4B5D-4C6D-991E-FBEB755D7611}.Debug|x64.Build.0 = Debug|Any CPU
		{E94663BD-4B5D-4C6D-991E-FBEB755D7611}.Debug|x86.ActiveCfg = Debug|Any CPU
		{E94663BD-4B5D-4C6D-991E-FBEB755D7611}.Debug|x86.Build.0 = Debug|Any CPU
		{E94663BD-4B5D-4C6D-991E-FBEB755D7611}.Release|Any CPU.ActiveCfg = Release|Any CPU
		{E94663BD-4B5D-4C6D-991E-FBEB755D7611}.Release|Any CPU.Build.0 = Release|Any CPU
		{E94663BD-4B5D-4C6D-991E-FBEB755D7611}.Release|x64.ActiveCfg = Release|Any CPU
		{E94663BD-4B5D-4C6D-991E-FBEB755D7611}.Release|x64.Build.0 = Release|Any CPU
		{E94663BD-4B5D-4C6D-991E-FBEB755D7611}.Release|x86.ActiveCfg = Release|Any CPU
		{E94663BD-4B5D-4C6D-991E-FBEB755D7611}.Release|x86.Build.0 = Release|Any CPU
		{3D89BC25-A672-4446-BD65-F1FA579C9FA4}.Debug|Any CPU.ActiveCfg = Debug|Any CPU
		{3D89BC25-A672-4446-BD65-F1FA579C9FA4}.Debug|Any CPU.Build.0 = Debug|Any CPU
		{3D89BC25-A672-4446-BD65-F1FA579C9FA4}.Debug|x64.ActiveCfg = Debug|Any CPU
		{3D89BC25-A672-4446-BD65-F1FA579C9FA4}.Debug|x64.Build.0 = Debug|Any CPU
		{3D89BC25-A672-4446-BD65-F1FA579C9FA4}.Debug|x86.ActiveCfg = Debug|Any CPU
		{3D89BC25-A672-4446-BD65-F1FA579C9FA4}.Debug|x86.Build.0 = Debug|Any CPU
		{3D89BC25-A672-4446-BD65-F1FA579C9FA4}.Release|Any CPU.ActiveCfg = Release|Any CPU
		{3D89BC25-A672-4446-BD65-F1FA579C9FA4}.Release|Any CPU.Build.0 = Release|Any CPU
		{3D89BC25-A672-4446-BD65-F1FA579C9FA4}.Release|x64.ActiveCfg = Release|Any CPU
		{3D89BC25-A672-4446-BD65-F1FA579C9FA4}.Release|x64.Build.0 = Release|Any CPU
		{3D89BC25-A672-4446-BD65-F1FA579C9FA4}.Release|x86.ActiveCfg = Release|Any CPU
		{3D89BC25-A672-4446-BD65-F1FA579C9FA4}.Release|x86.Build.0 = Release|Any CPU
		{94402D19-1AC5-460C-A94F-5DB4CDC1D020}.Debug|Any CPU.ActiveCfg = Debug|Any CPU
		{94402D19-1AC5-460C-A94F-5DB4CDC1D020}.Debug|Any CPU.Build.0 = Debug|Any CPU
		{94402D19-1AC5-460C-A94F-5DB4CDC1D020}.Debug|x64.ActiveCfg = Debug|Any CPU
		{94402D19-1AC5-460C-A94F-5DB4CDC1D020}.Debug|x64.Build.0 = Debug|Any CPU
		{94402D19-1AC5-460C-A94F-5DB4CDC1D020}.Debug|x86.ActiveCfg = Debug|Any CPU
		{94402D19-1AC5-460C-A94F-5DB4CDC1D020}.Debug|x86.Build.0 = Debug|Any CPU
		{94402D19-1AC5-460C-A94F-5DB4CDC1D020}.Release|Any CPU.ActiveCfg = Release|Any CPU
		{94402D19-1AC5-460C-A94F-5DB4CDC1D020}.Release|Any CPU.Build.0 = Release|Any CPU
		{94402D19-1AC5-460C-A94F-5DB4CDC1D020}.Release|x64.ActiveCfg = Release|Any CPU
		{94402D19-1AC5-460C-A94F-5DB4CDC1D020}.Release|x64.Build.0 = Release|Any CPU
		{94402D19-1AC5-460C-A94F-5DB4CDC1D020}.Release|x86.ActiveCfg = Release|Any CPU
		{94402D19-1AC5-460C-A94F-5DB4CDC1D020}.Release|x86.Build.0 = Release|Any CPU
		{160C016C-EDC0-44D9-BEEC-A5336822C513}.Debug|Any CPU.ActiveCfg = Debug|Any CPU
		{160C016C-EDC0-44D9-BEEC-A5336822C513}.Debug|Any CPU.Build.0 = Debug|Any CPU
		{160C016C-EDC0-44D9-BEEC-A5336822C513}.Debug|x64.ActiveCfg = Debug|Any CPU
		{160C016C-EDC0-44D9-BEEC-A5336822C513}.Debug|x64.Build.0 = Debug|Any CPU
		{160C016C-EDC0-44D9-BEEC-A5336822C513}.Debug|x86.ActiveCfg = Debug|Any CPU
		{160C016C-EDC0-44D9-BEEC-A5336822C513}.Debug|x86.Build.0 = Debug|Any CPU
		{160C016C-EDC0-44D9-BEEC-A5336822C513}.Release|Any CPU.ActiveCfg = Release|Any CPU
		{160C016C-EDC0-44D9-BEEC-A5336822C513}.Release|Any CPU.Build.0 = Release|Any CPU
		{160C016C-EDC0-44D9-BEEC-A5336822C513}.Release|x64.ActiveCfg = Release|Any CPU
		{160C016C-EDC0-44D9-BEEC-A5336822C513}.Release|x64.Build.0 = Release|Any CPU
		{160C016C-EDC0-44D9-BEEC-A5336822C513}.Release|x86.ActiveCfg = Release|Any CPU
		{160C016C-EDC0-44D9-BEEC-A5336822C513}.Release|x86.Build.0 = Release|Any CPU
		{B6B909D2-30E0-4426-B44B-7E1174FA19E1}.Debug|Any CPU.ActiveCfg = Debug|Any CPU
		{B6B909D2-30E0-4426-B44B-7E1174FA19E1}.Debug|Any CPU.Build.0 = Debug|Any CPU
		{B6B909D2-30E0-4426-B44B-7E1174FA19E1}.Debug|x64.ActiveCfg = Debug|Any CPU
		{B6B909D2-30E0-4426-B44B-7E1174FA19E1}.Debug|x64.Build.0 = Debug|Any CPU
		{B6B909D2-30E0-4426-B44B-7E1174FA19E1}.Debug|x86.ActiveCfg = Debug|Any CPU
		{B6B909D2-30E0-4426-B44B-7E1174FA19E1}.Debug|x86.Build.0 = Debug|Any CPU
		{B6B909D2-30E0-4426-B44B-7E1174FA19E1}.Release|Any CPU.ActiveCfg = Release|Any CPU
		{B6B909D2-30E0-4426-B44B-7E1174FA19E1}.Release|Any CPU.Build.0 = Release|Any CPU
		{B6B909D2-30E0-4426-B44B-7E1174FA19E1}.Release|x64.ActiveCfg = Release|Any CPU
		{B6B909D2-30E0-4426-B44B-7E1174FA19E1}.Release|x64.Build.0 = Release|Any CPU
		{B6B909D2-30E0-4426-B44B-7E1174FA19E1}.Release|x86.ActiveCfg = Release|Any CPU
		{B6B909D2-30E0-4426-B44B-7E1174FA19E1}.Release|x86.Build.0 = Release|Any CPU
		{56CE075C-50A4-4303-8AB6-469124B4D78B}.Debug|Any CPU.ActiveCfg = Debug|Any CPU
		{56CE075C-50A4-4303-8AB6-469124B4D78B}.Debug|Any CPU.Build.0 = Debug|Any CPU
		{56CE075C-50A4-4303-8AB6-469124B4D78B}.Debug|x64.ActiveCfg = Debug|Any CPU
		{56CE075C-50A4-4303-8AB6-469124B4D78B}.Debug|x64.Build.0 = Debug|Any CPU
		{56CE075C-50A4-4303-8AB6-469124B4D78B}.Debug|x86.ActiveCfg = Debug|Any CPU
		{56CE075C-50A4-4303-8AB6-469124B4D78B}.Debug|x86.Build.0 = Debug|Any CPU
		{56CE075C-50A4-4303-8AB6-469124B4D78B}.Release|Any CPU.ActiveCfg = Release|Any CPU
		{56CE075C-50A4-4303-8AB6-469124B4D78B}.Release|Any CPU.Build.0 = Release|Any CPU
		{56CE075C-50A4-4303-8AB6-469124B4D78B}.Release|x64.ActiveCfg = Release|Any CPU
		{56CE075C-50A4-4303-8AB6-469124B4D78B}.Release|x64.Build.0 = Release|Any CPU
		{56CE075C-50A4-4303-8AB6-469124B4D78B}.Release|x86.ActiveCfg = Release|Any CPU
		{56CE075C-50A4-4303-8AB6-469124B4D78B}.Release|x86.Build.0 = Release|Any CPU
		{A4F6FA33-54CD-491D-A8BA-BB16240A12BB}.Debug|Any CPU.ActiveCfg = Debug|Any CPU
		{A4F6FA33-54CD-491D-A8BA-BB16240A12BB}.Debug|Any CPU.Build.0 = Debug|Any CPU
		{A4F6FA33-54CD-491D-A8BA-BB16240A12BB}.Debug|x64.ActiveCfg = Debug|Any CPU
		{A4F6FA33-54CD-491D-A8BA-BB16240A12BB}.Debug|x64.Build.0 = Debug|Any CPU
		{A4F6FA33-54CD-491D-A8BA-BB16240A12BB}.Debug|x86.ActiveCfg = Debug|Any CPU
		{A4F6FA33-54CD-491D-A8BA-BB16240A12BB}.Debug|x86.Build.0 = Debug|Any CPU
		{A4F6FA33-54CD-491D-A8BA-BB16240A12BB}.Release|Any CPU.ActiveCfg = Release|Any CPU
		{A4F6FA33-54CD-491D-A8BA-BB16240A12BB}.Release|Any CPU.Build.0 = Release|Any CPU
		{A4F6FA33-54CD-491D-A8BA-BB16240A12BB}.Release|x64.ActiveCfg = Release|Any CPU
		{A4F6FA33-54CD-491D-A8BA-BB16240A12BB}.Release|x64.Build.0 = Release|Any CPU
		{A4F6FA33-54CD-491D-A8BA-BB16240A12BB}.Release|x86.ActiveCfg = Release|Any CPU
		{A4F6FA33-54CD-491D-A8BA-BB16240A12BB}.Release|x86.Build.0 = Release|Any CPU
		{22B5FE82-2FFB-4143-BD74-7118146B2B5B}.Debug|Any CPU.ActiveCfg = Debug|Any CPU
		{22B5FE82-2FFB-4143-BD74-7118146B2B5B}.Debug|Any CPU.Build.0 = Debug|Any CPU
		{22B5FE82-2FFB-4143-BD74-7118146B2B5B}.Debug|x64.ActiveCfg = Debug|Any CPU
		{22B5FE82-2FFB-4143-BD74-7118146B2B5B}.Debug|x64.Build.0 = Debug|Any CPU
		{22B5FE82-2FFB-4143-BD74-7118146B2B5B}.Debug|x86.ActiveCfg = Debug|Any CPU
		{22B5FE82-2FFB-4143-BD74-7118146B2B5B}.Debug|x86.Build.0 = Debug|Any CPU
		{22B5FE82-2FFB-4143-BD74-7118146B2B5B}.Release|Any CPU.ActiveCfg = Release|Any CPU
		{22B5FE82-2FFB-4143-BD74-7118146B2B5B}.Release|Any CPU.Build.0 = Release|Any CPU
		{22B5FE82-2FFB-4143-BD74-7118146B2B5B}.Release|x64.ActiveCfg = Release|Any CPU
		{22B5FE82-2FFB-4143-BD74-7118146B2B5B}.Release|x64.Build.0 = Release|Any CPU
		{22B5FE82-2FFB-4143-BD74-7118146B2B5B}.Release|x86.ActiveCfg = Release|Any CPU
		{22B5FE82-2FFB-4143-BD74-7118146B2B5B}.Release|x86.Build.0 = Release|Any CPU
		{C2E4C9F2-514A-4E2A-876C-286BBC190869}.Debug|Any CPU.ActiveCfg = Debug|Any CPU
		{C2E4C9F2-514A-4E2A-876C-286BBC190869}.Debug|Any CPU.Build.0 = Debug|Any CPU
		{C2E4C9F2-514A-4E2A-876C-286BBC190869}.Debug|x64.ActiveCfg = Debug|Any CPU
		{C2E4C9F2-514A-4E2A-876C-286BBC190869}.Debug|x64.Build.0 = Debug|Any CPU
		{C2E4C9F2-514A-4E2A-876C-286BBC190869}.Debug|x86.ActiveCfg = Debug|Any CPU
		{C2E4C9F2-514A-4E2A-876C-286BBC190869}.Debug|x86.Build.0 = Debug|Any CPU
		{C2E4C9F2-514A-4E2A-876C-286BBC190869}.Release|Any CPU.ActiveCfg = Release|Any CPU
		{C2E4C9F2-514A-4E2A-876C-286BBC190869}.Release|Any CPU.Build.0 = Release|Any CPU
		{C2E4C9F2-514A-4E2A-876C-286BBC190869}.Release|x64.ActiveCfg = Release|Any CPU
		{C2E4C9F2-514A-4E2A-876C-286BBC190869}.Release|x64.Build.0 = Release|Any CPU
		{C2E4C9F2-514A-4E2A-876C-286BBC190869}.Release|x86.ActiveCfg = Release|Any CPU
		{C2E4C9F2-514A-4E2A-876C-286BBC190869}.Release|x86.Build.0 = Release|Any CPU
		{5447F9BA-1C88-4143-8D8B-4478B3116BBE}.Debug|Any CPU.ActiveCfg = Debug|Any CPU
		{5447F9BA-1C88-4143-8D8B-4478B3116BBE}.Debug|Any CPU.Build.0 = Debug|Any CPU
		{5447F9BA-1C88-4143-8D8B-4478B3116BBE}.Debug|x64.ActiveCfg = Debug|Any CPU
		{5447F9BA-1C88-4143-8D8B-4478B3116BBE}.Debug|x64.Build.0 = Debug|Any CPU
		{5447F9BA-1C88-4143-8D8B-4478B3116BBE}.Debug|x86.ActiveCfg = Debug|Any CPU
		{5447F9BA-1C88-4143-8D8B-4478B3116BBE}.Debug|x86.Build.0 = Debug|Any CPU
		{5447F9BA-1C88-4143-8D8B-4478B3116BBE}.Release|Any CPU.ActiveCfg = Release|Any CPU
		{5447F9BA-1C88-4143-8D8B-4478B3116BBE}.Release|Any CPU.Build.0 = Release|Any CPU
		{5447F9BA-1C88-4143-8D8B-4478B3116BBE}.Release|x64.ActiveCfg = Release|Any CPU
		{5447F9BA-1C88-4143-8D8B-4478B3116BBE}.Release|x64.Build.0 = Release|Any CPU
		{5447F9BA-1C88-4143-8D8B-4478B3116BBE}.Release|x86.ActiveCfg = Release|Any CPU
		{5447F9BA-1C88-4143-8D8B-4478B3116BBE}.Release|x86.Build.0 = Release|Any CPU
	EndGlobalSection
	GlobalSection(SolutionProperties) = preSolution
		HideSolutionNode = FALSE
	EndGlobalSection
	GlobalSection(NestedProjects) = preSolution
		{E30AAF61-3054-4557-8049-DB54EE15F4B9} = {18A66334-599D-4740-9E8D-86AD0799DC7E}
		{E8161CE4-1535-4630-A1EC-A03B2E2A2EAE} = {88503AF2-B447-4DCB-9EEC-7BFD060D532C}
		{ED215A18-2B85-45FB-8879-3ADE61BE49D5} = {88503AF2-B447-4DCB-9EEC-7BFD060D532C}
		{ADB78CCE-F859-41EF-896D-3759783465E9} = {6140EE31-9271-4D28-A5A3-9521F01D5BD1}
		{F4C6E471-3D63-4852-AD2B-8679533942AC} = {97E8AA03-D5F5-44A6-8BF0-D6EF68653C20}
		{0ADEB9A3-0964-4AAB-9399-A72C10B46C49} = {97E8AA03-D5F5-44A6-8BF0-D6EF68653C20}
		{00A04A96-C8CB-423E-BB8F-8B7FD4B43B9E} = {8B798FFD-C7A3-4488-B9DC-68032F34026F}
		{D104EF2E-5033-47DF-A46C-73652497C5FF} = {8B798FFD-C7A3-4488-B9DC-68032F34026F}
		{11AEA1F2-211C-4A31-A75E-7EBE096EB88E} = {6B3227FC-C7F4-4E4B-B1E2-52E495FA6F24}
		{B7AE256E-BE19-44EC-979A-BFC97B058E67} = {6B3227FC-C7F4-4E4B-B1E2-52E495FA6F24}
		{E057FAAB-3936-45F5-87EE-5A557FB9502B} = {6B3227FC-C7F4-4E4B-B1E2-52E495FA6F24}
		{2E15B56B-9FAC-4988-904B-71EF7135CFC1} = {18A66334-599D-4740-9E8D-86AD0799DC7E}
		{21CDD863-5E35-4F2A-B14D-B16D15B40CA9} = {6B3227FC-C7F4-4E4B-B1E2-52E495FA6F24}
		{4CA9BC1E-6368-401A-9128-E8FD490232D2} = {4FB99D76-5293-4428-9450-9213351ED9BC}
		{87D7A290-4D7E-4CAA-B669-F89A6AF0AC0C} = {4FB99D76-5293-4428-9450-9213351ED9BC}
		{41DB2289-20A6-4F69-9D50-9F71186DE790} = {599EC204-AA11-47D0-BC6D-E37F71486D91}
		{72AF8B02-C9A3-48DD-A996-D19F72D29E33} = {0B1FC8EE-951B-4732-9D14-9BAEC12F781B}
		{A48340B9-2D91-43F6-826B-3CDC0040059B} = {0B1FC8EE-951B-4732-9D14-9BAEC12F781B}
		{08F974C2-CD9F-4718-A56A-B305B4CFB41D} = {0B1FC8EE-951B-4732-9D14-9BAEC12F781B}
		{AF7374E1-9E77-4522-9324-DDB8E34164FF} = {0B1FC8EE-951B-4732-9D14-9BAEC12F781B}
		{3CBDE9B7-CED3-4EEA-BB25-023557C5F5C1} = {8B798FFD-C7A3-4488-B9DC-68032F34026F}
		{AC0C5740-7C53-460B-BA9E-1F8257199498} = {8B798FFD-C7A3-4488-B9DC-68032F34026F}
		{8678A6EB-3F5F-4792-9170-EBDE57403A7F} = {6140EE31-9271-4D28-A5A3-9521F01D5BD1}
		{84D7F80C-66A4-488B-B628-5714E078E386} = {DAB02522-56A0-462D-89B7-854985E57B07}
		{D87058C0-A3FF-4641-9283-A208B8B7210F} = {DAB02522-56A0-462D-89B7-854985E57B07}
		{4C176189-42A6-4250-A370-452810879DF4} = {DAB02522-56A0-462D-89B7-854985E57B07}
		{349EEAB1-2029-4D07-8703-7180E9621C9C} = {DAB02522-56A0-462D-89B7-854985E57B07}
		{D6CB3E0D-D556-41C2-A764-4564AA23A8DE} = {DAB02522-56A0-462D-89B7-854985E57B07}
		{24980C78-6A69-44E3-9CE4-339297770167} = {8B798FFD-C7A3-4488-B9DC-68032F34026F}
		{28420975-A77A-470B-82B1-4E488884CEFC} = {F684EC45-347F-40EC-8541-343B3FD6EAD5}
		{7EE39E13-5528-4872-88EB-2253FB0DFB4E} = {416246D2-967F-4176-B3BB-726D31661DEB}
		{9A21F099-DC42-4A0B-849E-C542D8039F86} = {416246D2-967F-4176-B3BB-726D31661DEB}
		{E7FCD370-8C0D-43E3-922E-F711E7EA1C6D} = {BC592FCA-70D5-43B5-8084-A14FFE64ABD5}
		{B6361380-27A8-4CBE-BF1F-B9AB4114E1EE} = {97E8AA03-D5F5-44A6-8BF0-D6EF68653C20}
		{DCF795A3-BB5A-4BD1-B3D6-9DF9FF673AAE} = {97E8AA03-D5F5-44A6-8BF0-D6EF68653C20}
		{566AC871-E211-4FA0-954D-16A28FFF6859} = {97E8AA03-D5F5-44A6-8BF0-D6EF68653C20}
		{E94663BD-4B5D-4C6D-991E-FBEB755D7611} = {97E8AA03-D5F5-44A6-8BF0-D6EF68653C20}
		{3D89BC25-A672-4446-BD65-F1FA579C9FA4} = {97E8AA03-D5F5-44A6-8BF0-D6EF68653C20}
		{94402D19-1AC5-460C-A94F-5DB4CDC1D020} = {97E8AA03-D5F5-44A6-8BF0-D6EF68653C20}
		{160C016C-EDC0-44D9-BEEC-A5336822C513} = {97E8AA03-D5F5-44A6-8BF0-D6EF68653C20}
		{B6B909D2-30E0-4426-B44B-7E1174FA19E1} = {18A66334-599D-4740-9E8D-86AD0799DC7E}
		{56CE075C-50A4-4303-8AB6-469124B4D78B} = {0DE51CFF-7326-4BAA-AB53-3E37B5D44792}
		{A4F6FA33-54CD-491D-A8BA-BB16240A12BB} = {0DE51CFF-7326-4BAA-AB53-3E37B5D44792}
		{22B5FE82-2FFB-4143-BD74-7118146B2B5B} = {0DE51CFF-7326-4BAA-AB53-3E37B5D44792}
		{C2E4C9F2-514A-4E2A-876C-286BBC190869} = {599EC204-AA11-47D0-BC6D-E37F71486D91}
		{5447F9BA-1C88-4143-8D8B-4478B3116BBE} = {599EC204-AA11-47D0-BC6D-E37F71486D91}
	EndGlobalSection
	GlobalSection(ExtensibilityGlobals) = postSolution
		SolutionGuid = {6F48E9A7-1366-4AD7-B870-5DC3C142DDBE}
	EndGlobalSection
EndGlobal
