
Microsoft Visual Studio Solution File, Format Version 12.00
# Visual Studio Version 17
VisualStudioVersion = 17.7.34221.43
MinimumVisualStudioVersion = 10.0.40219.1
Project("{9A19103F-16F7-4668-BE54-9A1E7A4F7556}") = "WebHostSample", "WebHostSample\WebHostSample.csproj", "{E2580BEC-DC30-4FF9-A236-99A544EA16A6}"
EndProject
Project("{9A19103F-16F7-4668-BE54-9A1E7A4F7556}") = "WebApiSample", "WebApiSample\WebApiSample.csproj", "{00D81B5B-E39E-4750-ABB9-7D309630C6CF}"
EndProject
Project("{9A19103F-16F7-4668-BE54-9A1E7A4F7556}") = "GRpcSample", "GRpcSample\GRpcSample.csproj", "{2860E01E-7789-4DB0-80FC-85F6FAFC3665}"
EndProject
Project("{9A19103F-16F7-4668-BE54-9A1E7A4F7556}") = "GRpcClientSample", "GRpcClientSample\GRpcClientSample.csproj", "{F92B76B0-B350-4078-9139-8C6A16057894}"
EndProject
Project("{9A19103F-16F7-4668-BE54-9A1E7A4F7556}") = "XUnitTestSample", "XUnitTestSample\XUnitTestSample.csproj", "{3BAEAD1D-B5C3-4452-8B96-B643835DA998}"
EndProject
Project("{9A19103F-16F7-4668-BE54-9A1E7A4F7556}") = "JsonSample", "JsonSample\JsonSample.csproj", "{D219F83D-7C6F-4078-8479-90CD76C4AD64}"
EndProject
Project("{9A19103F-16F7-4668-BE54-9A1E7A4F7556}") = "LoggingSample", "LoggingSample\LoggingSample.csproj", "{57C1709A-0C0E-4C3B-8819-EA03625AD271}"
EndProject
Project("{9A19103F-16F7-4668-BE54-9A1E7A4F7556}") = "DISample", "DISample\DISample.csproj", "{73FF27C2-DDC3-45A8-926A-EB89ABF53BCD}"
EndProject
Project("{9A19103F-16F7-4668-BE54-9A1E7A4F7556}") = "StartProcess", "StartProcess\StartProcess.csproj", "{6DF4CA28-FFDF-4F40-B2D9-B32B8948EC4D}"
EndProject
Project("{9A19103F-16F7-4668-BE54-9A1E7A4F7556}") = "MutexSample", "MutexSample\MutexSample.csproj", "{73EBA3D8-FE86-44E3-AF95-D8AEF241A3EB}"
EndProject
Project("{9A19103F-16F7-4668-BE54-9A1E7A4F7556}") = "PathHash", "PathHash\PathHash.csproj", "{934651BE-85B6-48F4-80BD-DC2D8831E9B8}"
EndProject
Project("{9A19103F-16F7-4668-BE54-9A1E7A4F7556}") = "WriteSharedFile", "WriteSharedFile\WriteSharedFile.csproj", "{3F71B742-CE50-4491-A70D-E4E4B9CEC4CF}"
EndProject
Project("{2150E333-8FDC-42A3-9474-1A3956D46DE8}") = "HostedService", "HostedService", "{18A66334-599D-4740-9E8D-86AD0799DC7E}"
EndProject
Project("{9A19103F-16F7-4668-BE54-9A1E7A4F7556}") = "EmptyWorker", "HostedService\EmptyWorker\EmptyWorker.csproj", "{E30AAF61-3054-4557-8049-DB54EE15F4B9}"
EndProject
Project("{9A19103F-16F7-4668-BE54-9A1E7A4F7556}") = "ServiceConfiguration", "HostedService\ServiceConfiguration\ServiceConfiguration.csproj", "{E2780144-2606-490D-9A65-7370168D5C19}"
EndProject
Project("{2150E333-8FDC-42A3-9474-1A3956D46DE8}") = "Plugins", "Plugins", "{AF288630-EA0D-40ED-96D3-D4987817BE6B}"
EndProject
Project("{9A19103F-16F7-4668-BE54-9A1E7A4F7556}") = "AppWithPlugin", "Plugins\AppWithPlugin\AppWithPlugin.csproj", "{0D4318A3-C314-400C-9446-1CB94308E8A9}"
EndProject
Project("{9A19103F-16F7-4668-BE54-9A1E7A4F7556}") = "HelloPlugin", "Plugins\HelloPlugin\HelloPlugin.csproj", "{4C47563C-6542-4857-BD78-DD5F8EF6534B}"
EndProject
Project("{9A19103F-16F7-4668-BE54-9A1E7A4F7556}") = "JsonPlugin", "Plugins\JsonPlugin\JsonPlugin.csproj", "{2B807FF1-30FA-462F-93A9-F58CEFF0818D}"
EndProject
Project("{9A19103F-16F7-4668-BE54-9A1E7A4F7556}") = "OldJsonPlugin", "Plugins\OldJsonPlugin\OldJsonPlugin.csproj", "{C6315A4D-E1FE-4F57-BEAB-703C3325B69E}"
EndProject
Project("{9A19103F-16F7-4668-BE54-9A1E7A4F7556}") = "PluginBase", "Plugins\PluginBase\PluginBase.csproj", "{24361530-B990-4F0C-B054-5DF02C61D9EC}"
EndProject
Project("{2150E333-8FDC-42A3-9474-1A3956D46DE8}") = "Timers", "Timers", "{88503AF2-B447-4DCB-9EEC-7BFD060D532C}"
EndProject
Project("{9A19103F-16F7-4668-BE54-9A1E7A4F7556}") = "SystemTimer", "Timers\SystemTimer\SystemTimer.csproj", "{E8161CE4-1535-4630-A1EC-A03B2E2A2EAE}"
EndProject
Project("{9A19103F-16F7-4668-BE54-9A1E7A4F7556}") = "ThreadTimer", "Timers\ThreadTimer\ThreadTimer.csproj", "{ED215A18-2B85-45FB-8879-3ADE61BE49D5}"
EndProject
Project("{2150E333-8FDC-42A3-9474-1A3956D46DE8}") = "Configuration", "Configuration", "{6140EE31-9271-4D28-A5A3-9521F01D5BD1}"
EndProject
Project("{9A19103F-16F7-4668-BE54-9A1E7A4F7556}") = "ConsoleConfiguration", "Configuration\ConsoleConfiguration\ConsoleConfiguration.csproj", "{ADB78CCE-F859-41EF-896D-3759783465E9}"
EndProject
Project("{2150E333-8FDC-42A3-9474-1A3956D46DE8}") = "Tasks", "Tasks", "{97E8AA03-D5F5-44A6-8BF0-D6EF68653C20}"
EndProject
Project("{FAE04EC0-301F-11D3-BF4B-00C04F79EFBC}") = "TaskAndEvent", "Tasks\TaskAndEvent\TaskAndEvent.csproj", "{F4C6E471-3D63-4852-AD2B-8679533942AC}"
EndProject
Project("{FAE04EC0-301F-11D3-BF4B-00C04F79EFBC}") = "TaskAndEventInWPF", "Tasks\TaskAndEventInWPF\TaskAndEventInWPF.csproj", "{0ADEB9A3-0964-4AAB-9399-A72C10B46C49}"
EndProject
Project("{FAE04EC0-301F-11D3-BF4B-00C04F79EFBC}") = "TaskSample", "Tasks\TaskSample\TaskSample.csproj", "{8E413C4B-ECB2-43A9-9AD2-56CF32B96C7F}"
EndProject
Global
	GlobalSection(SolutionConfigurationPlatforms) = preSolution
		Debug|Any CPU = Debug|Any CPU
		Debug|x64 = Debug|x64
		Debug|x86 = Debug|x86
		Release|Any CPU = Release|Any CPU
		Release|x64 = Release|x64
		Release|x86 = Release|x86
	EndGlobalSection
	GlobalSection(ProjectConfigurationPlatforms) = postSolution
		{E2580BEC-DC30-4FF9-A236-99A544EA16A6}.Debug|Any CPU.ActiveCfg = Debug|Any CPU
		{E2580BEC-DC30-4FF9-A236-99A544EA16A6}.Debug|Any CPU.Build.0 = Debug|Any CPU
		{E2580BEC-DC30-4FF9-A236-99A544EA16A6}.Debug|x64.ActiveCfg = Debug|Any CPU
		{E2580BEC-DC30-4FF9-A236-99A544EA16A6}.Debug|x64.Build.0 = Debug|Any CPU
		{E2580BEC-DC30-4FF9-A236-99A544EA16A6}.Debug|x86.ActiveCfg = Debug|Any CPU
		{E2580BEC-DC30-4FF9-A236-99A544EA16A6}.Debug|x86.Build.0 = Debug|Any CPU
		{E2580BEC-DC30-4FF9-A236-99A544EA16A6}.Release|Any CPU.ActiveCfg = Release|Any CPU
		{E2580BEC-DC30-4FF9-A236-99A544EA16A6}.Release|Any CPU.Build.0 = Release|Any CPU
		{E2580BEC-DC30-4FF9-A236-99A544EA16A6}.Release|x64.ActiveCfg = Release|Any CPU
		{E2580BEC-DC30-4FF9-A236-99A544EA16A6}.Release|x64.Build.0 = Release|Any CPU
		{E2580BEC-DC30-4FF9-A236-99A544EA16A6}.Release|x86.ActiveCfg = Release|Any CPU
		{E2580BEC-DC30-4FF9-A236-99A544EA16A6}.Release|x86.Build.0 = Release|Any CPU
		{00D81B5B-E39E-4750-ABB9-7D309630C6CF}.Debug|Any CPU.ActiveCfg = Debug|Any CPU
		{00D81B5B-E39E-4750-ABB9-7D309630C6CF}.Debug|Any CPU.Build.0 = Debug|Any CPU
		{00D81B5B-E39E-4750-ABB9-7D309630C6CF}.Debug|x64.ActiveCfg = Debug|Any CPU
		{00D81B5B-E39E-4750-ABB9-7D309630C6CF}.Debug|x64.Build.0 = Debug|Any CPU
		{00D81B5B-E39E-4750-ABB9-7D309630C6CF}.Debug|x86.ActiveCfg = Debug|Any CPU
		{00D81B5B-E39E-4750-ABB9-7D309630C6CF}.Debug|x86.Build.0 = Debug|Any CPU
		{00D81B5B-E39E-4750-ABB9-7D309630C6CF}.Release|Any CPU.ActiveCfg = Release|Any CPU
		{00D81B5B-E39E-4750-ABB9-7D309630C6CF}.Release|Any CPU.Build.0 = Release|Any CPU
		{00D81B5B-E39E-4750-ABB9-7D309630C6CF}.Release|x64.ActiveCfg = Release|Any CPU
		{00D81B5B-E39E-4750-ABB9-7D309630C6CF}.Release|x64.Build.0 = Release|Any CPU
		{00D81B5B-E39E-4750-ABB9-7D309630C6CF}.Release|x86.ActiveCfg = Release|Any CPU
		{00D81B5B-E39E-4750-ABB9-7D309630C6CF}.Release|x86.Build.0 = Release|Any CPU
		{2860E01E-7789-4DB0-80FC-85F6FAFC3665}.Debug|Any CPU.ActiveCfg = Debug|Any CPU
		{2860E01E-7789-4DB0-80FC-85F6FAFC3665}.Debug|Any CPU.Build.0 = Debug|Any CPU
		{2860E01E-7789-4DB0-80FC-85F6FAFC3665}.Debug|x64.ActiveCfg = Debug|Any CPU
		{2860E01E-7789-4DB0-80FC-85F6FAFC3665}.Debug|x64.Build.0 = Debug|Any CPU
		{2860E01E-7789-4DB0-80FC-85F6FAFC3665}.Debug|x86.ActiveCfg = Debug|Any CPU
		{2860E01E-7789-4DB0-80FC-85F6FAFC3665}.Debug|x86.Build.0 = Debug|Any CPU
		{2860E01E-7789-4DB0-80FC-85F6FAFC3665}.Release|Any CPU.ActiveCfg = Release|Any CPU
		{2860E01E-7789-4DB0-80FC-85F6FAFC3665}.Release|Any CPU.Build.0 = Release|Any CPU
		{2860E01E-7789-4DB0-80FC-85F6FAFC3665}.Release|x64.ActiveCfg = Release|Any CPU
		{2860E01E-7789-4DB0-80FC-85F6FAFC3665}.Release|x64.Build.0 = Release|Any CPU
		{2860E01E-7789-4DB0-80FC-85F6FAFC3665}.Release|x86.ActiveCfg = Release|Any CPU
		{2860E01E-7789-4DB0-80FC-85F6FAFC3665}.Release|x86.Build.0 = Release|Any CPU
		{F92B76B0-B350-4078-9139-8C6A16057894}.Debug|Any CPU.ActiveCfg = Debug|Any CPU
		{F92B76B0-B350-4078-9139-8C6A16057894}.Debug|Any CPU.Build.0 = Debug|Any CPU
		{F92B76B0-B350-4078-9139-8C6A16057894}.Debug|x64.ActiveCfg = Debug|Any CPU
		{F92B76B0-B350-4078-9139-8C6A16057894}.Debug|x64.Build.0 = Debug|Any CPU
		{F92B76B0-B350-4078-9139-8C6A16057894}.Debug|x86.ActiveCfg = Debug|Any CPU
		{F92B76B0-B350-4078-9139-8C6A16057894}.Debug|x86.Build.0 = Debug|Any CPU
		{F92B76B0-B350-4078-9139-8C6A16057894}.Release|Any CPU.ActiveCfg = Release|Any CPU
		{F92B76B0-B350-4078-9139-8C6A16057894}.Release|Any CPU.Build.0 = Release|Any CPU
		{F92B76B0-B350-4078-9139-8C6A16057894}.Release|x64.ActiveCfg = Release|Any CPU
		{F92B76B0-B350-4078-9139-8C6A16057894}.Release|x64.Build.0 = Release|Any CPU
		{F92B76B0-B350-4078-9139-8C6A16057894}.Release|x86.ActiveCfg = Release|Any CPU
		{F92B76B0-B350-4078-9139-8C6A16057894}.Release|x86.Build.0 = Release|Any CPU
		{3BAEAD1D-B5C3-4452-8B96-B643835DA998}.Debug|Any CPU.ActiveCfg = Debug|Any CPU
		{3BAEAD1D-B5C3-4452-8B96-B643835DA998}.Debug|Any CPU.Build.0 = Debug|Any CPU
		{3BAEAD1D-B5C3-4452-8B96-B643835DA998}.Debug|x64.ActiveCfg = Debug|Any CPU
		{3BAEAD1D-B5C3-4452-8B96-B643835DA998}.Debug|x64.Build.0 = Debug|Any CPU
		{3BAEAD1D-B5C3-4452-8B96-B643835DA998}.Debug|x86.ActiveCfg = Debug|Any CPU
		{3BAEAD1D-B5C3-4452-8B96-B643835DA998}.Debug|x86.Build.0 = Debug|Any CPU
		{3BAEAD1D-B5C3-4452-8B96-B643835DA998}.Release|Any CPU.ActiveCfg = Release|Any CPU
		{3BAEAD1D-B5C3-4452-8B96-B643835DA998}.Release|Any CPU.Build.0 = Release|Any CPU
		{3BAEAD1D-B5C3-4452-8B96-B643835DA998}.Release|x64.ActiveCfg = Release|Any CPU
		{3BAEAD1D-B5C3-4452-8B96-B643835DA998}.Release|x64.Build.0 = Release|Any CPU
		{3BAEAD1D-B5C3-4452-8B96-B643835DA998}.Release|x86.ActiveCfg = Release|Any CPU
		{3BAEAD1D-B5C3-4452-8B96-B643835DA998}.Release|x86.Build.0 = Release|Any CPU
		{D219F83D-7C6F-4078-8479-90CD76C4AD64}.Debug|Any CPU.ActiveCfg = Debug|Any CPU
		{D219F83D-7C6F-4078-8479-90CD76C4AD64}.Debug|Any CPU.Build.0 = Debug|Any CPU
		{D219F83D-7C6F-4078-8479-90CD76C4AD64}.Debug|x64.ActiveCfg = Debug|Any CPU
		{D219F83D-7C6F-4078-8479-90CD76C4AD64}.Debug|x64.Build.0 = Debug|Any CPU
		{D219F83D-7C6F-4078-8479-90CD76C4AD64}.Debug|x86.ActiveCfg = Debug|Any CPU
		{D219F83D-7C6F-4078-8479-90CD76C4AD64}.Debug|x86.Build.0 = Debug|Any CPU
		{D219F83D-7C6F-4078-8479-90CD76C4AD64}.Release|Any CPU.ActiveCfg = Release|Any CPU
		{D219F83D-7C6F-4078-8479-90CD76C4AD64}.Release|Any CPU.Build.0 = Release|Any CPU
		{D219F83D-7C6F-4078-8479-90CD76C4AD64}.Release|x64.ActiveCfg = Release|Any CPU
		{D219F83D-7C6F-4078-8479-90CD76C4AD64}.Release|x64.Build.0 = Release|Any CPU
		{D219F83D-7C6F-4078-8479-90CD76C4AD64}.Release|x86.ActiveCfg = Release|Any CPU
		{D219F83D-7C6F-4078-8479-90CD76C4AD64}.Release|x86.Build.0 = Release|Any CPU
		{57C1709A-0C0E-4C3B-8819-EA03625AD271}.Debug|Any CPU.ActiveCfg = Debug|Any CPU
		{57C1709A-0C0E-4C3B-8819-EA03625AD271}.Debug|Any CPU.Build.0 = Debug|Any CPU
		{57C1709A-0C0E-4C3B-8819-EA03625AD271}.Debug|x64.ActiveCfg = Debug|Any CPU
		{57C1709A-0C0E-4C3B-8819-EA03625AD271}.Debug|x64.Build.0 = Debug|Any CPU
		{57C1709A-0C0E-4C3B-8819-EA03625AD271}.Debug|x86.ActiveCfg = Debug|Any CPU
		{57C1709A-0C0E-4C3B-8819-EA03625AD271}.Debug|x86.Build.0 = Debug|Any CPU
		{57C1709A-0C0E-4C3B-8819-EA03625AD271}.Release|Any CPU.ActiveCfg = Release|Any CPU
		{57C1709A-0C0E-4C3B-8819-EA03625AD271}.Release|Any CPU.Build.0 = Release|Any CPU
		{57C1709A-0C0E-4C3B-8819-EA03625AD271}.Release|x64.ActiveCfg = Release|Any CPU
		{57C1709A-0C0E-4C3B-8819-EA03625AD271}.Release|x64.Build.0 = Release|Any CPU
		{57C1709A-0C0E-4C3B-8819-EA03625AD271}.Release|x86.ActiveCfg = Release|Any CPU
		{57C1709A-0C0E-4C3B-8819-EA03625AD271}.Release|x86.Build.0 = Release|Any CPU
		{73FF27C2-DDC3-45A8-926A-EB89ABF53BCD}.Debug|Any CPU.ActiveCfg = Debug|Any CPU
		{73FF27C2-DDC3-45A8-926A-EB89ABF53BCD}.Debug|Any CPU.Build.0 = Debug|Any CPU
		{73FF27C2-DDC3-45A8-926A-EB89ABF53BCD}.Debug|x64.ActiveCfg = Debug|Any CPU
		{73FF27C2-DDC3-45A8-926A-EB89ABF53BCD}.Debug|x64.Build.0 = Debug|Any CPU
		{73FF27C2-DDC3-45A8-926A-EB89ABF53BCD}.Debug|x86.ActiveCfg = Debug|Any CPU
		{73FF27C2-DDC3-45A8-926A-EB89ABF53BCD}.Debug|x86.Build.0 = Debug|Any CPU
		{73FF27C2-DDC3-45A8-926A-EB89ABF53BCD}.Release|Any CPU.ActiveCfg = Release|Any CPU
		{73FF27C2-DDC3-45A8-926A-EB89ABF53BCD}.Release|Any CPU.Build.0 = Release|Any CPU
		{73FF27C2-DDC3-45A8-926A-EB89ABF53BCD}.Release|x64.ActiveCfg = Release|Any CPU
		{73FF27C2-DDC3-45A8-926A-EB89ABF53BCD}.Release|x64.Build.0 = Release|Any CPU
		{73FF27C2-DDC3-45A8-926A-EB89ABF53BCD}.Release|x86.ActiveCfg = Release|Any CPU
		{73FF27C2-DDC3-45A8-926A-EB89ABF53BCD}.Release|x86.Build.0 = Release|Any CPU
		{6DF4CA28-FFDF-4F40-B2D9-B32B8948EC4D}.Debug|Any CPU.ActiveCfg = Debug|Any CPU
		{6DF4CA28-FFDF-4F40-B2D9-B32B8948EC4D}.Debug|Any CPU.Build.0 = Debug|Any CPU
		{6DF4CA28-FFDF-4F40-B2D9-B32B8948EC4D}.Debug|x64.ActiveCfg = Debug|Any CPU
		{6DF4CA28-FFDF-4F40-B2D9-B32B8948EC4D}.Debug|x64.Build.0 = Debug|Any CPU
		{6DF4CA28-FFDF-4F40-B2D9-B32B8948EC4D}.Debug|x86.ActiveCfg = Debug|Any CPU
		{6DF4CA28-FFDF-4F40-B2D9-B32B8948EC4D}.Debug|x86.Build.0 = Debug|Any CPU
		{6DF4CA28-FFDF-4F40-B2D9-B32B8948EC4D}.Release|Any CPU.ActiveCfg = Release|Any CPU
		{6DF4CA28-FFDF-4F40-B2D9-B32B8948EC4D}.Release|Any CPU.Build.0 = Release|Any CPU
		{6DF4CA28-FFDF-4F40-B2D9-B32B8948EC4D}.Release|x64.ActiveCfg = Release|Any CPU
		{6DF4CA28-FFDF-4F40-B2D9-B32B8948EC4D}.Release|x64.Build.0 = Release|Any CPU
		{6DF4CA28-FFDF-4F40-B2D9-B32B8948EC4D}.Release|x86.ActiveCfg = Release|Any CPU
		{6DF4CA28-FFDF-4F40-B2D9-B32B8948EC4D}.Release|x86.Build.0 = Release|Any CPU
		{73EBA3D8-FE86-44E3-AF95-D8AEF241A3EB}.Debug|Any CPU.ActiveCfg = Debug|Any CPU
		{73EBA3D8-FE86-44E3-AF95-D8AEF241A3EB}.Debug|Any CPU.Build.0 = Debug|Any CPU
		{73EBA3D8-FE86-44E3-AF95-D8AEF241A3EB}.Debug|x64.ActiveCfg = Debug|Any CPU
		{73EBA3D8-FE86-44E3-AF95-D8AEF241A3EB}.Debug|x64.Build.0 = Debug|Any CPU
		{73EBA3D8-FE86-44E3-AF95-D8AEF241A3EB}.Debug|x86.ActiveCfg = Debug|Any CPU
		{73EBA3D8-FE86-44E3-AF95-D8AEF241A3EB}.Debug|x86.Build.0 = Debug|Any CPU
		{73EBA3D8-FE86-44E3-AF95-D8AEF241A3EB}.Release|Any CPU.ActiveCfg = Release|Any CPU
		{73EBA3D8-FE86-44E3-AF95-D8AEF241A3EB}.Release|Any CPU.Build.0 = Release|Any CPU
		{73EBA3D8-FE86-44E3-AF95-D8AEF241A3EB}.Release|x64.ActiveCfg = Release|Any CPU
		{73EBA3D8-FE86-44E3-AF95-D8AEF241A3EB}.Release|x64.Build.0 = Release|Any CPU
		{73EBA3D8-FE86-44E3-AF95-D8AEF241A3EB}.Release|x86.ActiveCfg = Release|Any CPU
		{73EBA3D8-FE86-44E3-AF95-D8AEF241A3EB}.Release|x86.Build.0 = Release|Any CPU
		{934651BE-85B6-48F4-80BD-DC2D8831E9B8}.Debug|Any CPU.ActiveCfg = Debug|Any CPU
		{934651BE-85B6-48F4-80BD-DC2D8831E9B8}.Debug|Any CPU.Build.0 = Debug|Any CPU
		{934651BE-85B6-48F4-80BD-DC2D8831E9B8}.Debug|x64.ActiveCfg = Debug|Any CPU
		{934651BE-85B6-48F4-80BD-DC2D8831E9B8}.Debug|x64.Build.0 = Debug|Any CPU
		{934651BE-85B6-48F4-80BD-DC2D8831E9B8}.Debug|x86.ActiveCfg = Debug|Any CPU
		{934651BE-85B6-48F4-80BD-DC2D8831E9B8}.Debug|x86.Build.0 = Debug|Any CPU
		{934651BE-85B6-48F4-80BD-DC2D8831E9B8}.Release|Any CPU.ActiveCfg = Release|Any CPU
		{934651BE-85B6-48F4-80BD-DC2D8831E9B8}.Release|Any CPU.Build.0 = Release|Any CPU
		{934651BE-85B6-48F4-80BD-DC2D8831E9B8}.Release|x64.ActiveCfg = Release|Any CPU
		{934651BE-85B6-48F4-80BD-DC2D8831E9B8}.Release|x64.Build.0 = Release|Any CPU
		{934651BE-85B6-48F4-80BD-DC2D8831E9B8}.Release|x86.ActiveCfg = Release|Any CPU
		{934651BE-85B6-48F4-80BD-DC2D8831E9B8}.Release|x86.Build.0 = Release|Any CPU
		{3F71B742-CE50-4491-A70D-E4E4B9CEC4CF}.Debug|Any CPU.ActiveCfg = Debug|Any CPU
		{3F71B742-CE50-4491-A70D-E4E4B9CEC4CF}.Debug|Any CPU.Build.0 = Debug|Any CPU
		{3F71B742-CE50-4491-A70D-E4E4B9CEC4CF}.Debug|x64.ActiveCfg = Debug|Any CPU
		{3F71B742-CE50-4491-A70D-E4E4B9CEC4CF}.Debug|x64.Build.0 = Debug|Any CPU
		{3F71B742-CE50-4491-A70D-E4E4B9CEC4CF}.Debug|x86.ActiveCfg = Debug|Any CPU
		{3F71B742-CE50-4491-A70D-E4E4B9CEC4CF}.Debug|x86.Build.0 = Debug|Any CPU
		{3F71B742-CE50-4491-A70D-E4E4B9CEC4CF}.Release|Any CPU.ActiveCfg = Release|Any CPU
		{3F71B742-CE50-4491-A70D-E4E4B9CEC4CF}.Release|Any CPU.Build.0 = Release|Any CPU
		{3F71B742-CE50-4491-A70D-E4E4B9CEC4CF}.Release|x64.ActiveCfg = Release|Any CPU
		{3F71B742-CE50-4491-A70D-E4E4B9CEC4CF}.Release|x64.Build.0 = Release|Any CPU
		{3F71B742-CE50-4491-A70D-E4E4B9CEC4CF}.Release|x86.ActiveCfg = Release|Any CPU
		{3F71B742-CE50-4491-A70D-E4E4B9CEC4CF}.Release|x86.Build.0 = Release|Any CPU
		{E30AAF61-3054-4557-8049-DB54EE15F4B9}.Debug|Any CPU.ActiveCfg = Debug|Any CPU
		{E30AAF61-3054-4557-8049-DB54EE15F4B9}.Debug|Any CPU.Build.0 = Debug|Any CPU
		{E30AAF61-3054-4557-8049-DB54EE15F4B9}.Debug|x64.ActiveCfg = Debug|Any CPU
		{E30AAF61-3054-4557-8049-DB54EE15F4B9}.Debug|x64.Build.0 = Debug|Any CPU
		{E30AAF61-3054-4557-8049-DB54EE15F4B9}.Debug|x86.ActiveCfg = Debug|Any CPU
		{E30AAF61-3054-4557-8049-DB54EE15F4B9}.Debug|x86.Build.0 = Debug|Any CPU
		{E30AAF61-3054-4557-8049-DB54EE15F4B9}.Release|Any CPU.ActiveCfg = Release|Any CPU
		{E30AAF61-3054-4557-8049-DB54EE15F4B9}.Release|Any CPU.Build.0 = Release|Any CPU
		{E30AAF61-3054-4557-8049-DB54EE15F4B9}.Release|x64.ActiveCfg = Release|Any CPU
		{E30AAF61-3054-4557-8049-DB54EE15F4B9}.Release|x64.Build.0 = Release|Any CPU
		{E30AAF61-3054-4557-8049-DB54EE15F4B9}.Release|x86.ActiveCfg = Release|Any CPU
		{E30AAF61-3054-4557-8049-DB54EE15F4B9}.Release|x86.Build.0 = Release|Any CPU
		{E2780144-2606-490D-9A65-7370168D5C19}.Debug|Any CPU.ActiveCfg = Debug|Any CPU
		{E2780144-2606-490D-9A65-7370168D5C19}.Debug|Any CPU.Build.0 = Debug|Any CPU
		{E2780144-2606-490D-9A65-7370168D5C19}.Debug|x64.ActiveCfg = Debug|Any CPU
		{E2780144-2606-490D-9A65-7370168D5C19}.Debug|x64.Build.0 = Debug|Any CPU
		{E2780144-2606-490D-9A65-7370168D5C19}.Debug|x86.ActiveCfg = Debug|Any CPU
		{E2780144-2606-490D-9A65-7370168D5C19}.Debug|x86.Build.0 = Debug|Any CPU
		{E2780144-2606-490D-9A65-7370168D5C19}.Release|Any CPU.ActiveCfg = Release|Any CPU
		{E2780144-2606-490D-9A65-7370168D5C19}.Release|Any CPU.Build.0 = Release|Any CPU
		{E2780144-2606-490D-9A65-7370168D5C19}.Release|x64.ActiveCfg = Release|Any CPU
		{E2780144-2606-490D-9A65-7370168D5C19}.Release|x64.Build.0 = Release|Any CPU
		{E2780144-2606-490D-9A65-7370168D5C19}.Release|x86.ActiveCfg = Release|Any CPU
		{E2780144-2606-490D-9A65-7370168D5C19}.Release|x86.Build.0 = Release|Any CPU
		{0D4318A3-C314-400C-9446-1CB94308E8A9}.Debug|Any CPU.ActiveCfg = Debug|Any CPU
		{0D4318A3-C314-400C-9446-1CB94308E8A9}.Debug|Any CPU.Build.0 = Debug|Any CPU
		{0D4318A3-C314-400C-9446-1CB94308E8A9}.Debug|x64.ActiveCfg = Debug|Any CPU
		{0D4318A3-C314-400C-9446-1CB94308E8A9}.Debug|x64.Build.0 = Debug|Any CPU
		{0D4318A3-C314-400C-9446-1CB94308E8A9}.Debug|x86.ActiveCfg = Debug|Any CPU
		{0D4318A3-C314-400C-9446-1CB94308E8A9}.Debug|x86.Build.0 = Debug|Any CPU
		{0D4318A3-C314-400C-9446-1CB94308E8A9}.Release|Any CPU.ActiveCfg = Release|Any CPU
		{0D4318A3-C314-400C-9446-1CB94308E8A9}.Release|Any CPU.Build.0 = Release|Any CPU
		{0D4318A3-C314-400C-9446-1CB94308E8A9}.Release|x64.ActiveCfg = Release|Any CPU
		{0D4318A3-C314-400C-9446-1CB94308E8A9}.Release|x64.Build.0 = Release|Any CPU
		{0D4318A3-C314-400C-9446-1CB94308E8A9}.Release|x86.ActiveCfg = Release|Any CPU
		{0D4318A3-C314-400C-9446-1CB94308E8A9}.Release|x86.Build.0 = Release|Any CPU
		{4C47563C-6542-4857-BD78-DD5F8EF6534B}.Debug|Any CPU.ActiveCfg = Debug|Any CPU
		{4C47563C-6542-4857-BD78-DD5F8EF6534B}.Debug|Any CPU.Build.0 = Debug|Any CPU
		{4C47563C-6542-4857-BD78-DD5F8EF6534B}.Debug|x64.ActiveCfg = Debug|Any CPU
		{4C47563C-6542-4857-BD78-DD5F8EF6534B}.Debug|x64.Build.0 = Debug|Any CPU
		{4C47563C-6542-4857-BD78-DD5F8EF6534B}.Debug|x86.ActiveCfg = Debug|Any CPU
		{4C47563C-6542-4857-BD78-DD5F8EF6534B}.Debug|x86.Build.0 = Debug|Any CPU
		{4C47563C-6542-4857-BD78-DD5F8EF6534B}.Release|Any CPU.ActiveCfg = Release|Any CPU
		{4C47563C-6542-4857-BD78-DD5F8EF6534B}.Release|Any CPU.Build.0 = Release|Any CPU
		{4C47563C-6542-4857-BD78-DD5F8EF6534B}.Release|x64.ActiveCfg = Release|Any CPU
		{4C47563C-6542-4857-BD78-DD5F8EF6534B}.Release|x64.Build.0 = Release|Any CPU
		{4C47563C-6542-4857-BD78-DD5F8EF6534B}.Release|x86.ActiveCfg = Release|Any CPU
		{4C47563C-6542-4857-BD78-DD5F8EF6534B}.Release|x86.Build.0 = Release|Any CPU
		{2B807FF1-30FA-462F-93A9-F58CEFF0818D}.Debug|Any CPU.ActiveCfg = Debug|Any CPU
		{2B807FF1-30FA-462F-93A9-F58CEFF0818D}.Debug|Any CPU.Build.0 = Debug|Any CPU
		{2B807FF1-30FA-462F-93A9-F58CEFF0818D}.Debug|x64.ActiveCfg = Debug|Any CPU
		{2B807FF1-30FA-462F-93A9-F58CEFF0818D}.Debug|x64.Build.0 = Debug|Any CPU
		{2B807FF1-30FA-462F-93A9-F58CEFF0818D}.Debug|x86.ActiveCfg = Debug|Any CPU
		{2B807FF1-30FA-462F-93A9-F58CEFF0818D}.Debug|x86.Build.0 = Debug|Any CPU
		{2B807FF1-30FA-462F-93A9-F58CEFF0818D}.Release|Any CPU.ActiveCfg = Release|Any CPU
		{2B807FF1-30FA-462F-93A9-F58CEFF0818D}.Release|Any CPU.Build.0 = Release|Any CPU
		{2B807FF1-30FA-462F-93A9-F58CEFF0818D}.Release|x64.ActiveCfg = Release|Any CPU
		{2B807FF1-30FA-462F-93A9-F58CEFF0818D}.Release|x64.Build.0 = Release|Any CPU
		{2B807FF1-30FA-462F-93A9-F58CEFF0818D}.Release|x86.ActiveCfg = Release|Any CPU
		{2B807FF1-30FA-462F-93A9-F58CEFF0818D}.Release|x86.Build.0 = Release|Any CPU
		{C6315A4D-E1FE-4F57-BEAB-703C3325B69E}.Debug|Any CPU.ActiveCfg = Debug|Any CPU
		{C6315A4D-E1FE-4F57-BEAB-703C3325B69E}.Debug|Any CPU.Build.0 = Debug|Any CPU
		{C6315A4D-E1FE-4F57-BEAB-703C3325B69E}.Debug|x64.ActiveCfg = Debug|Any CPU
		{C6315A4D-E1FE-4F57-BEAB-703C3325B69E}.Debug|x64.Build.0 = Debug|Any CPU
		{C6315A4D-E1FE-4F57-BEAB-703C3325B69E}.Debug|x86.ActiveCfg = Debug|Any CPU
		{C6315A4D-E1FE-4F57-BEAB-703C3325B69E}.Debug|x86.Build.0 = Debug|Any CPU
		{C6315A4D-E1FE-4F57-BEAB-703C3325B69E}.Release|Any CPU.ActiveCfg = Release|Any CPU
		{C6315A4D-E1FE-4F57-BEAB-703C3325B69E}.Release|Any CPU.Build.0 = Release|Any CPU
		{C6315A4D-E1FE-4F57-BEAB-703C3325B69E}.Release|x64.ActiveCfg = Release|Any CPU
		{C6315A4D-E1FE-4F57-BEAB-703C3325B69E}.Release|x64.Build.0 = Release|Any CPU
		{C6315A4D-E1FE-4F57-BEAB-703C3325B69E}.Release|x86.ActiveCfg = Release|Any CPU
		{C6315A4D-E1FE-4F57-BEAB-703C3325B69E}.Release|x86.Build.0 = Release|Any CPU
		{24361530-B990-4F0C-B054-5DF02C61D9EC}.Debug|Any CPU.ActiveCfg = Debug|Any CPU
		{24361530-B990-4F0C-B054-5DF02C61D9EC}.Debug|Any CPU.Build.0 = Debug|Any CPU
		{24361530-B990-4F0C-B054-5DF02C61D9EC}.Debug|x64.ActiveCfg = Debug|Any CPU
		{24361530-B990-4F0C-B054-5DF02C61D9EC}.Debug|x64.Build.0 = Debug|Any CPU
		{24361530-B990-4F0C-B054-5DF02C61D9EC}.Debug|x86.ActiveCfg = Debug|Any CPU
		{24361530-B990-4F0C-B054-5DF02C61D9EC}.Debug|x86.Build.0 = Debug|Any CPU
		{24361530-B990-4F0C-B054-5DF02C61D9EC}.Release|Any CPU.ActiveCfg = Release|Any CPU
		{24361530-B990-4F0C-B054-5DF02C61D9EC}.Release|Any CPU.Build.0 = Release|Any CPU
		{24361530-B990-4F0C-B054-5DF02C61D9EC}.Release|x64.ActiveCfg = Release|Any CPU
		{24361530-B990-4F0C-B054-5DF02C61D9EC}.Release|x64.Build.0 = Release|Any CPU
		{24361530-B990-4F0C-B054-5DF02C61D9EC}.Release|x86.ActiveCfg = Release|Any CPU
		{24361530-B990-4F0C-B054-5DF02C61D9EC}.Release|x86.Build.0 = Release|Any CPU
		{E8161CE4-1535-4630-A1EC-A03B2E2A2EAE}.Debug|Any CPU.ActiveCfg = Debug|Any CPU
		{E8161CE4-1535-4630-A1EC-A03B2E2A2EAE}.Debug|Any CPU.Build.0 = Debug|Any CPU
		{E8161CE4-1535-4630-A1EC-A03B2E2A2EAE}.Debug|x64.ActiveCfg = Debug|Any CPU
		{E8161CE4-1535-4630-A1EC-A03B2E2A2EAE}.Debug|x64.Build.0 = Debug|Any CPU
		{E8161CE4-1535-4630-A1EC-A03B2E2A2EAE}.Debug|x86.ActiveCfg = Debug|Any CPU
		{E8161CE4-1535-4630-A1EC-A03B2E2A2EAE}.Debug|x86.Build.0 = Debug|Any CPU
		{E8161CE4-1535-4630-A1EC-A03B2E2A2EAE}.Release|Any CPU.ActiveCfg = Release|Any CPU
		{E8161CE4-1535-4630-A1EC-A03B2E2A2EAE}.Release|Any CPU.Build.0 = Release|Any CPU
		{E8161CE4-1535-4630-A1EC-A03B2E2A2EAE}.Release|x64.ActiveCfg = Release|Any CPU
		{E8161CE4-1535-4630-A1EC-A03B2E2A2EAE}.Release|x64.Build.0 = Release|Any CPU
		{E8161CE4-1535-4630-A1EC-A03B2E2A2EAE}.Release|x86.ActiveCfg = Release|Any CPU
		{E8161CE4-1535-4630-A1EC-A03B2E2A2EAE}.Release|x86.Build.0 = Release|Any CPU
		{ED215A18-2B85-45FB-8879-3ADE61BE49D5}.Debug|Any CPU.ActiveCfg = Debug|Any CPU
		{ED215A18-2B85-45FB-8879-3ADE61BE49D5}.Debug|Any CPU.Build.0 = Debug|Any CPU
		{ED215A18-2B85-45FB-8879-3ADE61BE49D5}.Debug|x64.ActiveCfg = Debug|Any CPU
		{ED215A18-2B85-45FB-8879-3ADE61BE49D5}.Debug|x64.Build.0 = Debug|Any CPU
		{ED215A18-2B85-45FB-8879-3ADE61BE49D5}.Debug|x86.ActiveCfg = Debug|Any CPU
		{ED215A18-2B85-45FB-8879-3ADE61BE49D5}.Debug|x86.Build.0 = Debug|Any CPU
		{ED215A18-2B85-45FB-8879-3ADE61BE49D5}.Release|Any CPU.ActiveCfg = Release|Any CPU
		{ED215A18-2B85-45FB-8879-3ADE61BE49D5}.Release|Any CPU.Build.0 = Release|Any CPU
		{ED215A18-2B85-45FB-8879-3ADE61BE49D5}.Release|x64.ActiveCfg = Release|Any CPU
		{ED215A18-2B85-45FB-8879-3ADE61BE49D5}.Release|x64.Build.0 = Release|Any CPU
		{ED215A18-2B85-45FB-8879-3ADE61BE49D5}.Release|x86.ActiveCfg = Release|Any CPU
		{ED215A18-2B85-45FB-8879-3ADE61BE49D5}.Release|x86.Build.0 = Release|Any CPU
		{ADB78CCE-F859-41EF-896D-3759783465E9}.Debug|Any CPU.ActiveCfg = Debug|Any CPU
		{ADB78CCE-F859-41EF-896D-3759783465E9}.Debug|Any CPU.Build.0 = Debug|Any CPU
		{ADB78CCE-F859-41EF-896D-3759783465E9}.Debug|x64.ActiveCfg = Debug|Any CPU
		{ADB78CCE-F859-41EF-896D-3759783465E9}.Debug|x64.Build.0 = Debug|Any CPU
		{ADB78CCE-F859-41EF-896D-3759783465E9}.Debug|x86.ActiveCfg = Debug|Any CPU
		{ADB78CCE-F859-41EF-896D-3759783465E9}.Debug|x86.Build.0 = Debug|Any CPU
		{ADB78CCE-F859-41EF-896D-3759783465E9}.Release|Any CPU.ActiveCfg = Release|Any CPU
		{ADB78CCE-F859-41EF-896D-3759783465E9}.Release|Any CPU.Build.0 = Release|Any CPU
		{ADB78CCE-F859-41EF-896D-3759783465E9}.Release|x64.ActiveCfg = Release|Any CPU
		{ADB78CCE-F859-41EF-896D-3759783465E9}.Release|x64.Build.0 = Release|Any CPU
		{ADB78CCE-F859-41EF-896D-3759783465E9}.Release|x86.ActiveCfg = Release|Any CPU
		{ADB78CCE-F859-41EF-896D-3759783465E9}.Release|x86.Build.0 = Release|Any CPU
		{F4C6E471-3D63-4852-AD2B-8679533942AC}.Debug|Any CPU.ActiveCfg = Debug|Any CPU
		{F4C6E471-3D63-4852-AD2B-8679533942AC}.Debug|Any CPU.Build.0 = Debug|Any CPU
		{F4C6E471-3D63-4852-AD2B-8679533942AC}.Debug|x64.ActiveCfg = Debug|Any CPU
		{F4C6E471-3D63-4852-AD2B-8679533942AC}.Debug|x64.Build.0 = Debug|Any CPU
		{F4C6E471-3D63-4852-AD2B-8679533942AC}.Debug|x86.ActiveCfg = Debug|Any CPU
		{F4C6E471-3D63-4852-AD2B-8679533942AC}.Debug|x86.Build.0 = Debug|Any CPU
		{F4C6E471-3D63-4852-AD2B-8679533942AC}.Release|Any CPU.ActiveCfg = Release|Any CPU
		{F4C6E471-3D63-4852-AD2B-8679533942AC}.Release|Any CPU.Build.0 = Release|Any CPU
		{F4C6E471-3D63-4852-AD2B-8679533942AC}.Release|x64.ActiveCfg = Release|Any CPU
		{F4C6E471-3D63-4852-AD2B-8679533942AC}.Release|x64.Build.0 = Release|Any CPU
		{F4C6E471-3D63-4852-AD2B-8679533942AC}.Release|x86.ActiveCfg = Release|Any CPU
		{F4C6E471-3D63-4852-AD2B-8679533942AC}.Release|x86.Build.0 = Release|Any CPU
		{0ADEB9A3-0964-4AAB-9399-A72C10B46C49}.Debug|Any CPU.ActiveCfg = Debug|Any CPU
		{0ADEB9A3-0964-4AAB-9399-A72C10B46C49}.Debug|Any CPU.Build.0 = Debug|Any CPU
		{0ADEB9A3-0964-4AAB-9399-A72C10B46C49}.Debug|x64.ActiveCfg = Debug|Any CPU
		{0ADEB9A3-0964-4AAB-9399-A72C10B46C49}.Debug|x64.Build.0 = Debug|Any CPU
		{0ADEB9A3-0964-4AAB-9399-A72C10B46C49}.Debug|x86.ActiveCfg = Debug|Any CPU
		{0ADEB9A3-0964-4AAB-9399-A72C10B46C49}.Debug|x86.Build.0 = Debug|Any CPU
		{0ADEB9A3-0964-4AAB-9399-A72C10B46C49}.Release|Any CPU.ActiveCfg = Release|Any CPU
		{0ADEB9A3-0964-4AAB-9399-A72C10B46C49}.Release|Any CPU.Build.0 = Release|Any CPU
		{0ADEB9A3-0964-4AAB-9399-A72C10B46C49}.Release|x64.ActiveCfg = Release|Any CPU
		{0ADEB9A3-0964-4AAB-9399-A72C10B46C49}.Release|x64.Build.0 = Release|Any CPU
		{0ADEB9A3-0964-4AAB-9399-A72C10B46C49}.Release|x86.ActiveCfg = Release|Any CPU
		{0ADEB9A3-0964-4AAB-9399-A72C10B46C49}.Release|x86.Build.0 = Release|Any CPU
		{8E413C4B-ECB2-43A9-9AD2-56CF32B96C7F}.Debug|Any CPU.ActiveCfg = Debug|Any CPU
		{8E413C4B-ECB2-43A9-9AD2-56CF32B96C7F}.Debug|Any CPU.Build.0 = Debug|Any CPU
		{8E413C4B-ECB2-43A9-9AD2-56CF32B96C7F}.Debug|x64.ActiveCfg = Debug|Any CPU
		{8E413C4B-ECB2-43A9-9AD2-56CF32B96C7F}.Debug|x64.Build.0 = Debug|Any CPU
		{8E413C4B-ECB2-43A9-9AD2-56CF32B96C7F}.Debug|x86.ActiveCfg = Debug|Any CPU
		{8E413C4B-ECB2-43A9-9AD2-56CF32B96C7F}.Debug|x86.Build.0 = Debug|Any CPU
		{8E413C4B-ECB2-43A9-9AD2-56CF32B96C7F}.Release|Any CPU.ActiveCfg = Release|Any CPU
		{8E413C4B-ECB2-43A9-9AD2-56CF32B96C7F}.Release|Any CPU.Build.0 = Release|Any CPU
		{8E413C4B-ECB2-43A9-9AD2-56CF32B96C7F}.Release|x64.ActiveCfg = Release|Any CPU
		{8E413C4B-ECB2-43A9-9AD2-56CF32B96C7F}.Release|x64.Build.0 = Release|Any CPU
		{8E413C4B-ECB2-43A9-9AD2-56CF32B96C7F}.Release|x86.ActiveCfg = Release|Any CPU
		{8E413C4B-ECB2-43A9-9AD2-56CF32B96C7F}.Release|x86.Build.0 = Release|Any CPU
	EndGlobalSection
	GlobalSection(SolutionProperties) = preSolution
		HideSolutionNode = FALSE
	EndGlobalSection
	GlobalSection(NestedProjects) = preSolution
		{E30AAF61-3054-4557-8049-DB54EE15F4B9} = {18A66334-599D-4740-9E8D-86AD0799DC7E}
		{E2780144-2606-490D-9A65-7370168D5C19} = {18A66334-599D-4740-9E8D-86AD0799DC7E}
		{0D4318A3-C314-400C-9446-1CB94308E8A9} = {AF288630-EA0D-40ED-96D3-D4987817BE6B}
		{4C47563C-6542-4857-BD78-DD5F8EF6534B} = {AF288630-EA0D-40ED-96D3-D4987817BE6B}
		{2B807FF1-30FA-462F-93A9-F58CEFF0818D} = {AF288630-EA0D-40ED-96D3-D4987817BE6B}
		{C6315A4D-E1FE-4F57-BEAB-703C3325B69E} = {AF288630-EA0D-40ED-96D3-D4987817BE6B}
		{24361530-B990-4F0C-B054-5DF02C61D9EC} = {AF288630-EA0D-40ED-96D3-D4987817BE6B}
		{E8161CE4-1535-4630-A1EC-A03B2E2A2EAE} = {88503AF2-B447-4DCB-9EEC-7BFD060D532C}
		{ED215A18-2B85-45FB-8879-3ADE61BE49D5} = {88503AF2-B447-4DCB-9EEC-7BFD060D532C}
		{ADB78CCE-F859-41EF-896D-3759783465E9} = {6140EE31-9271-4D28-A5A3-9521F01D5BD1}
		{F4C6E471-3D63-4852-AD2B-8679533942AC} = {97E8AA03-D5F5-44A6-8BF0-D6EF68653C20}
		{0ADEB9A3-0964-4AAB-9399-A72C10B46C49} = {97E8AA03-D5F5-44A6-8BF0-D6EF68653C20}
		{8E413C4B-ECB2-43A9-9AD2-56CF32B96C7F} = {97E8AA03-D5F5-44A6-8BF0-D6EF68653C20}
	EndGlobalSection
	GlobalSection(ExtensibilityGlobals) = postSolution
		SolutionGuid = {6F48E9A7-1366-4AD7-B870-5DC3C142DDBE}
	EndGlobalSection
EndGlobal
