
Microsoft Visual Studio Solution File, Format Version 12.00
# Visual Studio Version 17
VisualStudioVersion = 17.7.34221.43
MinimumVisualStudioVersion = 10.0.40219.1
Project("{2150E333-8FDC-42A3-9474-1A3956D46DE8}") = "HostedService", "HostedService", "{18A66334-599D-4740-9E8D-86AD0799DC7E}"
EndProject
Project("{2150E333-8FDC-42A3-9474-1A3956D46DE8}") = "Timer", "Timer", "{88503AF2-B447-4DCB-9EEC-7BFD060D532C}"
EndProject
Project("{9A19103F-16F7-4668-BE54-9A1E7A4F7556}") = "SystemTimer", "Timer\SystemTimer\SystemTimer.csproj", "{E8161CE4-1535-4630-A1EC-A03B2E2A2EAE}"
EndProject
Project("{9A19103F-16F7-4668-BE54-9A1E7A4F7556}") = "ThreadTimer", "Timer\ThreadTimer\ThreadTimer.csproj", "{ED215A18-2B85-45FB-8879-3ADE61BE49D5}"
EndProject
Project("{2150E333-8FDC-42A3-9474-1A3956D46DE8}") = "Configuration", "Configuration", "{6140EE31-9271-4D28-A5A3-9521F01D5BD1}"
EndProject
Project("{9A19103F-16F7-4668-BE54-9A1E7A4F7556}") = "ConsoleConfiguration", "Configuration\ConsoleConfiguration\ConsoleConfiguration.csproj", "{ADB78CCE-F859-41EF-896D-3759783465E9}"
EndProject
Project("{2150E333-8FDC-42A3-9474-1A3956D46DE8}") = "Process", "Process", "{8B798FFD-C7A3-4488-B9DC-68032F34026F}"
EndProject
Project("{9A19103F-16F7-4668-BE54-9A1E7A4F7556}") = "StartProcess", "Process\StartProcess\StartProcess.csproj", "{00A04A96-C8CB-423E-BB8F-8B7FD4B43B9E}"
EndProject
Project("{9A19103F-16F7-4668-BE54-9A1E7A4F7556}") = "StartProcessUsingShell", "Process\StartProcessUsingShell\StartProcessUsingShell.csproj", "{D104EF2E-5033-47DF-A46C-73652497C5FF}"
EndProject
Project("{9A19103F-16F7-4668-BE54-9A1E7A4F7556}") = "WebHostNet5", "HostedService\WebHostNet5\WebHostNet5.csproj", "{2E15B56B-9FAC-4988-904B-71EF7135CFC1}"
EndProject
Project("{2150E333-8FDC-42A3-9474-1A3956D46DE8}") = "GRpc", "GRpc", "{DAB02522-56A0-462D-89B7-854985E57B07}"
EndProject
Project("{2150E333-8FDC-42A3-9474-1A3956D46DE8}") = "Logging", "Logging", "{599EC204-AA11-47D0-BC6D-E37F71486D91}"
EndProject
Project("{9A19103F-16F7-4668-BE54-9A1E7A4F7556}") = "LogProvider", "Logging\LogProvider\LogProvider.csproj", "{41DB2289-20A6-4F69-9D50-9F71186DE790}"
EndProject
Project("{2150E333-8FDC-42A3-9474-1A3956D46DE8}") = "Tracing", "Tracing", "{0B1FC8EE-951B-4732-9D14-9BAEC12F781B}"
EndProject
Project("{9A19103F-16F7-4668-BE54-9A1E7A4F7556}") = "MyLib", "Tracing\MyLib\MyLib.csproj", "{72AF8B02-C9A3-48DD-A996-D19F72D29E33}"
EndProject
Project("{9A19103F-16F7-4668-BE54-9A1E7A4F7556}") = "OpenTelemetryConsole", "Tracing\OpenTelemetryConsole\OpenTelemetryConsole.csproj", "{A48340B9-2D91-43F6-826B-3CDC0040059B}"
EndProject
Project("{9A19103F-16F7-4668-BE54-9A1E7A4F7556}") = "CustomCollectionConsole", "Tracing\CustomCollectionConsole\CustomCollectionConsole.csproj", "{08F974C2-CD9F-4718-A56A-B305B4CFB41D}"
EndProject
Project("{9A19103F-16F7-4668-BE54-9A1E7A4F7556}") = "AppInsightsConsole", "Tracing\AppInsightsConsole\AppInsightsConsole.csproj", "{AF7374E1-9E77-4522-9324-DDB8E34164FF}"
EndProject
Project("{9A19103F-16F7-4668-BE54-9A1E7A4F7556}") = "WriteSharedFile", "Process\WriteSharedFile\WriteSharedFile.csproj", "{3CBDE9B7-CED3-4EEA-BB25-023557C5F5C1}"
EndProject
Project("{9A19103F-16F7-4668-BE54-9A1E7A4F7556}") = "MutexSample", "Process\MutexSample\MutexSample.csproj", "{AC0C5740-7C53-460B-BA9E-1F8257199498}"
EndProject
Project("{9A19103F-16F7-4668-BE54-9A1E7A4F7556}") = "ServiceConfiguration", "Configuration\ServiceConfiguration\ServiceConfiguration.csproj", "{8678A6EB-3F5F-4792-9170-EBDE57403A7F}"
EndProject
Project("{9A19103F-16F7-4668-BE54-9A1E7A4F7556}") = "GRpcHello", "GRpc\GRpcHello\GRpcHello.csproj", "{84D7F80C-66A4-488B-B628-5714E078E386}"
EndProject
Project("{9A19103F-16F7-4668-BE54-9A1E7A4F7556}") = "GRpcHelloClient", "GRpc\GRpcHelloClient\GRpcHelloClient.csproj", "{D87058C0-A3FF-4641-9283-A208B8B7210F}"
EndProject
Project("{9A19103F-16F7-4668-BE54-9A1E7A4F7556}") = "GRpcMethods", "GRpc\GRpcMethods\GRpcMethods.csproj", "{4C176189-42A6-4250-A370-452810879DF4}"
EndProject
Project("{9A19103F-16F7-4668-BE54-9A1E7A4F7556}") = "GRpcMethodsClient", "GRpc\GRpcMethodsClient\GRpcMethodsClient.csproj", "{349EEAB1-2029-4D07-8703-7180E9621C9C}"
EndProject
Project("{9A19103F-16F7-4668-BE54-9A1E7A4F7556}") = "GRpcHelloClientLB", "GRpc\GRpcHelloClientLB\GRpcHelloClientLB.csproj", "{D6CB3E0D-D556-41C2-A764-4564AA23A8DE}"
EndProject
Project("{9A19103F-16F7-4668-BE54-9A1E7A4F7556}") = "StopProcess", "Process\StopProcess\StopProcess.csproj", "{24980C78-6A69-44E3-9CE4-339297770167}"
EndProject
Project("{2150E333-8FDC-42A3-9474-1A3956D46DE8}") = "Http", "Http", "{F684EC45-347F-40EC-8541-343B3FD6EAD5}"
EndProject
Project("{9A19103F-16F7-4668-BE54-9A1E7A4F7556}") = "HttpClient", "Http\HttpClient\HttpClient.csproj", "{28420975-A77A-470B-82B1-4E488884CEFC}"
EndProject
Project("{2150E333-8FDC-42A3-9474-1A3956D46DE8}") = "Json", "Json", "{416246D2-967F-4176-B3BB-726D31661DEB}"
EndProject
Project("{9A19103F-16F7-4668-BE54-9A1E7A4F7556}") = "BasicOperations", "Json\BasicOperations\BasicOperations.csproj", "{7EE39E13-5528-4872-88EB-2253FB0DFB4E}"
EndProject
Project("{9A19103F-16F7-4668-BE54-9A1E7A4F7556}") = "CustomConverter", "Json\CustomConverter\CustomConverter.csproj", "{9A21F099-DC42-4A0B-849E-C542D8039F86}"
EndProject
Project("{2150E333-8FDC-42A3-9474-1A3956D46DE8}") = "Plugin", "Plugin", "{0DE51CFF-7326-4BAA-AB53-3E37B5D44792}"
EndProject
Project("{9A19103F-16F7-4668-BE54-9A1E7A4F7556}") = "HelloPlugin", "Plugin\HelloPlugin\HelloPlugin.csproj", "{56CE075C-50A4-4303-8AB6-469124B4D78B}"
EndProject
Project("{9A19103F-16F7-4668-BE54-9A1E7A4F7556}") = "PluginApp", "Plugin\PluginApp\PluginApp.csproj", "{A4F6FA33-54CD-491D-A8BA-BB16240A12BB}"
EndProject
Project("{9A19103F-16F7-4668-BE54-9A1E7A4F7556}") = "PluginInterface", "Plugin\PluginInterface\PluginInterface.csproj", "{22B5FE82-2FFB-4143-BD74-7118146B2B5B}"
EndProject
Project("{9A19103F-16F7-4668-BE54-9A1E7A4F7556}") = "LogFormat", "Logging\LogFormat\LogFormat.csproj", "{C2E4C9F2-514A-4E2A-876C-286BBC190869}"
EndProject
Project("{9A19103F-16F7-4668-BE54-9A1E7A4F7556}") = "LogFormatByConfigFile", "Logging\LogFormatByConfigFile\LogFormatByConfigFile.csproj", "{5447F9BA-1C88-4143-8D8B-4478B3116BBE}"
EndProject
Project("{9A19103F-16F7-4668-BE54-9A1E7A4F7556}") = "EtwLog", "Logging\EtwLog\EtwLog.csproj", "{F2F28325-3CE2-4C8B-8E5C-DB1F2AE95FB6}"
EndProject
Project("{9A19103F-16F7-4668-BE54-9A1E7A4F7556}") = "EnumInJson", "Json\EnumInJson\EnumInJson.csproj", "{4CBEFF91-A58A-40DA-9ED3-9F5EA9EF6405}"
EndProject
Project("{2150E333-8FDC-42A3-9474-1A3956D46DE8}") = "Test", "Test", "{2EE4B119-1E50-48A4-86F1-A0B9EA8A7EC4}"
EndProject
Project("{9A19103F-16F7-4668-BE54-9A1E7A4F7556}") = "TestInXUnit", "Test\TestInXUnit\TestInXUnit.csproj", "{19156051-4F3B-4C1C-95FE-A839996F85DE}"
EndProject
Project("{9A19103F-16F7-4668-BE54-9A1E7A4F7556}") = "TestInMSTest", "Test\TestInMSTest\TestInMSTest.csproj", "{FC7FDA11-FF92-4F9A-87D1-3ABE854E03E4}"
EndProject
Project("{9A19103F-16F7-4668-BE54-9A1E7A4F7556}") = "BlazorWasmApp", "HostedService\BlazorWasmApp\BlazorWasmApp.csproj", "{2624B66D-BBCC-4877-B55C-86EFADFEEF26}"
EndProject
Project("{2150E333-8FDC-42A3-9474-1A3956D46DE8}") = "Caching", "Caching", "{5FD43B8F-F768-483D-8602-5C481943E785}"
EndProject
Project("{9A19103F-16F7-4668-BE54-9A1E7A4F7556}") = "DistributedCaching", "Caching\DistributedCaching\DistributedCaching.csproj", "{4FF5D2E8-77ED-4394-BCC8-77A06D0241A2}"
EndProject
Project("{9A19103F-16F7-4668-BE54-9A1E7A4F7556}") = "HybridCaching", "Caching\HybridCaching\HybridCaching.csproj", "{C6BB6BF4-8291-42F2-8F6C-99E6C39DE199}"
EndProject
Project("{9A19103F-16F7-4668-BE54-9A1E7A4F7556}") = "WebApiMiniTodo", "HostedService\WebApiMiniTodo\WebApiMiniTodo.csproj", "{E1E0C69F-5741-482F-AB7B-ECD9502869F9}"
EndProject
Project("{9A19103F-16F7-4668-BE54-9A1E7A4F7556}") = "WebAppMiddleware", "HostedService\WebAppMiddleware\WebAppMiddleware.csproj", "{12F4E7C2-E7C3-4B20-9EE1-8213D90EC226}"
EndProject
Project("{9A19103F-16F7-4668-BE54-9A1E7A4F7556}") = "WebAppRouting", "HostedService\WebAppRouting\WebAppRouting.csproj", "{5638BB18-94C8-493A-81C9-23C243C563E0}"
EndProject
Project("{9A19103F-16F7-4668-BE54-9A1E7A4F7556}") = "WebApiControllerTodo", "HostedService\WebApiControllerTodo\WebApiControllerTodo.csproj", "{8C989C33-447A-4FEC-A9DD-1E8114962AEE}"
EndProject
Project("{2150E333-8FDC-42A3-9474-1A3956D46DE8}") = "DI", "DI", "{5D1F1EC4-9D36-4A40-A016-B381647EEBA6}"
EndProject
Project("{9A19103F-16F7-4668-BE54-9A1E7A4F7556}") = "DiBasics", "DI\DiBasics\DiBasics.csproj", "{C19276B9-F784-424F-A0D1-7F2CB75F16A9}"
EndProject
Project("{9A19103F-16F7-4668-BE54-9A1E7A4F7556}") = "DiInWebApp", "DI\DiInWebApp\DiInWebApp.csproj", "{802F7AF5-1864-45FB-9B46-D08313750850}"
EndProject
Project("{9A19103F-16F7-4668-BE54-9A1E7A4F7556}") = "DiShare", "DI\DiShare\DiShare.csproj", "{E134E70C-9140-4CD1-8231-655AECE6608A}"
EndProject
Project("{9A19103F-16F7-4668-BE54-9A1E7A4F7556}") = "DiServiceLifetime", "DI\DiServiceLifetime\DiServiceLifetime.csproj", "{D672D2F3-7CC8-477C-9406-969AB7509B4A}"
EndProject
Project("{9A19103F-16F7-4668-BE54-9A1E7A4F7556}") = "MiniWeb", "HostedService\MiniWeb\MiniWeb.csproj", "{78F262A9-1EA2-4678-A681-B95BF2B887FF}"
EndProject
Project("{9A19103F-16F7-4668-BE54-9A1E7A4F7556}") = "MiniWorker", "HostedService\MiniWorker\MiniWorker.csproj", "{5B51A58E-A82E-4F4F-A041-229AA75B5D91}"
EndProject
Project("{9A19103F-16F7-4668-BE54-9A1E7A4F7556}") = "BlazorMovie", "HostedService\BlazorMovie\BlazorMovie.csproj", "{F5B95F85-E77A-452D-822D-321C9DB03CD8}"
EndProject
Project("{9A19103F-16F7-4668-BE54-9A1E7A4F7556}") = "BlazorTodo", "HostedService\BlazorTodo\BlazorTodo.csproj", "{D397986A-1515-4684-BF13-BAD92A87D191}"
EndProject
Project("{FAE04EC0-301F-11D3-BF4B-00C04F79EFBC}") = "RazorPagesMovie", "HostedService\RazorPagesMovie\RazorPagesMovie.csproj", "{24AFEC96-4CD1-4A8A-941E-A27C74578A31}"
EndProject
Project("{FAE04EC0-301F-11D3-BF4B-00C04F79EFBC}") = "MvcMovie", "HostedService\MvcMovie\MvcMovie.csproj", "{5881BAF2-F7EF-4326-9F25-DB860F13A76E}"
EndProject
Project("{FAE04EC0-301F-11D3-BF4B-00C04F79EFBC}") = "MvcRouting", "HostedService\MvcRouting\MvcRouting.csproj", "{F436322B-9AF0-47E8-8DB6-5FCAD007B626}"
EndProject
Project("{FAE04EC0-301F-11D3-BF4B-00C04F79EFBC}") = "MvcArea", "HostedService\MvcArea\MvcArea.csproj", "{471987E6-9AA6-404C-B843-180B1F424858}"
EndProject
Project("{FAE04EC0-301F-11D3-BF4B-00C04F79EFBC}") = "WebWithWorker", "HostedService\WebWithWorker\WebWithWorker.csproj", "{E4949A70-7A6E-4D1E-8D86-399FF8198FDD}"
EndProject
Global
	GlobalSection(SolutionConfigurationPlatforms) = preSolution
		Debug|Any CPU = Debug|Any CPU
		Debug|x64 = Debug|x64
		Debug|x86 = Debug|x86
		Release|Any CPU = Release|Any CPU
		Release|x64 = Release|x64
		Release|x86 = Release|x86
	EndGlobalSection
	GlobalSection(ProjectConfigurationPlatforms) = postSolution
		{E8161CE4-1535-4630-A1EC-A03B2E2A2EAE}.Debug|Any CPU.ActiveCfg = Debug|Any CPU
		{E8161CE4-1535-4630-A1EC-A03B2E2A2EAE}.Debug|Any CPU.Build.0 = Debug|Any CPU
		{E8161CE4-1535-4630-A1EC-A03B2E2A2EAE}.Debug|x64.ActiveCfg = Debug|Any CPU
		{E8161CE4-1535-4630-A1EC-A03B2E2A2EAE}.Debug|x64.Build.0 = Debug|Any CPU
		{E8161CE4-1535-4630-A1EC-A03B2E2A2EAE}.Debug|x86.ActiveCfg = Debug|Any CPU
		{E8161CE4-1535-4630-A1EC-A03B2E2A2EAE}.Debug|x86.Build.0 = Debug|Any CPU
		{E8161CE4-1535-4630-A1EC-A03B2E2A2EAE}.Release|Any CPU.ActiveCfg = Release|Any CPU
		{E8161CE4-1535-4630-A1EC-A03B2E2A2EAE}.Release|Any CPU.Build.0 = Release|Any CPU
		{E8161CE4-1535-4630-A1EC-A03B2E2A2EAE}.Release|x64.ActiveCfg = Release|Any CPU
		{E8161CE4-1535-4630-A1EC-A03B2E2A2EAE}.Release|x64.Build.0 = Release|Any CPU
		{E8161CE4-1535-4630-A1EC-A03B2E2A2EAE}.Release|x86.ActiveCfg = Release|Any CPU
		{E8161CE4-1535-4630-A1EC-A03B2E2A2EAE}.Release|x86.Build.0 = Release|Any CPU
		{ED215A18-2B85-45FB-8879-3ADE61BE49D5}.Debug|Any CPU.ActiveCfg = Debug|Any CPU
		{ED215A18-2B85-45FB-8879-3ADE61BE49D5}.Debug|Any CPU.Build.0 = Debug|Any CPU
		{ED215A18-2B85-45FB-8879-3ADE61BE49D5}.Debug|x64.ActiveCfg = Debug|Any CPU
		{ED215A18-2B85-45FB-8879-3ADE61BE49D5}.Debug|x64.Build.0 = Debug|Any CPU
		{ED215A18-2B85-45FB-8879-3ADE61BE49D5}.Debug|x86.ActiveCfg = Debug|Any CPU
		{ED215A18-2B85-45FB-8879-3ADE61BE49D5}.Debug|x86.Build.0 = Debug|Any CPU
		{ED215A18-2B85-45FB-8879-3ADE61BE49D5}.Release|Any CPU.ActiveCfg = Release|Any CPU
		{ED215A18-2B85-45FB-8879-3ADE61BE49D5}.Release|Any CPU.Build.0 = Release|Any CPU
		{ED215A18-2B85-45FB-8879-3ADE61BE49D5}.Release|x64.ActiveCfg = Release|Any CPU
		{ED215A18-2B85-45FB-8879-3ADE61BE49D5}.Release|x64.Build.0 = Release|Any CPU
		{ED215A18-2B85-45FB-8879-3ADE61BE49D5}.Release|x86.ActiveCfg = Release|Any CPU
		{ED215A18-2B85-45FB-8879-3ADE61BE49D5}.Release|x86.Build.0 = Release|Any CPU
		{ADB78CCE-F859-41EF-896D-3759783465E9}.Debug|Any CPU.ActiveCfg = Debug|Any CPU
		{ADB78CCE-F859-41EF-896D-3759783465E9}.Debug|Any CPU.Build.0 = Debug|Any CPU
		{ADB78CCE-F859-41EF-896D-3759783465E9}.Debug|x64.ActiveCfg = Debug|Any CPU
		{ADB78CCE-F859-41EF-896D-3759783465E9}.Debug|x64.Build.0 = Debug|Any CPU
		{ADB78CCE-F859-41EF-896D-3759783465E9}.Debug|x86.ActiveCfg = Debug|Any CPU
		{ADB78CCE-F859-41EF-896D-3759783465E9}.Debug|x86.Build.0 = Debug|Any CPU
		{ADB78CCE-F859-41EF-896D-3759783465E9}.Release|Any CPU.ActiveCfg = Release|Any CPU
		{ADB78CCE-F859-41EF-896D-3759783465E9}.Release|Any CPU.Build.0 = Release|Any CPU
		{ADB78CCE-F859-41EF-896D-3759783465E9}.Release|x64.ActiveCfg = Release|Any CPU
		{ADB78CCE-F859-41EF-896D-3759783465E9}.Release|x64.Build.0 = Release|Any CPU
		{ADB78CCE-F859-41EF-896D-3759783465E9}.Release|x86.ActiveCfg = Release|Any CPU
		{ADB78CCE-F859-41EF-896D-3759783465E9}.Release|x86.Build.0 = Release|Any CPU
		{00A04A96-C8CB-423E-BB8F-8B7FD4B43B9E}.Debug|Any CPU.ActiveCfg = Debug|Any CPU
		{00A04A96-C8CB-423E-BB8F-8B7FD4B43B9E}.Debug|Any CPU.Build.0 = Debug|Any CPU
		{00A04A96-C8CB-423E-BB8F-8B7FD4B43B9E}.Debug|x64.ActiveCfg = Debug|Any CPU
		{00A04A96-C8CB-423E-BB8F-8B7FD4B43B9E}.Debug|x64.Build.0 = Debug|Any CPU
		{00A04A96-C8CB-423E-BB8F-8B7FD4B43B9E}.Debug|x86.ActiveCfg = Debug|Any CPU
		{00A04A96-C8CB-423E-BB8F-8B7FD4B43B9E}.Debug|x86.Build.0 = Debug|Any CPU
		{00A04A96-C8CB-423E-BB8F-8B7FD4B43B9E}.Release|Any CPU.ActiveCfg = Release|Any CPU
		{00A04A96-C8CB-423E-BB8F-8B7FD4B43B9E}.Release|Any CPU.Build.0 = Release|Any CPU
		{00A04A96-C8CB-423E-BB8F-8B7FD4B43B9E}.Release|x64.ActiveCfg = Release|Any CPU
		{00A04A96-C8CB-423E-BB8F-8B7FD4B43B9E}.Release|x64.Build.0 = Release|Any CPU
		{00A04A96-C8CB-423E-BB8F-8B7FD4B43B9E}.Release|x86.ActiveCfg = Release|Any CPU
		{00A04A96-C8CB-423E-BB8F-8B7FD4B43B9E}.Release|x86.Build.0 = Release|Any CPU
		{D104EF2E-5033-47DF-A46C-73652497C5FF}.Debug|Any CPU.ActiveCfg = Debug|Any CPU
		{D104EF2E-5033-47DF-A46C-73652497C5FF}.Debug|Any CPU.Build.0 = Debug|Any CPU
		{D104EF2E-5033-47DF-A46C-73652497C5FF}.Debug|x64.ActiveCfg = Debug|Any CPU
		{D104EF2E-5033-47DF-A46C-73652497C5FF}.Debug|x64.Build.0 = Debug|Any CPU
		{D104EF2E-5033-47DF-A46C-73652497C5FF}.Debug|x86.ActiveCfg = Debug|Any CPU
		{D104EF2E-5033-47DF-A46C-73652497C5FF}.Debug|x86.Build.0 = Debug|Any CPU
		{D104EF2E-5033-47DF-A46C-73652497C5FF}.Release|Any CPU.ActiveCfg = Release|Any CPU
		{D104EF2E-5033-47DF-A46C-73652497C5FF}.Release|Any CPU.Build.0 = Release|Any CPU
		{D104EF2E-5033-47DF-A46C-73652497C5FF}.Release|x64.ActiveCfg = Release|Any CPU
		{D104EF2E-5033-47DF-A46C-73652497C5FF}.Release|x64.Build.0 = Release|Any CPU
		{D104EF2E-5033-47DF-A46C-73652497C5FF}.Release|x86.ActiveCfg = Release|Any CPU
		{D104EF2E-5033-47DF-A46C-73652497C5FF}.Release|x86.Build.0 = Release|Any CPU
		{2E15B56B-9FAC-4988-904B-71EF7135CFC1}.Debug|Any CPU.ActiveCfg = Debug|Any CPU
		{2E15B56B-9FAC-4988-904B-71EF7135CFC1}.Debug|Any CPU.Build.0 = Debug|Any CPU
		{2E15B56B-9FAC-4988-904B-71EF7135CFC1}.Debug|x64.ActiveCfg = Debug|Any CPU
		{2E15B56B-9FAC-4988-904B-71EF7135CFC1}.Debug|x64.Build.0 = Debug|Any CPU
		{2E15B56B-9FAC-4988-904B-71EF7135CFC1}.Debug|x86.ActiveCfg = Debug|Any CPU
		{2E15B56B-9FAC-4988-904B-71EF7135CFC1}.Debug|x86.Build.0 = Debug|Any CPU
		{2E15B56B-9FAC-4988-904B-71EF7135CFC1}.Release|Any CPU.ActiveCfg = Release|Any CPU
		{2E15B56B-9FAC-4988-904B-71EF7135CFC1}.Release|Any CPU.Build.0 = Release|Any CPU
		{2E15B56B-9FAC-4988-904B-71EF7135CFC1}.Release|x64.ActiveCfg = Release|Any CPU
		{2E15B56B-9FAC-4988-904B-71EF7135CFC1}.Release|x64.Build.0 = Release|Any CPU
		{2E15B56B-9FAC-4988-904B-71EF7135CFC1}.Release|x86.ActiveCfg = Release|Any CPU
		{2E15B56B-9FAC-4988-904B-71EF7135CFC1}.Release|x86.Build.0 = Release|Any CPU
		{41DB2289-20A6-4F69-9D50-9F71186DE790}.Debug|Any CPU.ActiveCfg = Debug|Any CPU
		{41DB2289-20A6-4F69-9D50-9F71186DE790}.Debug|Any CPU.Build.0 = Debug|Any CPU
		{41DB2289-20A6-4F69-9D50-9F71186DE790}.Debug|x64.ActiveCfg = Debug|Any CPU
		{41DB2289-20A6-4F69-9D50-9F71186DE790}.Debug|x64.Build.0 = Debug|Any CPU
		{41DB2289-20A6-4F69-9D50-9F71186DE790}.Debug|x86.ActiveCfg = Debug|Any CPU
		{41DB2289-20A6-4F69-9D50-9F71186DE790}.Debug|x86.Build.0 = Debug|Any CPU
		{41DB2289-20A6-4F69-9D50-9F71186DE790}.Release|Any CPU.ActiveCfg = Release|Any CPU
		{41DB2289-20A6-4F69-9D50-9F71186DE790}.Release|Any CPU.Build.0 = Release|Any CPU
		{41DB2289-20A6-4F69-9D50-9F71186DE790}.Release|x64.ActiveCfg = Release|Any CPU
		{41DB2289-20A6-4F69-9D50-9F71186DE790}.Release|x64.Build.0 = Release|Any CPU
		{41DB2289-20A6-4F69-9D50-9F71186DE790}.Release|x86.ActiveCfg = Release|Any CPU
		{41DB2289-20A6-4F69-9D50-9F71186DE790}.Release|x86.Build.0 = Release|Any CPU
		{72AF8B02-C9A3-48DD-A996-D19F72D29E33}.Debug|Any CPU.ActiveCfg = Debug|Any CPU
		{72AF8B02-C9A3-48DD-A996-D19F72D29E33}.Debug|Any CPU.Build.0 = Debug|Any CPU
		{72AF8B02-C9A3-48DD-A996-D19F72D29E33}.Debug|x64.ActiveCfg = Debug|Any CPU
		{72AF8B02-C9A3-48DD-A996-D19F72D29E33}.Debug|x64.Build.0 = Debug|Any CPU
		{72AF8B02-C9A3-48DD-A996-D19F72D29E33}.Debug|x86.ActiveCfg = Debug|Any CPU
		{72AF8B02-C9A3-48DD-A996-D19F72D29E33}.Debug|x86.Build.0 = Debug|Any CPU
		{72AF8B02-C9A3-48DD-A996-D19F72D29E33}.Release|Any CPU.ActiveCfg = Release|Any CPU
		{72AF8B02-C9A3-48DD-A996-D19F72D29E33}.Release|Any CPU.Build.0 = Release|Any CPU
		{72AF8B02-C9A3-48DD-A996-D19F72D29E33}.Release|x64.ActiveCfg = Release|Any CPU
		{72AF8B02-C9A3-48DD-A996-D19F72D29E33}.Release|x64.Build.0 = Release|Any CPU
		{72AF8B02-C9A3-48DD-A996-D19F72D29E33}.Release|x86.ActiveCfg = Release|Any CPU
		{72AF8B02-C9A3-48DD-A996-D19F72D29E33}.Release|x86.Build.0 = Release|Any CPU
		{A48340B9-2D91-43F6-826B-3CDC0040059B}.Debug|Any CPU.ActiveCfg = Debug|Any CPU
		{A48340B9-2D91-43F6-826B-3CDC0040059B}.Debug|Any CPU.Build.0 = Debug|Any CPU
		{A48340B9-2D91-43F6-826B-3CDC0040059B}.Debug|x64.ActiveCfg = Debug|Any CPU
		{A48340B9-2D91-43F6-826B-3CDC0040059B}.Debug|x64.Build.0 = Debug|Any CPU
		{A48340B9-2D91-43F6-826B-3CDC0040059B}.Debug|x86.ActiveCfg = Debug|Any CPU
		{A48340B9-2D91-43F6-826B-3CDC0040059B}.Debug|x86.Build.0 = Debug|Any CPU
		{A48340B9-2D91-43F6-826B-3CDC0040059B}.Release|Any CPU.ActiveCfg = Release|Any CPU
		{A48340B9-2D91-43F6-826B-3CDC0040059B}.Release|Any CPU.Build.0 = Release|Any CPU
		{A48340B9-2D91-43F6-826B-3CDC0040059B}.Release|x64.ActiveCfg = Release|Any CPU
		{A48340B9-2D91-43F6-826B-3CDC0040059B}.Release|x64.Build.0 = Release|Any CPU
		{A48340B9-2D91-43F6-826B-3CDC0040059B}.Release|x86.ActiveCfg = Release|Any CPU
		{A48340B9-2D91-43F6-826B-3CDC0040059B}.Release|x86.Build.0 = Release|Any CPU
		{08F974C2-CD9F-4718-A56A-B305B4CFB41D}.Debug|Any CPU.ActiveCfg = Debug|Any CPU
		{08F974C2-CD9F-4718-A56A-B305B4CFB41D}.Debug|Any CPU.Build.0 = Debug|Any CPU
		{08F974C2-CD9F-4718-A56A-B305B4CFB41D}.Debug|x64.ActiveCfg = Debug|Any CPU
		{08F974C2-CD9F-4718-A56A-B305B4CFB41D}.Debug|x64.Build.0 = Debug|Any CPU
		{08F974C2-CD9F-4718-A56A-B305B4CFB41D}.Debug|x86.ActiveCfg = Debug|Any CPU
		{08F974C2-CD9F-4718-A56A-B305B4CFB41D}.Debug|x86.Build.0 = Debug|Any CPU
		{08F974C2-CD9F-4718-A56A-B305B4CFB41D}.Release|Any CPU.ActiveCfg = Release|Any CPU
		{08F974C2-CD9F-4718-A56A-B305B4CFB41D}.Release|Any CPU.Build.0 = Release|Any CPU
		{08F974C2-CD9F-4718-A56A-B305B4CFB41D}.Release|x64.ActiveCfg = Release|Any CPU
		{08F974C2-CD9F-4718-A56A-B305B4CFB41D}.Release|x64.Build.0 = Release|Any CPU
		{08F974C2-CD9F-4718-A56A-B305B4CFB41D}.Release|x86.ActiveCfg = Release|Any CPU
		{08F974C2-CD9F-4718-A56A-B305B4CFB41D}.Release|x86.Build.0 = Release|Any CPU
		{AF7374E1-9E77-4522-9324-DDB8E34164FF}.Debug|Any CPU.ActiveCfg = Debug|Any CPU
		{AF7374E1-9E77-4522-9324-DDB8E34164FF}.Debug|Any CPU.Build.0 = Debug|Any CPU
		{AF7374E1-9E77-4522-9324-DDB8E34164FF}.Debug|x64.ActiveCfg = Debug|Any CPU
		{AF7374E1-9E77-4522-9324-DDB8E34164FF}.Debug|x64.Build.0 = Debug|Any CPU
		{AF7374E1-9E77-4522-9324-DDB8E34164FF}.Debug|x86.ActiveCfg = Debug|Any CPU
		{AF7374E1-9E77-4522-9324-DDB8E34164FF}.Debug|x86.Build.0 = Debug|Any CPU
		{AF7374E1-9E77-4522-9324-DDB8E34164FF}.Release|Any CPU.ActiveCfg = Release|Any CPU
		{AF7374E1-9E77-4522-9324-DDB8E34164FF}.Release|Any CPU.Build.0 = Release|Any CPU
		{AF7374E1-9E77-4522-9324-DDB8E34164FF}.Release|x64.ActiveCfg = Release|Any CPU
		{AF7374E1-9E77-4522-9324-DDB8E34164FF}.Release|x64.Build.0 = Release|Any CPU
		{AF7374E1-9E77-4522-9324-DDB8E34164FF}.Release|x86.ActiveCfg = Release|Any CPU
		{AF7374E1-9E77-4522-9324-DDB8E34164FF}.Release|x86.Build.0 = Release|Any CPU
		{3CBDE9B7-CED3-4EEA-BB25-023557C5F5C1}.Debug|Any CPU.ActiveCfg = Debug|Any CPU
		{3CBDE9B7-CED3-4EEA-BB25-023557C5F5C1}.Debug|Any CPU.Build.0 = Debug|Any CPU
		{3CBDE9B7-CED3-4EEA-BB25-023557C5F5C1}.Debug|x64.ActiveCfg = Debug|Any CPU
		{3CBDE9B7-CED3-4EEA-BB25-023557C5F5C1}.Debug|x64.Build.0 = Debug|Any CPU
		{3CBDE9B7-CED3-4EEA-BB25-023557C5F5C1}.Debug|x86.ActiveCfg = Debug|Any CPU
		{3CBDE9B7-CED3-4EEA-BB25-023557C5F5C1}.Debug|x86.Build.0 = Debug|Any CPU
		{3CBDE9B7-CED3-4EEA-BB25-023557C5F5C1}.Release|Any CPU.ActiveCfg = Release|Any CPU
		{3CBDE9B7-CED3-4EEA-BB25-023557C5F5C1}.Release|Any CPU.Build.0 = Release|Any CPU
		{3CBDE9B7-CED3-4EEA-BB25-023557C5F5C1}.Release|x64.ActiveCfg = Release|Any CPU
		{3CBDE9B7-CED3-4EEA-BB25-023557C5F5C1}.Release|x64.Build.0 = Release|Any CPU
		{3CBDE9B7-CED3-4EEA-BB25-023557C5F5C1}.Release|x86.ActiveCfg = Release|Any CPU
		{3CBDE9B7-CED3-4EEA-BB25-023557C5F5C1}.Release|x86.Build.0 = Release|Any CPU
		{AC0C5740-7C53-460B-BA9E-1F8257199498}.Debug|Any CPU.ActiveCfg = Debug|Any CPU
		{AC0C5740-7C53-460B-BA9E-1F8257199498}.Debug|Any CPU.Build.0 = Debug|Any CPU
		{AC0C5740-7C53-460B-BA9E-1F8257199498}.Debug|x64.ActiveCfg = Debug|Any CPU
		{AC0C5740-7C53-460B-BA9E-1F8257199498}.Debug|x64.Build.0 = Debug|Any CPU
		{AC0C5740-7C53-460B-BA9E-1F8257199498}.Debug|x86.ActiveCfg = Debug|Any CPU
		{AC0C5740-7C53-460B-BA9E-1F8257199498}.Debug|x86.Build.0 = Debug|Any CPU
		{AC0C5740-7C53-460B-BA9E-1F8257199498}.Release|Any CPU.ActiveCfg = Release|Any CPU
		{AC0C5740-7C53-460B-BA9E-1F8257199498}.Release|Any CPU.Build.0 = Release|Any CPU
		{AC0C5740-7C53-460B-BA9E-1F8257199498}.Release|x64.ActiveCfg = Release|Any CPU
		{AC0C5740-7C53-460B-BA9E-1F8257199498}.Release|x64.Build.0 = Release|Any CPU
		{AC0C5740-7C53-460B-BA9E-1F8257199498}.Release|x86.ActiveCfg = Release|Any CPU
		{AC0C5740-7C53-460B-BA9E-1F8257199498}.Release|x86.Build.0 = Release|Any CPU
		{8678A6EB-3F5F-4792-9170-EBDE57403A7F}.Debug|Any CPU.ActiveCfg = Debug|Any CPU
		{8678A6EB-3F5F-4792-9170-EBDE57403A7F}.Debug|Any CPU.Build.0 = Debug|Any CPU
		{8678A6EB-3F5F-4792-9170-EBDE57403A7F}.Debug|x64.ActiveCfg = Debug|Any CPU
		{8678A6EB-3F5F-4792-9170-EBDE57403A7F}.Debug|x64.Build.0 = Debug|Any CPU
		{8678A6EB-3F5F-4792-9170-EBDE57403A7F}.Debug|x86.ActiveCfg = Debug|Any CPU
		{8678A6EB-3F5F-4792-9170-EBDE57403A7F}.Debug|x86.Build.0 = Debug|Any CPU
		{8678A6EB-3F5F-4792-9170-EBDE57403A7F}.Release|Any CPU.ActiveCfg = Release|Any CPU
		{8678A6EB-3F5F-4792-9170-EBDE57403A7F}.Release|Any CPU.Build.0 = Release|Any CPU
		{8678A6EB-3F5F-4792-9170-EBDE57403A7F}.Release|x64.ActiveCfg = Release|Any CPU
		{8678A6EB-3F5F-4792-9170-EBDE57403A7F}.Release|x64.Build.0 = Release|Any CPU
		{8678A6EB-3F5F-4792-9170-EBDE57403A7F}.Release|x86.ActiveCfg = Release|Any CPU
		{8678A6EB-3F5F-4792-9170-EBDE57403A7F}.Release|x86.Build.0 = Release|Any CPU
		{84D7F80C-66A4-488B-B628-5714E078E386}.Debug|Any CPU.ActiveCfg = Debug|Any CPU
		{84D7F80C-66A4-488B-B628-5714E078E386}.Debug|Any CPU.Build.0 = Debug|Any CPU
		{84D7F80C-66A4-488B-B628-5714E078E386}.Debug|x64.ActiveCfg = Debug|Any CPU
		{84D7F80C-66A4-488B-B628-5714E078E386}.Debug|x64.Build.0 = Debug|Any CPU
		{84D7F80C-66A4-488B-B628-5714E078E386}.Debug|x86.ActiveCfg = Debug|Any CPU
		{84D7F80C-66A4-488B-B628-5714E078E386}.Debug|x86.Build.0 = Debug|Any CPU
		{84D7F80C-66A4-488B-B628-5714E078E386}.Release|Any CPU.ActiveCfg = Release|Any CPU
		{84D7F80C-66A4-488B-B628-5714E078E386}.Release|Any CPU.Build.0 = Release|Any CPU
		{84D7F80C-66A4-488B-B628-5714E078E386}.Release|x64.ActiveCfg = Release|Any CPU
		{84D7F80C-66A4-488B-B628-5714E078E386}.Release|x64.Build.0 = Release|Any CPU
		{84D7F80C-66A4-488B-B628-5714E078E386}.Release|x86.ActiveCfg = Release|Any CPU
		{84D7F80C-66A4-488B-B628-5714E078E386}.Release|x86.Build.0 = Release|Any CPU
		{D87058C0-A3FF-4641-9283-A208B8B7210F}.Debug|Any CPU.ActiveCfg = Debug|Any CPU
		{D87058C0-A3FF-4641-9283-A208B8B7210F}.Debug|Any CPU.Build.0 = Debug|Any CPU
		{D87058C0-A3FF-4641-9283-A208B8B7210F}.Debug|x64.ActiveCfg = Debug|Any CPU
		{D87058C0-A3FF-4641-9283-A208B8B7210F}.Debug|x64.Build.0 = Debug|Any CPU
		{D87058C0-A3FF-4641-9283-A208B8B7210F}.Debug|x86.ActiveCfg = Debug|Any CPU
		{D87058C0-A3FF-4641-9283-A208B8B7210F}.Debug|x86.Build.0 = Debug|Any CPU
		{D87058C0-A3FF-4641-9283-A208B8B7210F}.Release|Any CPU.ActiveCfg = Release|Any CPU
		{D87058C0-A3FF-4641-9283-A208B8B7210F}.Release|Any CPU.Build.0 = Release|Any CPU
		{D87058C0-A3FF-4641-9283-A208B8B7210F}.Release|x64.ActiveCfg = Release|Any CPU
		{D87058C0-A3FF-4641-9283-A208B8B7210F}.Release|x64.Build.0 = Release|Any CPU
		{D87058C0-A3FF-4641-9283-A208B8B7210F}.Release|x86.ActiveCfg = Release|Any CPU
		{D87058C0-A3FF-4641-9283-A208B8B7210F}.Release|x86.Build.0 = Release|Any CPU
		{4C176189-42A6-4250-A370-452810879DF4}.Debug|Any CPU.ActiveCfg = Debug|Any CPU
		{4C176189-42A6-4250-A370-452810879DF4}.Debug|Any CPU.Build.0 = Debug|Any CPU
		{4C176189-42A6-4250-A370-452810879DF4}.Debug|x64.ActiveCfg = Debug|Any CPU
		{4C176189-42A6-4250-A370-452810879DF4}.Debug|x64.Build.0 = Debug|Any CPU
		{4C176189-42A6-4250-A370-452810879DF4}.Debug|x86.ActiveCfg = Debug|Any CPU
		{4C176189-42A6-4250-A370-452810879DF4}.Debug|x86.Build.0 = Debug|Any CPU
		{4C176189-42A6-4250-A370-452810879DF4}.Release|Any CPU.ActiveCfg = Release|Any CPU
		{4C176189-42A6-4250-A370-452810879DF4}.Release|Any CPU.Build.0 = Release|Any CPU
		{4C176189-42A6-4250-A370-452810879DF4}.Release|x64.ActiveCfg = Release|Any CPU
		{4C176189-42A6-4250-A370-452810879DF4}.Release|x64.Build.0 = Release|Any CPU
		{4C176189-42A6-4250-A370-452810879DF4}.Release|x86.ActiveCfg = Release|Any CPU
		{4C176189-42A6-4250-A370-452810879DF4}.Release|x86.Build.0 = Release|Any CPU
		{349EEAB1-2029-4D07-8703-7180E9621C9C}.Debug|Any CPU.ActiveCfg = Debug|Any CPU
		{349EEAB1-2029-4D07-8703-7180E9621C9C}.Debug|Any CPU.Build.0 = Debug|Any CPU
		{349EEAB1-2029-4D07-8703-7180E9621C9C}.Debug|x64.ActiveCfg = Debug|Any CPU
		{349EEAB1-2029-4D07-8703-7180E9621C9C}.Debug|x64.Build.0 = Debug|Any CPU
		{349EEAB1-2029-4D07-8703-7180E9621C9C}.Debug|x86.ActiveCfg = Debug|Any CPU
		{349EEAB1-2029-4D07-8703-7180E9621C9C}.Debug|x86.Build.0 = Debug|Any CPU
		{349EEAB1-2029-4D07-8703-7180E9621C9C}.Release|Any CPU.ActiveCfg = Release|Any CPU
		{349EEAB1-2029-4D07-8703-7180E9621C9C}.Release|Any CPU.Build.0 = Release|Any CPU
		{349EEAB1-2029-4D07-8703-7180E9621C9C}.Release|x64.ActiveCfg = Release|Any CPU
		{349EEAB1-2029-4D07-8703-7180E9621C9C}.Release|x64.Build.0 = Release|Any CPU
		{349EEAB1-2029-4D07-8703-7180E9621C9C}.Release|x86.ActiveCfg = Release|Any CPU
		{349EEAB1-2029-4D07-8703-7180E9621C9C}.Release|x86.Build.0 = Release|Any CPU
		{D6CB3E0D-D556-41C2-A764-4564AA23A8DE}.Debug|Any CPU.ActiveCfg = Debug|Any CPU
		{D6CB3E0D-D556-41C2-A764-4564AA23A8DE}.Debug|Any CPU.Build.0 = Debug|Any CPU
		{D6CB3E0D-D556-41C2-A764-4564AA23A8DE}.Debug|x64.ActiveCfg = Debug|Any CPU
		{D6CB3E0D-D556-41C2-A764-4564AA23A8DE}.Debug|x64.Build.0 = Debug|Any CPU
		{D6CB3E0D-D556-41C2-A764-4564AA23A8DE}.Debug|x86.ActiveCfg = Debug|Any CPU
		{D6CB3E0D-D556-41C2-A764-4564AA23A8DE}.Debug|x86.Build.0 = Debug|Any CPU
		{D6CB3E0D-D556-41C2-A764-4564AA23A8DE}.Release|Any CPU.ActiveCfg = Release|Any CPU
		{D6CB3E0D-D556-41C2-A764-4564AA23A8DE}.Release|Any CPU.Build.0 = Release|Any CPU
		{D6CB3E0D-D556-41C2-A764-4564AA23A8DE}.Release|x64.ActiveCfg = Release|Any CPU
		{D6CB3E0D-D556-41C2-A764-4564AA23A8DE}.Release|x64.Build.0 = Release|Any CPU
		{D6CB3E0D-D556-41C2-A764-4564AA23A8DE}.Release|x86.ActiveCfg = Release|Any CPU
		{D6CB3E0D-D556-41C2-A764-4564AA23A8DE}.Release|x86.Build.0 = Release|Any CPU
		{24980C78-6A69-44E3-9CE4-339297770167}.Debug|Any CPU.ActiveCfg = Debug|Any CPU
		{24980C78-6A69-44E3-9CE4-339297770167}.Debug|Any CPU.Build.0 = Debug|Any CPU
		{24980C78-6A69-44E3-9CE4-339297770167}.Debug|x64.ActiveCfg = Debug|Any CPU
		{24980C78-6A69-44E3-9CE4-339297770167}.Debug|x64.Build.0 = Debug|Any CPU
		{24980C78-6A69-44E3-9CE4-339297770167}.Debug|x86.ActiveCfg = Debug|Any CPU
		{24980C78-6A69-44E3-9CE4-339297770167}.Debug|x86.Build.0 = Debug|Any CPU
		{24980C78-6A69-44E3-9CE4-339297770167}.Release|Any CPU.ActiveCfg = Release|Any CPU
		{24980C78-6A69-44E3-9CE4-339297770167}.Release|Any CPU.Build.0 = Release|Any CPU
		{24980C78-6A69-44E3-9CE4-339297770167}.Release|x64.ActiveCfg = Release|Any CPU
		{24980C78-6A69-44E3-9CE4-339297770167}.Release|x64.Build.0 = Release|Any CPU
		{24980C78-6A69-44E3-9CE4-339297770167}.Release|x86.ActiveCfg = Release|Any CPU
		{24980C78-6A69-44E3-9CE4-339297770167}.Release|x86.Build.0 = Release|Any CPU
		{28420975-A77A-470B-82B1-4E488884CEFC}.Debug|Any CPU.ActiveCfg = Debug|Any CPU
		{28420975-A77A-470B-82B1-4E488884CEFC}.Debug|Any CPU.Build.0 = Debug|Any CPU
		{28420975-A77A-470B-82B1-4E488884CEFC}.Debug|x64.ActiveCfg = Debug|Any CPU
		{28420975-A77A-470B-82B1-4E488884CEFC}.Debug|x64.Build.0 = Debug|Any CPU
		{28420975-A77A-470B-82B1-4E488884CEFC}.Debug|x86.ActiveCfg = Debug|Any CPU
		{28420975-A77A-470B-82B1-4E488884CEFC}.Debug|x86.Build.0 = Debug|Any CPU
		{28420975-A77A-470B-82B1-4E488884CEFC}.Release|Any CPU.ActiveCfg = Release|Any CPU
		{28420975-A77A-470B-82B1-4E488884CEFC}.Release|Any CPU.Build.0 = Release|Any CPU
		{28420975-A77A-470B-82B1-4E488884CEFC}.Release|x64.ActiveCfg = Release|Any CPU
		{28420975-A77A-470B-82B1-4E488884CEFC}.Release|x64.Build.0 = Release|Any CPU
		{28420975-A77A-470B-82B1-4E488884CEFC}.Release|x86.ActiveCfg = Release|Any CPU
		{28420975-A77A-470B-82B1-4E488884CEFC}.Release|x86.Build.0 = Release|Any CPU
		{7EE39E13-5528-4872-88EB-2253FB0DFB4E}.Debug|Any CPU.ActiveCfg = Debug|Any CPU
		{7EE39E13-5528-4872-88EB-2253FB0DFB4E}.Debug|Any CPU.Build.0 = Debug|Any CPU
		{7EE39E13-5528-4872-88EB-2253FB0DFB4E}.Debug|x64.ActiveCfg = Debug|Any CPU
		{7EE39E13-5528-4872-88EB-2253FB0DFB4E}.Debug|x64.Build.0 = Debug|Any CPU
		{7EE39E13-5528-4872-88EB-2253FB0DFB4E}.Debug|x86.ActiveCfg = Debug|Any CPU
		{7EE39E13-5528-4872-88EB-2253FB0DFB4E}.Debug|x86.Build.0 = Debug|Any CPU
		{7EE39E13-5528-4872-88EB-2253FB0DFB4E}.Release|Any CPU.ActiveCfg = Release|Any CPU
		{7EE39E13-5528-4872-88EB-2253FB0DFB4E}.Release|Any CPU.Build.0 = Release|Any CPU
		{7EE39E13-5528-4872-88EB-2253FB0DFB4E}.Release|x64.ActiveCfg = Release|Any CPU
		{7EE39E13-5528-4872-88EB-2253FB0DFB4E}.Release|x64.Build.0 = Release|Any CPU
		{7EE39E13-5528-4872-88EB-2253FB0DFB4E}.Release|x86.ActiveCfg = Release|Any CPU
		{7EE39E13-5528-4872-88EB-2253FB0DFB4E}.Release|x86.Build.0 = Release|Any CPU
		{9A21F099-DC42-4A0B-849E-C542D8039F86}.Debug|Any CPU.ActiveCfg = Debug|Any CPU
		{9A21F099-DC42-4A0B-849E-C542D8039F86}.Debug|Any CPU.Build.0 = Debug|Any CPU
		{9A21F099-DC42-4A0B-849E-C542D8039F86}.Debug|x64.ActiveCfg = Debug|Any CPU
		{9A21F099-DC42-4A0B-849E-C542D8039F86}.Debug|x64.Build.0 = Debug|Any CPU
		{9A21F099-DC42-4A0B-849E-C542D8039F86}.Debug|x86.ActiveCfg = Debug|Any CPU
		{9A21F099-DC42-4A0B-849E-C542D8039F86}.Debug|x86.Build.0 = Debug|Any CPU
		{9A21F099-DC42-4A0B-849E-C542D8039F86}.Release|Any CPU.ActiveCfg = Release|Any CPU
		{9A21F099-DC42-4A0B-849E-C542D8039F86}.Release|Any CPU.Build.0 = Release|Any CPU
		{9A21F099-DC42-4A0B-849E-C542D8039F86}.Release|x64.ActiveCfg = Release|Any CPU
		{9A21F099-DC42-4A0B-849E-C542D8039F86}.Release|x64.Build.0 = Release|Any CPU
		{9A21F099-DC42-4A0B-849E-C542D8039F86}.Release|x86.ActiveCfg = Release|Any CPU
		{9A21F099-DC42-4A0B-849E-C542D8039F86}.Release|x86.Build.0 = Release|Any CPU
		{56CE075C-50A4-4303-8AB6-469124B4D78B}.Debug|Any CPU.ActiveCfg = Debug|Any CPU
		{56CE075C-50A4-4303-8AB6-469124B4D78B}.Debug|Any CPU.Build.0 = Debug|Any CPU
		{56CE075C-50A4-4303-8AB6-469124B4D78B}.Debug|x64.ActiveCfg = Debug|Any CPU
		{56CE075C-50A4-4303-8AB6-469124B4D78B}.Debug|x64.Build.0 = Debug|Any CPU
		{56CE075C-50A4-4303-8AB6-469124B4D78B}.Debug|x86.ActiveCfg = Debug|Any CPU
		{56CE075C-50A4-4303-8AB6-469124B4D78B}.Debug|x86.Build.0 = Debug|Any CPU
		{56CE075C-50A4-4303-8AB6-469124B4D78B}.Release|Any CPU.ActiveCfg = Release|Any CPU
		{56CE075C-50A4-4303-8AB6-469124B4D78B}.Release|Any CPU.Build.0 = Release|Any CPU
		{56CE075C-50A4-4303-8AB6-469124B4D78B}.Release|x64.ActiveCfg = Release|Any CPU
		{56CE075C-50A4-4303-8AB6-469124B4D78B}.Release|x64.Build.0 = Release|Any CPU
		{56CE075C-50A4-4303-8AB6-469124B4D78B}.Release|x86.ActiveCfg = Release|Any CPU
		{56CE075C-50A4-4303-8AB6-469124B4D78B}.Release|x86.Build.0 = Release|Any CPU
		{A4F6FA33-54CD-491D-A8BA-BB16240A12BB}.Debug|Any CPU.ActiveCfg = Debug|Any CPU
		{A4F6FA33-54CD-491D-A8BA-BB16240A12BB}.Debug|Any CPU.Build.0 = Debug|Any CPU
		{A4F6FA33-54CD-491D-A8BA-BB16240A12BB}.Debug|x64.ActiveCfg = Debug|Any CPU
		{A4F6FA33-54CD-491D-A8BA-BB16240A12BB}.Debug|x64.Build.0 = Debug|Any CPU
		{A4F6FA33-54CD-491D-A8BA-BB16240A12BB}.Debug|x86.ActiveCfg = Debug|Any CPU
		{A4F6FA33-54CD-491D-A8BA-BB16240A12BB}.Debug|x86.Build.0 = Debug|Any CPU
		{A4F6FA33-54CD-491D-A8BA-BB16240A12BB}.Release|Any CPU.ActiveCfg = Release|Any CPU
		{A4F6FA33-54CD-491D-A8BA-BB16240A12BB}.Release|Any CPU.Build.0 = Release|Any CPU
		{A4F6FA33-54CD-491D-A8BA-BB16240A12BB}.Release|x64.ActiveCfg = Release|Any CPU
		{A4F6FA33-54CD-491D-A8BA-BB16240A12BB}.Release|x64.Build.0 = Release|Any CPU
		{A4F6FA33-54CD-491D-A8BA-BB16240A12BB}.Release|x86.ActiveCfg = Release|Any CPU
		{A4F6FA33-54CD-491D-A8BA-BB16240A12BB}.Release|x86.Build.0 = Release|Any CPU
		{22B5FE82-2FFB-4143-BD74-7118146B2B5B}.Debug|Any CPU.ActiveCfg = Debug|Any CPU
		{22B5FE82-2FFB-4143-BD74-7118146B2B5B}.Debug|Any CPU.Build.0 = Debug|Any CPU
		{22B5FE82-2FFB-4143-BD74-7118146B2B5B}.Debug|x64.ActiveCfg = Debug|Any CPU
		{22B5FE82-2FFB-4143-BD74-7118146B2B5B}.Debug|x64.Build.0 = Debug|Any CPU
		{22B5FE82-2FFB-4143-BD74-7118146B2B5B}.Debug|x86.ActiveCfg = Debug|Any CPU
		{22B5FE82-2FFB-4143-BD74-7118146B2B5B}.Debug|x86.Build.0 = Debug|Any CPU
		{22B5FE82-2FFB-4143-BD74-7118146B2B5B}.Release|Any CPU.ActiveCfg = Release|Any CPU
		{22B5FE82-2FFB-4143-BD74-7118146B2B5B}.Release|Any CPU.Build.0 = Release|Any CPU
		{22B5FE82-2FFB-4143-BD74-7118146B2B5B}.Release|x64.ActiveCfg = Release|Any CPU
		{22B5FE82-2FFB-4143-BD74-7118146B2B5B}.Release|x64.Build.0 = Release|Any CPU
		{22B5FE82-2FFB-4143-BD74-7118146B2B5B}.Release|x86.ActiveCfg = Release|Any CPU
		{22B5FE82-2FFB-4143-BD74-7118146B2B5B}.Release|x86.Build.0 = Release|Any CPU
		{C2E4C9F2-514A-4E2A-876C-286BBC190869}.Debug|Any CPU.ActiveCfg = Debug|Any CPU
		{C2E4C9F2-514A-4E2A-876C-286BBC190869}.Debug|Any CPU.Build.0 = Debug|Any CPU
		{C2E4C9F2-514A-4E2A-876C-286BBC190869}.Debug|x64.ActiveCfg = Debug|Any CPU
		{C2E4C9F2-514A-4E2A-876C-286BBC190869}.Debug|x64.Build.0 = Debug|Any CPU
		{C2E4C9F2-514A-4E2A-876C-286BBC190869}.Debug|x86.ActiveCfg = Debug|Any CPU
		{C2E4C9F2-514A-4E2A-876C-286BBC190869}.Debug|x86.Build.0 = Debug|Any CPU
		{C2E4C9F2-514A-4E2A-876C-286BBC190869}.Release|Any CPU.ActiveCfg = Release|Any CPU
		{C2E4C9F2-514A-4E2A-876C-286BBC190869}.Release|Any CPU.Build.0 = Release|Any CPU
		{C2E4C9F2-514A-4E2A-876C-286BBC190869}.Release|x64.ActiveCfg = Release|Any CPU
		{C2E4C9F2-514A-4E2A-876C-286BBC190869}.Release|x64.Build.0 = Release|Any CPU
		{C2E4C9F2-514A-4E2A-876C-286BBC190869}.Release|x86.ActiveCfg = Release|Any CPU
		{C2E4C9F2-514A-4E2A-876C-286BBC190869}.Release|x86.Build.0 = Release|Any CPU
		{5447F9BA-1C88-4143-8D8B-4478B3116BBE}.Debug|Any CPU.ActiveCfg = Debug|Any CPU
		{5447F9BA-1C88-4143-8D8B-4478B3116BBE}.Debug|Any CPU.Build.0 = Debug|Any CPU
		{5447F9BA-1C88-4143-8D8B-4478B3116BBE}.Debug|x64.ActiveCfg = Debug|Any CPU
		{5447F9BA-1C88-4143-8D8B-4478B3116BBE}.Debug|x64.Build.0 = Debug|Any CPU
		{5447F9BA-1C88-4143-8D8B-4478B3116BBE}.Debug|x86.ActiveCfg = Debug|Any CPU
		{5447F9BA-1C88-4143-8D8B-4478B3116BBE}.Debug|x86.Build.0 = Debug|Any CPU
		{5447F9BA-1C88-4143-8D8B-4478B3116BBE}.Release|Any CPU.ActiveCfg = Release|Any CPU
		{5447F9BA-1C88-4143-8D8B-4478B3116BBE}.Release|Any CPU.Build.0 = Release|Any CPU
		{5447F9BA-1C88-4143-8D8B-4478B3116BBE}.Release|x64.ActiveCfg = Release|Any CPU
		{5447F9BA-1C88-4143-8D8B-4478B3116BBE}.Release|x64.Build.0 = Release|Any CPU
		{5447F9BA-1C88-4143-8D8B-4478B3116BBE}.Release|x86.ActiveCfg = Release|Any CPU
		{5447F9BA-1C88-4143-8D8B-4478B3116BBE}.Release|x86.Build.0 = Release|Any CPU
		{F2F28325-3CE2-4C8B-8E5C-DB1F2AE95FB6}.Debug|Any CPU.ActiveCfg = Debug|Any CPU
		{F2F28325-3CE2-4C8B-8E5C-DB1F2AE95FB6}.Debug|Any CPU.Build.0 = Debug|Any CPU
		{F2F28325-3CE2-4C8B-8E5C-DB1F2AE95FB6}.Debug|x64.ActiveCfg = Debug|Any CPU
		{F2F28325-3CE2-4C8B-8E5C-DB1F2AE95FB6}.Debug|x64.Build.0 = Debug|Any CPU
		{F2F28325-3CE2-4C8B-8E5C-DB1F2AE95FB6}.Debug|x86.ActiveCfg = Debug|Any CPU
		{F2F28325-3CE2-4C8B-8E5C-DB1F2AE95FB6}.Debug|x86.Build.0 = Debug|Any CPU
		{F2F28325-3CE2-4C8B-8E5C-DB1F2AE95FB6}.Release|Any CPU.ActiveCfg = Release|Any CPU
		{F2F28325-3CE2-4C8B-8E5C-DB1F2AE95FB6}.Release|Any CPU.Build.0 = Release|Any CPU
		{F2F28325-3CE2-4C8B-8E5C-DB1F2AE95FB6}.Release|x64.ActiveCfg = Release|Any CPU
		{F2F28325-3CE2-4C8B-8E5C-DB1F2AE95FB6}.Release|x64.Build.0 = Release|Any CPU
		{F2F28325-3CE2-4C8B-8E5C-DB1F2AE95FB6}.Release|x86.ActiveCfg = Release|Any CPU
		{F2F28325-3CE2-4C8B-8E5C-DB1F2AE95FB6}.Release|x86.Build.0 = Release|Any CPU
		{4CBEFF91-A58A-40DA-9ED3-9F5EA9EF6405}.Debug|Any CPU.ActiveCfg = Debug|Any CPU
		{4CBEFF91-A58A-40DA-9ED3-9F5EA9EF6405}.Debug|Any CPU.Build.0 = Debug|Any CPU
		{4CBEFF91-A58A-40DA-9ED3-9F5EA9EF6405}.Debug|x64.ActiveCfg = Debug|Any CPU
		{4CBEFF91-A58A-40DA-9ED3-9F5EA9EF6405}.Debug|x64.Build.0 = Debug|Any CPU
		{4CBEFF91-A58A-40DA-9ED3-9F5EA9EF6405}.Debug|x86.ActiveCfg = Debug|Any CPU
		{4CBEFF91-A58A-40DA-9ED3-9F5EA9EF6405}.Debug|x86.Build.0 = Debug|Any CPU
		{4CBEFF91-A58A-40DA-9ED3-9F5EA9EF6405}.Release|Any CPU.ActiveCfg = Release|Any CPU
		{4CBEFF91-A58A-40DA-9ED3-9F5EA9EF6405}.Release|Any CPU.Build.0 = Release|Any CPU
		{4CBEFF91-A58A-40DA-9ED3-9F5EA9EF6405}.Release|x64.ActiveCfg = Release|Any CPU
		{4CBEFF91-A58A-40DA-9ED3-9F5EA9EF6405}.Release|x64.Build.0 = Release|Any CPU
		{4CBEFF91-A58A-40DA-9ED3-9F5EA9EF6405}.Release|x86.ActiveCfg = Release|Any CPU
		{4CBEFF91-A58A-40DA-9ED3-9F5EA9EF6405}.Release|x86.Build.0 = Release|Any CPU
		{19156051-4F3B-4C1C-95FE-A839996F85DE}.Debug|Any CPU.ActiveCfg = Debug|Any CPU
		{19156051-4F3B-4C1C-95FE-A839996F85DE}.Debug|Any CPU.Build.0 = Debug|Any CPU
		{19156051-4F3B-4C1C-95FE-A839996F85DE}.Debug|x64.ActiveCfg = Debug|Any CPU
		{19156051-4F3B-4C1C-95FE-A839996F85DE}.Debug|x64.Build.0 = Debug|Any CPU
		{19156051-4F3B-4C1C-95FE-A839996F85DE}.Debug|x86.ActiveCfg = Debug|Any CPU
		{19156051-4F3B-4C1C-95FE-A839996F85DE}.Debug|x86.Build.0 = Debug|Any CPU
		{19156051-4F3B-4C1C-95FE-A839996F85DE}.Release|Any CPU.ActiveCfg = Release|Any CPU
		{19156051-4F3B-4C1C-95FE-A839996F85DE}.Release|Any CPU.Build.0 = Release|Any CPU
		{19156051-4F3B-4C1C-95FE-A839996F85DE}.Release|x64.ActiveCfg = Release|Any CPU
		{19156051-4F3B-4C1C-95FE-A839996F85DE}.Release|x64.Build.0 = Release|Any CPU
		{19156051-4F3B-4C1C-95FE-A839996F85DE}.Release|x86.ActiveCfg = Release|Any CPU
		{19156051-4F3B-4C1C-95FE-A839996F85DE}.Release|x86.Build.0 = Release|Any CPU
		{FC7FDA11-FF92-4F9A-87D1-3ABE854E03E4}.Debug|Any CPU.ActiveCfg = Debug|Any CPU
		{FC7FDA11-FF92-4F9A-87D1-3ABE854E03E4}.Debug|Any CPU.Build.0 = Debug|Any CPU
		{FC7FDA11-FF92-4F9A-87D1-3ABE854E03E4}.Debug|x64.ActiveCfg = Debug|Any CPU
		{FC7FDA11-FF92-4F9A-87D1-3ABE854E03E4}.Debug|x64.Build.0 = Debug|Any CPU
		{FC7FDA11-FF92-4F9A-87D1-3ABE854E03E4}.Debug|x86.ActiveCfg = Debug|Any CPU
		{FC7FDA11-FF92-4F9A-87D1-3ABE854E03E4}.Debug|x86.Build.0 = Debug|Any CPU
		{FC7FDA11-FF92-4F9A-87D1-3ABE854E03E4}.Release|Any CPU.ActiveCfg = Release|Any CPU
		{FC7FDA11-FF92-4F9A-87D1-3ABE854E03E4}.Release|Any CPU.Build.0 = Release|Any CPU
		{FC7FDA11-FF92-4F9A-87D1-3ABE854E03E4}.Release|x64.ActiveCfg = Release|Any CPU
		{FC7FDA11-FF92-4F9A-87D1-3ABE854E03E4}.Release|x64.Build.0 = Release|Any CPU
		{FC7FDA11-FF92-4F9A-87D1-3ABE854E03E4}.Release|x86.ActiveCfg = Release|Any CPU
		{FC7FDA11-FF92-4F9A-87D1-3ABE854E03E4}.Release|x86.Build.0 = Release|Any CPU
		{2624B66D-BBCC-4877-B55C-86EFADFEEF26}.Debug|Any CPU.ActiveCfg = Debug|Any CPU
		{2624B66D-BBCC-4877-B55C-86EFADFEEF26}.Debug|Any CPU.Build.0 = Debug|Any CPU
		{2624B66D-BBCC-4877-B55C-86EFADFEEF26}.Debug|x64.ActiveCfg = Debug|Any CPU
		{2624B66D-BBCC-4877-B55C-86EFADFEEF26}.Debug|x64.Build.0 = Debug|Any CPU
		{2624B66D-BBCC-4877-B55C-86EFADFEEF26}.Debug|x86.ActiveCfg = Debug|Any CPU
		{2624B66D-BBCC-4877-B55C-86EFADFEEF26}.Debug|x86.Build.0 = Debug|Any CPU
		{2624B66D-BBCC-4877-B55C-86EFADFEEF26}.Release|Any CPU.ActiveCfg = Release|Any CPU
		{2624B66D-BBCC-4877-B55C-86EFADFEEF26}.Release|Any CPU.Build.0 = Release|Any CPU
		{2624B66D-BBCC-4877-B55C-86EFADFEEF26}.Release|x64.ActiveCfg = Release|Any CPU
		{2624B66D-BBCC-4877-B55C-86EFADFEEF26}.Release|x64.Build.0 = Release|Any CPU
		{2624B66D-BBCC-4877-B55C-86EFADFEEF26}.Release|x86.ActiveCfg = Release|Any CPU
		{2624B66D-BBCC-4877-B55C-86EFADFEEF26}.Release|x86.Build.0 = Release|Any CPU
		{4FF5D2E8-77ED-4394-BCC8-77A06D0241A2}.Debug|Any CPU.ActiveCfg = Debug|Any CPU
		{4FF5D2E8-77ED-4394-BCC8-77A06D0241A2}.Debug|Any CPU.Build.0 = Debug|Any CPU
		{4FF5D2E8-77ED-4394-BCC8-77A06D0241A2}.Debug|x64.ActiveCfg = Debug|Any CPU
		{4FF5D2E8-77ED-4394-BCC8-77A06D0241A2}.Debug|x64.Build.0 = Debug|Any CPU
		{4FF5D2E8-77ED-4394-BCC8-77A06D0241A2}.Debug|x86.ActiveCfg = Debug|Any CPU
		{4FF5D2E8-77ED-4394-BCC8-77A06D0241A2}.Debug|x86.Build.0 = Debug|Any CPU
		{4FF5D2E8-77ED-4394-BCC8-77A06D0241A2}.Release|Any CPU.ActiveCfg = Release|Any CPU
		{4FF5D2E8-77ED-4394-BCC8-77A06D0241A2}.Release|Any CPU.Build.0 = Release|Any CPU
		{4FF5D2E8-77ED-4394-BCC8-77A06D0241A2}.Release|x64.ActiveCfg = Release|Any CPU
		{4FF5D2E8-77ED-4394-BCC8-77A06D0241A2}.Release|x64.Build.0 = Release|Any CPU
		{4FF5D2E8-77ED-4394-BCC8-77A06D0241A2}.Release|x86.ActiveCfg = Release|Any CPU
		{4FF5D2E8-77ED-4394-BCC8-77A06D0241A2}.Release|x86.Build.0 = Release|Any CPU
		{C6BB6BF4-8291-42F2-8F6C-99E6C39DE199}.Debug|Any CPU.ActiveCfg = Debug|Any CPU
		{C6BB6BF4-8291-42F2-8F6C-99E6C39DE199}.Debug|Any CPU.Build.0 = Debug|Any CPU
		{C6BB6BF4-8291-42F2-8F6C-99E6C39DE199}.Debug|x64.ActiveCfg = Debug|Any CPU
		{C6BB6BF4-8291-42F2-8F6C-99E6C39DE199}.Debug|x64.Build.0 = Debug|Any CPU
		{C6BB6BF4-8291-42F2-8F6C-99E6C39DE199}.Debug|x86.ActiveCfg = Debug|Any CPU
		{C6BB6BF4-8291-42F2-8F6C-99E6C39DE199}.Debug|x86.Build.0 = Debug|Any CPU
		{C6BB6BF4-8291-42F2-8F6C-99E6C39DE199}.Release|Any CPU.ActiveCfg = Release|Any CPU
		{C6BB6BF4-8291-42F2-8F6C-99E6C39DE199}.Release|Any CPU.Build.0 = Release|Any CPU
		{C6BB6BF4-8291-42F2-8F6C-99E6C39DE199}.Release|x64.ActiveCfg = Release|Any CPU
		{C6BB6BF4-8291-42F2-8F6C-99E6C39DE199}.Release|x64.Build.0 = Release|Any CPU
		{C6BB6BF4-8291-42F2-8F6C-99E6C39DE199}.Release|x86.ActiveCfg = Release|Any CPU
		{C6BB6BF4-8291-42F2-8F6C-99E6C39DE199}.Release|x86.Build.0 = Release|Any CPU
		{E1E0C69F-5741-482F-AB7B-ECD9502869F9}.Debug|Any CPU.ActiveCfg = Debug|Any CPU
		{E1E0C69F-5741-482F-AB7B-ECD9502869F9}.Debug|Any CPU.Build.0 = Debug|Any CPU
		{E1E0C69F-5741-482F-AB7B-ECD9502869F9}.Debug|x64.ActiveCfg = Debug|Any CPU
		{E1E0C69F-5741-482F-AB7B-ECD9502869F9}.Debug|x64.Build.0 = Debug|Any CPU
		{E1E0C69F-5741-482F-AB7B-ECD9502869F9}.Debug|x86.ActiveCfg = Debug|Any CPU
		{E1E0C69F-5741-482F-AB7B-ECD9502869F9}.Debug|x86.Build.0 = Debug|Any CPU
		{E1E0C69F-5741-482F-AB7B-ECD9502869F9}.Release|Any CPU.ActiveCfg = Release|Any CPU
		{E1E0C69F-5741-482F-AB7B-ECD9502869F9}.Release|Any CPU.Build.0 = Release|Any CPU
		{E1E0C69F-5741-482F-AB7B-ECD9502869F9}.Release|x64.ActiveCfg = Release|Any CPU
		{E1E0C69F-5741-482F-AB7B-ECD9502869F9}.Release|x64.Build.0 = Release|Any CPU
		{E1E0C69F-5741-482F-AB7B-ECD9502869F9}.Release|x86.ActiveCfg = Release|Any CPU
		{E1E0C69F-5741-482F-AB7B-ECD9502869F9}.Release|x86.Build.0 = Release|Any CPU
		{12F4E7C2-E7C3-4B20-9EE1-8213D90EC226}.Debug|Any CPU.ActiveCfg = Debug|Any CPU
		{12F4E7C2-E7C3-4B20-9EE1-8213D90EC226}.Debug|Any CPU.Build.0 = Debug|Any CPU
		{12F4E7C2-E7C3-4B20-9EE1-8213D90EC226}.Debug|x64.ActiveCfg = Debug|Any CPU
		{12F4E7C2-E7C3-4B20-9EE1-8213D90EC226}.Debug|x64.Build.0 = Debug|Any CPU
		{12F4E7C2-E7C3-4B20-9EE1-8213D90EC226}.Debug|x86.ActiveCfg = Debug|Any CPU
		{12F4E7C2-E7C3-4B20-9EE1-8213D90EC226}.Debug|x86.Build.0 = Debug|Any CPU
		{12F4E7C2-E7C3-4B20-9EE1-8213D90EC226}.Release|Any CPU.ActiveCfg = Release|Any CPU
		{12F4E7C2-E7C3-4B20-9EE1-8213D90EC226}.Release|Any CPU.Build.0 = Release|Any CPU
		{12F4E7C2-E7C3-4B20-9EE1-8213D90EC226}.Release|x64.ActiveCfg = Release|Any CPU
		{12F4E7C2-E7C3-4B20-9EE1-8213D90EC226}.Release|x64.Build.0 = Release|Any CPU
		{12F4E7C2-E7C3-4B20-9EE1-8213D90EC226}.Release|x86.ActiveCfg = Release|Any CPU
		{12F4E7C2-E7C3-4B20-9EE1-8213D90EC226}.Release|x86.Build.0 = Release|Any CPU
		{5638BB18-94C8-493A-81C9-23C243C563E0}.Debug|Any CPU.ActiveCfg = Debug|Any CPU
		{5638BB18-94C8-493A-81C9-23C243C563E0}.Debug|Any CPU.Build.0 = Debug|Any CPU
		{5638BB18-94C8-493A-81C9-23C243C563E0}.Debug|x64.ActiveCfg = Debug|Any CPU
		{5638BB18-94C8-493A-81C9-23C243C563E0}.Debug|x64.Build.0 = Debug|Any CPU
		{5638BB18-94C8-493A-81C9-23C243C563E0}.Debug|x86.ActiveCfg = Debug|Any CPU
		{5638BB18-94C8-493A-81C9-23C243C563E0}.Debug|x86.Build.0 = Debug|Any CPU
		{5638BB18-94C8-493A-81C9-23C243C563E0}.Release|Any CPU.ActiveCfg = Release|Any CPU
		{5638BB18-94C8-493A-81C9-23C243C563E0}.Release|Any CPU.Build.0 = Release|Any CPU
		{5638BB18-94C8-493A-81C9-23C243C563E0}.Release|x64.ActiveCfg = Release|Any CPU
		{5638BB18-94C8-493A-81C9-23C243C563E0}.Release|x64.Build.0 = Release|Any CPU
		{5638BB18-94C8-493A-81C9-23C243C563E0}.Release|x86.ActiveCfg = Release|Any CPU
		{5638BB18-94C8-493A-81C9-23C243C563E0}.Release|x86.Build.0 = Release|Any CPU
		{8C989C33-447A-4FEC-A9DD-1E8114962AEE}.Debug|Any CPU.ActiveCfg = Debug|Any CPU
		{8C989C33-447A-4FEC-A9DD-1E8114962AEE}.Debug|Any CPU.Build.0 = Debug|Any CPU
		{8C989C33-447A-4FEC-A9DD-1E8114962AEE}.Debug|x64.ActiveCfg = Debug|Any CPU
		{8C989C33-447A-4FEC-A9DD-1E8114962AEE}.Debug|x64.Build.0 = Debug|Any CPU
		{8C989C33-447A-4FEC-A9DD-1E8114962AEE}.Debug|x86.ActiveCfg = Debug|Any CPU
		{8C989C33-447A-4FEC-A9DD-1E8114962AEE}.Debug|x86.Build.0 = Debug|Any CPU
		{8C989C33-447A-4FEC-A9DD-1E8114962AEE}.Release|Any CPU.ActiveCfg = Release|Any CPU
		{8C989C33-447A-4FEC-A9DD-1E8114962AEE}.Release|Any CPU.Build.0 = Release|Any CPU
		{8C989C33-447A-4FEC-A9DD-1E8114962AEE}.Release|x64.ActiveCfg = Release|Any CPU
		{8C989C33-447A-4FEC-A9DD-1E8114962AEE}.Release|x64.Build.0 = Release|Any CPU
		{8C989C33-447A-4FEC-A9DD-1E8114962AEE}.Release|x86.ActiveCfg = Release|Any CPU
		{8C989C33-447A-4FEC-A9DD-1E8114962AEE}.Release|x86.Build.0 = Release|Any CPU
		{C19276B9-F784-424F-A0D1-7F2CB75F16A9}.Debug|Any CPU.ActiveCfg = Debug|Any CPU
		{C19276B9-F784-424F-A0D1-7F2CB75F16A9}.Debug|Any CPU.Build.0 = Debug|Any CPU
		{C19276B9-F784-424F-A0D1-7F2CB75F16A9}.Debug|x64.ActiveCfg = Debug|Any CPU
		{C19276B9-F784-424F-A0D1-7F2CB75F16A9}.Debug|x64.Build.0 = Debug|Any CPU
		{C19276B9-F784-424F-A0D1-7F2CB75F16A9}.Debug|x86.ActiveCfg = Debug|Any CPU
		{C19276B9-F784-424F-A0D1-7F2CB75F16A9}.Debug|x86.Build.0 = Debug|Any CPU
		{C19276B9-F784-424F-A0D1-7F2CB75F16A9}.Release|Any CPU.ActiveCfg = Release|Any CPU
		{C19276B9-F784-424F-A0D1-7F2CB75F16A9}.Release|Any CPU.Build.0 = Release|Any CPU
		{C19276B9-F784-424F-A0D1-7F2CB75F16A9}.Release|x64.ActiveCfg = Release|Any CPU
		{C19276B9-F784-424F-A0D1-7F2CB75F16A9}.Release|x64.Build.0 = Release|Any CPU
		{C19276B9-F784-424F-A0D1-7F2CB75F16A9}.Release|x86.ActiveCfg = Release|Any CPU
		{C19276B9-F784-424F-A0D1-7F2CB75F16A9}.Release|x86.Build.0 = Release|Any CPU
		{802F7AF5-1864-45FB-9B46-D08313750850}.Debug|Any CPU.ActiveCfg = Debug|Any CPU
		{802F7AF5-1864-45FB-9B46-D08313750850}.Debug|Any CPU.Build.0 = Debug|Any CPU
		{802F7AF5-1864-45FB-9B46-D08313750850}.Debug|x64.ActiveCfg = Debug|Any CPU
		{802F7AF5-1864-45FB-9B46-D08313750850}.Debug|x64.Build.0 = Debug|Any CPU
		{802F7AF5-1864-45FB-9B46-D08313750850}.Debug|x86.ActiveCfg = Debug|Any CPU
		{802F7AF5-1864-45FB-9B46-D08313750850}.Debug|x86.Build.0 = Debug|Any CPU
		{802F7AF5-1864-45FB-9B46-D08313750850}.Release|Any CPU.ActiveCfg = Release|Any CPU
		{802F7AF5-1864-45FB-9B46-D08313750850}.Release|Any CPU.Build.0 = Release|Any CPU
		{802F7AF5-1864-45FB-9B46-D08313750850}.Release|x64.ActiveCfg = Release|Any CPU
		{802F7AF5-1864-45FB-9B46-D08313750850}.Release|x64.Build.0 = Release|Any CPU
		{802F7AF5-1864-45FB-9B46-D08313750850}.Release|x86.ActiveCfg = Release|Any CPU
		{802F7AF5-1864-45FB-9B46-D08313750850}.Release|x86.Build.0 = Release|Any CPU
		{E134E70C-9140-4CD1-8231-655AECE6608A}.Debug|Any CPU.ActiveCfg = Debug|Any CPU
		{E134E70C-9140-4CD1-8231-655AECE6608A}.Debug|Any CPU.Build.0 = Debug|Any CPU
		{E134E70C-9140-4CD1-8231-655AECE6608A}.Debug|x64.ActiveCfg = Debug|Any CPU
		{E134E70C-9140-4CD1-8231-655AECE6608A}.Debug|x64.Build.0 = Debug|Any CPU
		{E134E70C-9140-4CD1-8231-655AECE6608A}.Debug|x86.ActiveCfg = Debug|Any CPU
		{E134E70C-9140-4CD1-8231-655AECE6608A}.Debug|x86.Build.0 = Debug|Any CPU
		{E134E70C-9140-4CD1-8231-655AECE6608A}.Release|Any CPU.ActiveCfg = Release|Any CPU
		{E134E70C-9140-4CD1-8231-655AECE6608A}.Release|Any CPU.Build.0 = Release|Any CPU
		{E134E70C-9140-4CD1-8231-655AECE6608A}.Release|x64.ActiveCfg = Release|Any CPU
		{E134E70C-9140-4CD1-8231-655AECE6608A}.Release|x64.Build.0 = Release|Any CPU
		{E134E70C-9140-4CD1-8231-655AECE6608A}.Release|x86.ActiveCfg = Release|Any CPU
		{E134E70C-9140-4CD1-8231-655AECE6608A}.Release|x86.Build.0 = Release|Any CPU
		{D672D2F3-7CC8-477C-9406-969AB7509B4A}.Debug|Any CPU.ActiveCfg = Debug|Any CPU
		{D672D2F3-7CC8-477C-9406-969AB7509B4A}.Debug|Any CPU.Build.0 = Debug|Any CPU
		{D672D2F3-7CC8-477C-9406-969AB7509B4A}.Debug|x64.ActiveCfg = Debug|Any CPU
		{D672D2F3-7CC8-477C-9406-969AB7509B4A}.Debug|x64.Build.0 = Debug|Any CPU
		{D672D2F3-7CC8-477C-9406-969AB7509B4A}.Debug|x86.ActiveCfg = Debug|Any CPU
		{D672D2F3-7CC8-477C-9406-969AB7509B4A}.Debug|x86.Build.0 = Debug|Any CPU
		{D672D2F3-7CC8-477C-9406-969AB7509B4A}.Release|Any CPU.ActiveCfg = Release|Any CPU
		{D672D2F3-7CC8-477C-9406-969AB7509B4A}.Release|Any CPU.Build.0 = Release|Any CPU
		{D672D2F3-7CC8-477C-9406-969AB7509B4A}.Release|x64.ActiveCfg = Release|Any CPU
		{D672D2F3-7CC8-477C-9406-969AB7509B4A}.Release|x64.Build.0 = Release|Any CPU
		{D672D2F3-7CC8-477C-9406-969AB7509B4A}.Release|x86.ActiveCfg = Release|Any CPU
		{D672D2F3-7CC8-477C-9406-969AB7509B4A}.Release|x86.Build.0 = Release|Any CPU
		{78F262A9-1EA2-4678-A681-B95BF2B887FF}.Debug|Any CPU.ActiveCfg = Debug|Any CPU
		{78F262A9-1EA2-4678-A681-B95BF2B887FF}.Debug|Any CPU.Build.0 = Debug|Any CPU
		{78F262A9-1EA2-4678-A681-B95BF2B887FF}.Debug|x64.ActiveCfg = Debug|Any CPU
		{78F262A9-1EA2-4678-A681-B95BF2B887FF}.Debug|x64.Build.0 = Debug|Any CPU
		{78F262A9-1EA2-4678-A681-B95BF2B887FF}.Debug|x86.ActiveCfg = Debug|Any CPU
		{78F262A9-1EA2-4678-A681-B95BF2B887FF}.Debug|x86.Build.0 = Debug|Any CPU
		{78F262A9-1EA2-4678-A681-B95BF2B887FF}.Release|Any CPU.ActiveCfg = Release|Any CPU
		{78F262A9-1EA2-4678-A681-B95BF2B887FF}.Release|Any CPU.Build.0 = Release|Any CPU
		{78F262A9-1EA2-4678-A681-B95BF2B887FF}.Release|x64.ActiveCfg = Release|Any CPU
		{78F262A9-1EA2-4678-A681-B95BF2B887FF}.Release|x64.Build.0 = Release|Any CPU
		{78F262A9-1EA2-4678-A681-B95BF2B887FF}.Release|x86.ActiveCfg = Release|Any CPU
		{78F262A9-1EA2-4678-A681-B95BF2B887FF}.Release|x86.Build.0 = Release|Any CPU
		{5B51A58E-A82E-4F4F-A041-229AA75B5D91}.Debug|Any CPU.ActiveCfg = Debug|Any CPU
		{5B51A58E-A82E-4F4F-A041-229AA75B5D91}.Debug|Any CPU.Build.0 = Debug|Any CPU
		{5B51A58E-A82E-4F4F-A041-229AA75B5D91}.Debug|x64.ActiveCfg = Debug|Any CPU
		{5B51A58E-A82E-4F4F-A041-229AA75B5D91}.Debug|x64.Build.0 = Debug|Any CPU
		{5B51A58E-A82E-4F4F-A041-229AA75B5D91}.Debug|x86.ActiveCfg = Debug|Any CPU
		{5B51A58E-A82E-4F4F-A041-229AA75B5D91}.Debug|x86.Build.0 = Debug|Any CPU
		{5B51A58E-A82E-4F4F-A041-229AA75B5D91}.Release|Any CPU.ActiveCfg = Release|Any CPU
		{5B51A58E-A82E-4F4F-A041-229AA75B5D91}.Release|Any CPU.Build.0 = Release|Any CPU
		{5B51A58E-A82E-4F4F-A041-229AA75B5D91}.Release|x64.ActiveCfg = Release|Any CPU
		{5B51A58E-A82E-4F4F-A041-229AA75B5D91}.Release|x64.Build.0 = Release|Any CPU
		{5B51A58E-A82E-4F4F-A041-229AA75B5D91}.Release|x86.ActiveCfg = Release|Any CPU
		{5B51A58E-A82E-4F4F-A041-229AA75B5D91}.Release|x86.Build.0 = Release|Any CPU
		{F5B95F85-E77A-452D-822D-321C9DB03CD8}.Debug|Any CPU.ActiveCfg = Debug|Any CPU
		{F5B95F85-E77A-452D-822D-321C9DB03CD8}.Debug|Any CPU.Build.0 = Debug|Any CPU
		{F5B95F85-E77A-452D-822D-321C9DB03CD8}.Debug|x64.ActiveCfg = Debug|Any CPU
		{F5B95F85-E77A-452D-822D-321C9DB03CD8}.Debug|x64.Build.0 = Debug|Any CPU
		{F5B95F85-E77A-452D-822D-321C9DB03CD8}.Debug|x86.ActiveCfg = Debug|Any CPU
		{F5B95F85-E77A-452D-822D-321C9DB03CD8}.Debug|x86.Build.0 = Debug|Any CPU
		{F5B95F85-E77A-452D-822D-321C9DB03CD8}.Release|Any CPU.ActiveCfg = Release|Any CPU
		{F5B95F85-E77A-452D-822D-321C9DB03CD8}.Release|Any CPU.Build.0 = Release|Any CPU
		{F5B95F85-E77A-452D-822D-321C9DB03CD8}.Release|x64.ActiveCfg = Release|Any CPU
		{F5B95F85-E77A-452D-822D-321C9DB03CD8}.Release|x64.Build.0 = Release|Any CPU
		{F5B95F85-E77A-452D-822D-321C9DB03CD8}.Release|x86.ActiveCfg = Release|Any CPU
		{F5B95F85-E77A-452D-822D-321C9DB03CD8}.Release|x86.Build.0 = Release|Any CPU
		{D397986A-1515-4684-BF13-BAD92A87D191}.Debug|Any CPU.ActiveCfg = Debug|Any CPU
		{D397986A-1515-4684-BF13-BAD92A87D191}.Debug|Any CPU.Build.0 = Debug|Any CPU
		{D397986A-1515-4684-BF13-BAD92A87D191}.Debug|x64.ActiveCfg = Debug|Any CPU
		{D397986A-1515-4684-BF13-BAD92A87D191}.Debug|x64.Build.0 = Debug|Any CPU
		{D397986A-1515-4684-BF13-BAD92A87D191}.Debug|x86.ActiveCfg = Debug|Any CPU
		{D397986A-1515-4684-BF13-BAD92A87D191}.Debug|x86.Build.0 = Debug|Any CPU
		{D397986A-1515-4684-BF13-BAD92A87D191}.Release|Any CPU.ActiveCfg = Release|Any CPU
		{D397986A-1515-4684-BF13-BAD92A87D191}.Release|Any CPU.Build.0 = Release|Any CPU
		{D397986A-1515-4684-BF13-BAD92A87D191}.Release|x64.ActiveCfg = Release|Any CPU
		{D397986A-1515-4684-BF13-BAD92A87D191}.Release|x64.Build.0 = Release|Any CPU
		{D397986A-1515-4684-BF13-BAD92A87D191}.Release|x86.ActiveCfg = Release|Any CPU
		{D397986A-1515-4684-BF13-BAD92A87D191}.Release|x86.Build.0 = Release|Any CPU
		{24AFEC96-4CD1-4A8A-941E-A27C74578A31}.Debug|Any CPU.ActiveCfg = Debug|Any CPU
		{24AFEC96-4CD1-4A8A-941E-A27C74578A31}.Debug|Any CPU.Build.0 = Debug|Any CPU
		{24AFEC96-4CD1-4A8A-941E-A27C74578A31}.Debug|x64.ActiveCfg = Debug|Any CPU
		{24AFEC96-4CD1-4A8A-941E-A27C74578A31}.Debug|x64.Build.0 = Debug|Any CPU
		{24AFEC96-4CD1-4A8A-941E-A27C74578A31}.Debug|x86.ActiveCfg = Debug|Any CPU
		{24AFEC96-4CD1-4A8A-941E-A27C74578A31}.Debug|x86.Build.0 = Debug|Any CPU
		{24AFEC96-4CD1-4A8A-941E-A27C74578A31}.Release|Any CPU.ActiveCfg = Release|Any CPU
		{24AFEC96-4CD1-4A8A-941E-A27C74578A31}.Release|Any CPU.Build.0 = Release|Any CPU
		{24AFEC96-4CD1-4A8A-941E-A27C74578A31}.Release|x64.ActiveCfg = Release|Any CPU
		{24AFEC96-4CD1-4A8A-941E-A27C74578A31}.Release|x64.Build.0 = Release|Any CPU
		{24AFEC96-4CD1-4A8A-941E-A27C74578A31}.Release|x86.ActiveCfg = Release|Any CPU
		{24AFEC96-4CD1-4A8A-941E-A27C74578A31}.Release|x86.Build.0 = Release|Any CPU
		{5881BAF2-F7EF-4326-9F25-DB860F13A76E}.Debug|Any CPU.ActiveCfg = Debug|Any CPU
		{5881BAF2-F7EF-4326-9F25-DB860F13A76E}.Debug|Any CPU.Build.0 = Debug|Any CPU
		{5881BAF2-F7EF-4326-9F25-DB860F13A76E}.Debug|x64.ActiveCfg = Debug|Any CPU
		{5881BAF2-F7EF-4326-9F25-DB860F13A76E}.Debug|x64.Build.0 = Debug|Any CPU
		{5881BAF2-F7EF-4326-9F25-DB860F13A76E}.Debug|x86.ActiveCfg = Debug|Any CPU
		{5881BAF2-F7EF-4326-9F25-DB860F13A76E}.Debug|x86.Build.0 = Debug|Any CPU
		{5881BAF2-F7EF-4326-9F25-DB860F13A76E}.Release|Any CPU.ActiveCfg = Release|Any CPU
		{5881BAF2-F7EF-4326-9F25-DB860F13A76E}.Release|Any CPU.Build.0 = Release|Any CPU
		{5881BAF2-F7EF-4326-9F25-DB860F13A76E}.Release|x64.ActiveCfg = Release|Any CPU
		{5881BAF2-F7EF-4326-9F25-DB860F13A76E}.Release|x64.Build.0 = Release|Any CPU
		{5881BAF2-F7EF-4326-9F25-DB860F13A76E}.Release|x86.ActiveCfg = Release|Any CPU
		{5881BAF2-F7EF-4326-9F25-DB860F13A76E}.Release|x86.Build.0 = Release|Any CPU
		{F436322B-9AF0-47E8-8DB6-5FCAD007B626}.Debug|Any CPU.ActiveCfg = Debug|Any CPU
		{F436322B-9AF0-47E8-8DB6-5FCAD007B626}.Debug|Any CPU.Build.0 = Debug|Any CPU
		{F436322B-9AF0-47E8-8DB6-5FCAD007B626}.Debug|x64.ActiveCfg = Debug|Any CPU
		{F436322B-9AF0-47E8-8DB6-5FCAD007B626}.Debug|x64.Build.0 = Debug|Any CPU
		{F436322B-9AF0-47E8-8DB6-5FCAD007B626}.Debug|x86.ActiveCfg = Debug|Any CPU
		{F436322B-9AF0-47E8-8DB6-5FCAD007B626}.Debug|x86.Build.0 = Debug|Any CPU
		{F436322B-9AF0-47E8-8DB6-5FCAD007B626}.Release|Any CPU.ActiveCfg = Release|Any CPU
		{F436322B-9AF0-47E8-8DB6-5FCAD007B626}.Release|Any CPU.Build.0 = Release|Any CPU
		{F436322B-9AF0-47E8-8DB6-5FCAD007B626}.Release|x64.ActiveCfg = Release|Any CPU
		{F436322B-9AF0-47E8-8DB6-5FCAD007B626}.Release|x64.Build.0 = Release|Any CPU
		{F436322B-9AF0-47E8-8DB6-5FCAD007B626}.Release|x86.ActiveCfg = Release|Any CPU
		{F436322B-9AF0-47E8-8DB6-5FCAD007B626}.Release|x86.Build.0 = Release|Any CPU
		{471987E6-9AA6-404C-B843-180B1F424858}.Debug|Any CPU.ActiveCfg = Debug|Any CPU
		{471987E6-9AA6-404C-B843-180B1F424858}.Debug|Any CPU.Build.0 = Debug|Any CPU
		{471987E6-9AA6-404C-B843-180B1F424858}.Debug|x64.ActiveCfg = Debug|Any CPU
		{471987E6-9AA6-404C-B843-180B1F424858}.Debug|x64.Build.0 = Debug|Any CPU
		{471987E6-9AA6-404C-B843-180B1F424858}.Debug|x86.ActiveCfg = Debug|Any CPU
		{471987E6-9AA6-404C-B843-180B1F424858}.Debug|x86.Build.0 = Debug|Any CPU
		{471987E6-9AA6-404C-B843-180B1F424858}.Release|Any CPU.ActiveCfg = Release|Any CPU
		{471987E6-9AA6-404C-B843-180B1F424858}.Release|Any CPU.Build.0 = Release|Any CPU
		{471987E6-9AA6-404C-B843-180B1F424858}.Release|x64.ActiveCfg = Release|Any CPU
		{471987E6-9AA6-404C-B843-180B1F424858}.Release|x64.Build.0 = Release|Any CPU
		{471987E6-9AA6-404C-B843-180B1F424858}.Release|x86.ActiveCfg = Release|Any CPU
		{471987E6-9AA6-404C-B843-180B1F424858}.Release|x86.Build.0 = Release|Any CPU
		{E4949A70-7A6E-4D1E-8D86-399FF8198FDD}.Debug|Any CPU.ActiveCfg = Debug|Any CPU
		{E4949A70-7A6E-4D1E-8D86-399FF8198FDD}.Debug|Any CPU.Build.0 = Debug|Any CPU
		{E4949A70-7A6E-4D1E-8D86-399FF8198FDD}.Debug|x64.ActiveCfg = Debug|Any CPU
		{E4949A70-7A6E-4D1E-8D86-399FF8198FDD}.Debug|x64.Build.0 = Debug|Any CPU
		{E4949A70-7A6E-4D1E-8D86-399FF8198FDD}.Debug|x86.ActiveCfg = Debug|Any CPU
		{E4949A70-7A6E-4D1E-8D86-399FF8198FDD}.Debug|x86.Build.0 = Debug|Any CPU
		{E4949A70-7A6E-4D1E-8D86-399FF8198FDD}.Release|Any CPU.ActiveCfg = Release|Any CPU
		{E4949A70-7A6E-4D1E-8D86-399FF8198FDD}.Release|Any CPU.Build.0 = Release|Any CPU
		{E4949A70-7A6E-4D1E-8D86-399FF8198FDD}.Release|x64.ActiveCfg = Release|Any CPU
		{E4949A70-7A6E-4D1E-8D86-399FF8198FDD}.Release|x64.Build.0 = Release|Any CPU
		{E4949A70-7A6E-4D1E-8D86-399FF8198FDD}.Release|x86.ActiveCfg = Release|Any CPU
		{E4949A70-7A6E-4D1E-8D86-399FF8198FDD}.Release|x86.Build.0 = Release|Any CPU
	EndGlobalSection
	GlobalSection(SolutionProperties) = preSolution
		HideSolutionNode = FALSE
	EndGlobalSection
	GlobalSection(NestedProjects) = preSolution
		{E8161CE4-1535-4630-A1EC-A03B2E2A2EAE} = {88503AF2-B447-4DCB-9EEC-7BFD060D532C}
		{ED215A18-2B85-45FB-8879-3ADE61BE49D5} = {88503AF2-B447-4DCB-9EEC-7BFD060D532C}
		{ADB78CCE-F859-41EF-896D-3759783465E9} = {6140EE31-9271-4D28-A5A3-9521F01D5BD1}
		{00A04A96-C8CB-423E-BB8F-8B7FD4B43B9E} = {8B798FFD-C7A3-4488-B9DC-68032F34026F}
		{D104EF2E-5033-47DF-A46C-73652497C5FF} = {8B798FFD-C7A3-4488-B9DC-68032F34026F}
		{2E15B56B-9FAC-4988-904B-71EF7135CFC1} = {18A66334-599D-4740-9E8D-86AD0799DC7E}
		{41DB2289-20A6-4F69-9D50-9F71186DE790} = {599EC204-AA11-47D0-BC6D-E37F71486D91}
		{72AF8B02-C9A3-48DD-A996-D19F72D29E33} = {0B1FC8EE-951B-4732-9D14-9BAEC12F781B}
		{A48340B9-2D91-43F6-826B-3CDC0040059B} = {0B1FC8EE-951B-4732-9D14-9BAEC12F781B}
		{08F974C2-CD9F-4718-A56A-B305B4CFB41D} = {0B1FC8EE-951B-4732-9D14-9BAEC12F781B}
		{AF7374E1-9E77-4522-9324-DDB8E34164FF} = {0B1FC8EE-951B-4732-9D14-9BAEC12F781B}
		{3CBDE9B7-CED3-4EEA-BB25-023557C5F5C1} = {8B798FFD-C7A3-4488-B9DC-68032F34026F}
		{AC0C5740-7C53-460B-BA9E-1F8257199498} = {8B798FFD-C7A3-4488-B9DC-68032F34026F}
		{8678A6EB-3F5F-4792-9170-EBDE57403A7F} = {6140EE31-9271-4D28-A5A3-9521F01D5BD1}
		{84D7F80C-66A4-488B-B628-5714E078E386} = {DAB02522-56A0-462D-89B7-854985E57B07}
		{D87058C0-A3FF-4641-9283-A208B8B7210F} = {DAB02522-56A0-462D-89B7-854985E57B07}
		{4C176189-42A6-4250-A370-452810879DF4} = {DAB02522-56A0-462D-89B7-854985E57B07}
		{349EEAB1-2029-4D07-8703-7180E9621C9C} = {DAB02522-56A0-462D-89B7-854985E57B07}
		{D6CB3E0D-D556-41C2-A764-4564AA23A8DE} = {DAB02522-56A0-462D-89B7-854985E57B07}
		{24980C78-6A69-44E3-9CE4-339297770167} = {8B798FFD-C7A3-4488-B9DC-68032F34026F}
		{28420975-A77A-470B-82B1-4E488884CEFC} = {F684EC45-347F-40EC-8541-343B3FD6EAD5}
		{7EE39E13-5528-4872-88EB-2253FB0DFB4E} = {416246D2-967F-4176-B3BB-726D31661DEB}
		{9A21F099-DC42-4A0B-849E-C542D8039F86} = {416246D2-967F-4176-B3BB-726D31661DEB}
		{56CE075C-50A4-4303-8AB6-469124B4D78B} = {0DE51CFF-7326-4BAA-AB53-3E37B5D44792}
		{A4F6FA33-54CD-491D-A8BA-BB16240A12BB} = {0DE51CFF-7326-4BAA-AB53-3E37B5D44792}
		{22B5FE82-2FFB-4143-BD74-7118146B2B5B} = {0DE51CFF-7326-4BAA-AB53-3E37B5D44792}
		{C2E4C9F2-514A-4E2A-876C-286BBC190869} = {599EC204-AA11-47D0-BC6D-E37F71486D91}
		{5447F9BA-1C88-4143-8D8B-4478B3116BBE} = {599EC204-AA11-47D0-BC6D-E37F71486D91}
		{F2F28325-3CE2-4C8B-8E5C-DB1F2AE95FB6} = {599EC204-AA11-47D0-BC6D-E37F71486D91}
		{4CBEFF91-A58A-40DA-9ED3-9F5EA9EF6405} = {416246D2-967F-4176-B3BB-726D31661DEB}
		{19156051-4F3B-4C1C-95FE-A839996F85DE} = {2EE4B119-1E50-48A4-86F1-A0B9EA8A7EC4}
		{FC7FDA11-FF92-4F9A-87D1-3ABE854E03E4} = {2EE4B119-1E50-48A4-86F1-A0B9EA8A7EC4}
		{2624B66D-BBCC-4877-B55C-86EFADFEEF26} = {18A66334-599D-4740-9E8D-86AD0799DC7E}
		{4FF5D2E8-77ED-4394-BCC8-77A06D0241A2} = {5FD43B8F-F768-483D-8602-5C481943E785}
		{C6BB6BF4-8291-42F2-8F6C-99E6C39DE199} = {5FD43B8F-F768-483D-8602-5C481943E785}
		{E1E0C69F-5741-482F-AB7B-ECD9502869F9} = {18A66334-599D-4740-9E8D-86AD0799DC7E}
		{12F4E7C2-E7C3-4B20-9EE1-8213D90EC226} = {18A66334-599D-4740-9E8D-86AD0799DC7E}
		{5638BB18-94C8-493A-81C9-23C243C563E0} = {18A66334-599D-4740-9E8D-86AD0799DC7E}
		{8C989C33-447A-4FEC-A9DD-1E8114962AEE} = {18A66334-599D-4740-9E8D-86AD0799DC7E}
		{C19276B9-F784-424F-A0D1-7F2CB75F16A9} = {5D1F1EC4-9D36-4A40-A016-B381647EEBA6}
		{802F7AF5-1864-45FB-9B46-D08313750850} = {5D1F1EC4-9D36-4A40-A016-B381647EEBA6}
		{E134E70C-9140-4CD1-8231-655AECE6608A} = {5D1F1EC4-9D36-4A40-A016-B381647EEBA6}
		{D672D2F3-7CC8-477C-9406-969AB7509B4A} = {5D1F1EC4-9D36-4A40-A016-B381647EEBA6}
		{78F262A9-1EA2-4678-A681-B95BF2B887FF} = {18A66334-599D-4740-9E8D-86AD0799DC7E}
		{5B51A58E-A82E-4F4F-A041-229AA75B5D91} = {18A66334-599D-4740-9E8D-86AD0799DC7E}
		{F5B95F85-E77A-452D-822D-321C9DB03CD8} = {18A66334-599D-4740-9E8D-86AD0799DC7E}
		{D397986A-1515-4684-BF13-BAD92A87D191} = {18A66334-599D-4740-9E8D-86AD0799DC7E}
		{24AFEC96-4CD1-4A8A-941E-A27C74578A31} = {18A66334-599D-4740-9E8D-86AD0799DC7E}
		{5881BAF2-F7EF-4326-9F25-DB860F13A76E} = {18A66334-599D-4740-9E8D-86AD0799DC7E}
		{F436322B-9AF0-47E8-8DB6-5FCAD007B626} = {18A66334-599D-4740-9E8D-86AD0799DC7E}
		{471987E6-9AA6-404C-B843-180B1F424858} = {18A66334-599D-4740-9E8D-86AD0799DC7E}
		{E4949A70-7A6E-4D1E-8D86-399FF8198FDD} = {18A66334-599D-4740-9E8D-86AD0799DC7E}
	EndGlobalSection
	GlobalSection(ExtensibilityGlobals) = postSolution
		SolutionGuid = {6F48E9A7-1366-4AD7-B870-5DC3C142DDBE}
	EndGlobalSection
EndGlobal
