
Microsoft Visual Studio Solution File, Format Version 12.00
# Visual Studio Version 17
VisualStudioVersion = 17.0.31903.59
MinimumVisualStudioVersion = 10.0.40219.1
Project("{9A19103F-16F7-4668-BE54-9A1E7A4F7556}") = "AppWithPlugin", "AppWithPlugin\AppWithPlugin.csproj", "{356B13D3-7AE2-4876-B121-17904980A20D}"
EndProject
Project("{9A19103F-16F7-4668-BE54-9A1E7A4F7556}") = "PluginBase", "PluginBase\PluginBase.csproj", "{E82D5387-7184-4C40-AD4D-A66D11EF04F5}"
EndProject
Project("{9A19103F-16F7-4668-BE54-9A1E7A4F7556}") = "HelloPlugin", "HelloPlugin\HelloPlugin.csproj", "{264EDB53-6FC5-470C-B37C-B4EF47BEBE63}"
EndProject
Project("{FAE04EC0-301F-11D3-BF4B-00C04F79EFBC}") = "JsonPlugin", "JsonPlugin\JsonPlugin.csproj", "{AC793018-C73E-4526-9A75-1380138DC99A}"
EndProject
Project("{FAE04EC0-301F-11D3-BF4B-00C04F79EFBC}") = "OldJsonPlugin", "OldJsonPlugin\OldJsonPlugin.csproj", "{814ABCDB-A354-42DB-A11F-6AE4FB0A1FD5}"
EndProject
Global
	GlobalSection(SolutionConfigurationPlatforms) = preSolution
		Debug|Any CPU = Debug|Any CPU
		Release|Any CPU = Release|Any CPU
	EndGlobalSection
	GlobalSection(ProjectConfigurationPlatforms) = postSolution
		{356B13D3-7AE2-4876-B121-17904980A20D}.Debug|Any CPU.ActiveCfg = Debug|Any CPU
		{356B13D3-7AE2-4876-B121-17904980A20D}.Debug|Any CPU.Build.0 = Debug|Any CPU
		{356B13D3-7AE2-4876-B121-17904980A20D}.Release|Any CPU.ActiveCfg = Release|Any CPU
		{356B13D3-7AE2-4876-B121-17904980A20D}.Release|Any CPU.Build.0 = Release|Any CPU
		{E82D5387-7184-4C40-AD4D-A66D11EF04F5}.Debug|Any CPU.ActiveCfg = Debug|Any CPU
		{E82D5387-7184-4C40-AD4D-A66D11EF04F5}.Debug|Any CPU.Build.0 = Debug|Any CPU
		{E82D5387-7184-4C40-AD4D-A66D11EF04F5}.Release|Any CPU.ActiveCfg = Release|Any CPU
		{E82D5387-7184-4C40-AD4D-A66D11EF04F5}.Release|Any CPU.Build.0 = Release|Any CPU
		{264EDB53-6FC5-470C-B37C-B4EF47BEBE63}.Debug|Any CPU.ActiveCfg = Debug|Any CPU
		{264EDB53-6FC5-470C-B37C-B4EF47BEBE63}.Debug|Any CPU.Build.0 = Debug|Any CPU
		{264EDB53-6FC5-470C-B37C-B4EF47BEBE63}.Release|Any CPU.ActiveCfg = Release|Any CPU
		{264EDB53-6FC5-470C-B37C-B4EF47BEBE63}.Release|Any CPU.Build.0 = Release|Any CPU
		{AC793018-C73E-4526-9A75-1380138DC99A}.Debug|Any CPU.ActiveCfg = Debug|Any CPU
		{AC793018-C73E-4526-9A75-1380138DC99A}.Debug|Any CPU.Build.0 = Debug|Any CPU
		{AC793018-C73E-4526-9A75-1380138DC99A}.Release|Any CPU.ActiveCfg = Release|Any CPU
		{AC793018-C73E-4526-9A75-1380138DC99A}.Release|Any CPU.Build.0 = Release|Any CPU
		{814ABCDB-A354-42DB-A11F-6AE4FB0A1FD5}.Debug|Any CPU.ActiveCfg = Debug|Any CPU
		{814ABCDB-A354-42DB-A11F-6AE4FB0A1FD5}.Debug|Any CPU.Build.0 = Debug|Any CPU
		{814ABCDB-A354-42DB-A11F-6AE4FB0A1FD5}.Release|Any CPU.ActiveCfg = Release|Any CPU
		{814ABCDB-A354-42DB-A11F-6AE4FB0A1FD5}.Release|Any CPU.Build.0 = Release|Any CPU
	EndGlobalSection
	GlobalSection(SolutionProperties) = preSolution
		HideSolutionNode = FALSE
	EndGlobalSection
EndGlobal
